
Microsoft Visual Studio Solution File, Format Version 12.00
# Visual Studio 14
VisualStudioVersion = 14.0.25420.1
MinimumVisualStudioVersion = 10.0.40219.1
Project("{2150E333-8FDC-42A3-9474-1A3956D46DE8}") = "API", "API", "{C59705EF-9138-4B22-85D7-C53F8A0349B6}"
EndProject
Project("{2150E333-8FDC-42A3-9474-1A3956D46DE8}") = "Service", "Service", "{8B7B62AB-1972-4F4F-BDBE-A4BFD766D7A7}"
EndProject
Project("{2150E333-8FDC-42A3-9474-1A3956D46DE8}") = "UI", "UI", "{85C6C535-605F-49CA-8110-D82694C7C365}"
EndProject
Project("{2150E333-8FDC-42A3-9474-1A3956D46DE8}") = "Data", "Data", "{2D971E59-2668-4923-93FF-4603E81EDF25}"
EndProject
Project("{FAE04EC0-301F-11D3-BF4B-00C04F79EFBC}") = "Keebee.AAT.Operations.Service", "API\Keebee.AAT.Operations.Service\Keebee.AAT.Operations.Service.csproj", "{B68B64DA-0945-4963-A12F-3D2017AE442E}"
EndProject
Project("{FAE04EC0-301F-11D3-BF4B-00C04F79EFBC}") = "Keebee.AAT.DataAccess.Tests", "Data\Keebee.AAT.DataAccess.Tests\Keebee.AAT.DataAccess.Tests.csproj", "{CDD47213-A6B9-4775-970E-94DA0EB82A1C}"
EndProject
Project("{FAE04EC0-301F-11D3-BF4B-00C04F79EFBC}") = "Keebee.AAT.Operations", "API\Keebee.AAT.Operations\Keebee.AAT.Operations.csproj", "{3AC95208-1C93-4C6E-9930-9269AB37CAFC}"
EndProject
Project("{FAE04EC0-301F-11D3-BF4B-00C04F79EFBC}") = "Keebee.AAT.Simulator", "UI\Keebee.AAT.Simulator\Keebee.AAT.Simulator.csproj", "{EAF7B543-C296-4A5D-B788-CF0103F0E071}"
EndProject
Project("{FAE04EC0-301F-11D3-BF4B-00C04F79EFBC}") = "Keebee.AAT.StateMachineService", "Service\Keebee.AAT.StateMachineService\Keebee.AAT.StateMachineService.csproj", "{D9844A6F-9496-47FD-80D7-835C1523DE14}"
EndProject
Project("{FAE04EC0-301F-11D3-BF4B-00C04F79EFBC}") = "Keebee.AAT.PhidgetService", "Service\Keebee.AAT.PhidgetService\Keebee.AAT.PhidgetService.csproj", "{94E82EF7-EEC2-48AF-9BFD-89EB27D48F6B}"
EndProject
Project("{2150E333-8FDC-42A3-9474-1A3956D46DE8}") = "Shared", "Shared", "{BCD47783-6762-4B9D-965C-8E0C677E76C3}"
EndProject
Project("{FAE04EC0-301F-11D3-BF4B-00C04F79EFBC}") = "Keebee.AAT.MessageQueuing", "Shared\Keebee.AAT.MessageQueuing\Keebee.AAT.MessageQueuing.csproj", "{84A25D9A-4747-4B69-9C79-5C23210530D2}"
EndProject
Project("{FAE04EC0-301F-11D3-BF4B-00C04F79EFBC}") = "Keebee.AAT.ServiceModels", "Service\Keebee.AAT.ServiceModels\Keebee.AAT.ServiceModels.csproj", "{82737D92-92C4-4B74-B9A8-94FBFBA1251E}"
EndProject
Project("{FAE04EC0-301F-11D3-BF4B-00C04F79EFBC}") = "Keebee.AAT.PhidgetMonitor", "UI\Keebee.AAT.PhidgetMonitor\Keebee.AAT.PhidgetMonitor.csproj", "{E84127D7-D75E-4D5F-801E-1732D27FA05D}"
EndProject
Project("{2150E333-8FDC-42A3-9474-1A3956D46DE8}") = "WebUI", "WebUI", "{9350B422-7BC9-490D-8CDB-ED2473917269}"
EndProject
Project("{FAE04EC0-301F-11D3-BF4B-00C04F79EFBC}") = "Keebee.AAT.BusinessRules", "WebUI\Keebee.AAT.BusinessRules\Keebee.AAT.BusinessRules.csproj", "{8B0E0633-3BE9-470C-8C3C-EA2960650194}"
EndProject
Project("{2150E333-8FDC-42A3-9474-1A3956D46DE8}") = "ScheduledTasks", "ScheduledTasks", "{18A17A42-AECF-4D5D-AA23-B7F2BE9297DC}"
EndProject
Project("{FAE04EC0-301F-11D3-BF4B-00C04F79EFBC}") = "Keebee.AAT.SystemEventLogging", "Shared\Keebee.AAT.SystemEventLogging\Keebee.AAT.SystemEventLogging.csproj", "{6F0A1AEF-997E-4355-BB38-A4ACF6710EDF}"
EndProject
Project("{FAE04EC0-301F-11D3-BF4B-00C04F79EFBC}") = "Keebee.AAT.Exporting", "Shared\Keebee.AAT.Exporting\Keebee.AAT.Exporting.csproj", "{97CA2119-5977-4DE5-9C91-A64D97CB9035}"
EndProject
Project("{FAE04EC0-301F-11D3-BF4B-00C04F79EFBC}") = "Keebee.AAT.Shared", "Shared\Keebee.AAT.Shared\Keebee.AAT.Shared.csproj", "{3CB12AF2-7655-46F6-9969-990730F73964}"
EndProject
Project("{FAE04EC0-301F-11D3-BF4B-00C04F79EFBC}") = "Keebee.AAT.KeepIISAliveService", "Service\Keebee.AAT.KeepIISAliveService\Keebee.AAT.KeepIISAliveService.csproj", "{C95B4D0D-9958-4DE7-A5E6-5B8A0014770B}"
EndProject
Project("{FAE04EC0-301F-11D3-BF4B-00C04F79EFBC}") = "Keebee.AAT.VideoCaptureService", "Service\Keebee.AAT.VideoCaptureService\Keebee.AAT.VideoCaptureService.csproj", "{96322255-AA50-47C9-B83B-1EFF8FA67A17}"
EndProject
Project("{FAE04EC0-301F-11D3-BF4B-00C04F79EFBC}") = "Keebee.AAT.EventLogExporter", "ScheduledTasks\Keebee.AAT.EventLogExporter\Keebee.AAT.EventLogExporter.csproj", "{B5DC518F-F074-4634-8321-AE8CC1D337F4}"
EndProject
Project("{FAE04EC0-301F-11D3-BF4B-00C04F79EFBC}") = "Keebee.AAT.DisplayLauncher", "UI\Keebee.AAT.DisplayLauncher\Keebee.AAT.DisplayLauncher.csproj", "{6A9E6D58-AD98-4490-A75F-9965666D1E4C}"
EndProject
Project("{FAE04EC0-301F-11D3-BF4B-00C04F79EFBC}") = "Keebee.AAT.Backup", "ScheduledTasks\Keebee.AAT.Backup\Keebee.AAT.Backup.csproj", "{9EB45A92-C12C-4DB1-8628-5393851B40B1}"
EndProject
Project("{FAE04EC0-301F-11D3-BF4B-00C04F79EFBC}") = "Keebee.AAT.BluetoothBeaconWatcherService", "Service\Keebee.AAT.BluetoothBeaconWatcherService\Keebee.AAT.BluetoothBeaconWatcherService.csproj", "{8CD92AA2-DA12-42C7-A94D-9AA12F08EDDA}"
EndProject
Project("{FAE04EC0-301F-11D3-BF4B-00C04F79EFBC}") = "Keebee.AAT.BeaconMonitor", "UI\Keebee.AAT.BeaconMonitor\Keebee.AAT.BeaconMonitor.csproj", "{AF253241-5AEE-427D-BF99-1FE5C418E95A}"
EndProject
Project("{2150E333-8FDC-42A3-9474-1A3956D46DE8}") = "APIClient", "APIClient", "{30616322-066B-4FDC-9C52-F433133B1675}"
EndProject
Project("{FAE04EC0-301F-11D3-BF4B-00C04F79EFBC}") = "Keebee.AAT.ApiClient", "APIClient\Keebee.AAT.ApiClient\Keebee.AAT.ApiClient.csproj", "{A1F90F14-BC01-4EF8-9B3E-A7FE4B1B7F9F}"
EndProject
Project("{FAE04EC0-301F-11D3-BF4B-00C04F79EFBC}") = "Keebee.AAT.ApiClientTests", "APIClient\Keebee.AAT.ApiClientTests\Keebee.AAT.ApiClientTests.csproj", "{9EE958DD-C9A6-4239-9586-88C2CB0F22A8}"
EndProject
Project("{FAE04EC0-301F-11D3-BF4B-00C04F79EFBC}") = "Keebee.AAT.VideoCaptureFileCleanup", "ScheduledTasks\Keebee.AAT.VideoCaptureFileCleanup\Keebee.AAT.VideoCaptureFileCleanup.csproj", "{4BA91070-F7FA-48C6-86BC-2A48ABD16D1C}"
EndProject
Project("{FAE04EC0-301F-11D3-BF4B-00C04F79EFBC}") = "Keebee.AAT.Display", "UI\Keebee.AAT.Display\Keebee.AAT.Display.csproj", "{DAA088AD-0B58-4C46-BB93-4F99DC34787A}"
EndProject
Project("{FAE04EC0-301F-11D3-BF4B-00C04F79EFBC}") = "Keebee.AAT.Administrator", "WebUI\Keebee.AAT.Administrator\Keebee.AAT.Administrator.csproj", "{F70ADA08-B376-4430-B947-0B2560485B73}"
EndProject
Project("{FAE04EC0-301F-11D3-BF4B-00C04F79EFBC}") = "Keebee.AAT.ThumbnailGeneration", "Shared\Keebee.AAT.ThumbnailGeneration\Keebee.AAT.ThumbnailGeneration.csproj", "{B1653A19-0702-450C-AD9D-8D6BED9D3FF5}"
EndProject
Project("{FAE04EC0-301F-11D3-BF4B-00C04F79EFBC}") = "Keebee.AAT.DataAccess", "Data\Keebee.AAT.DataAccess\Keebee.AAT.DataAccess.csproj", "{33BC51A2-2564-4F61-9454-D6F51DFC0FDF}"
EndProject
Project("{2150E333-8FDC-42A3-9474-1A3956D46DE8}") = "Thumbnail", "Thumbnail", "{E00FDE2F-093A-4A55-9E9C-978907F91855}"
EndProject
Project("{FAE04EC0-301F-11D3-BF4B-00C04F79EFBC}") = "Keebee.AAT.GenerateThumbnails", "Thumbnail\Keebee.AAT.GenerateThumbnails\Keebee.AAT.GenerateThumbnails.csproj", "{A1E1C871-E5A4-4A10-B2B6-4216BDEE4DA8}"
EndProject
Global
	GlobalSection(SolutionConfigurationPlatforms) = preSolution
		CD_ROM|Any CPU = CD_ROM|Any CPU
		CD_ROM|ARM = CD_ROM|ARM
		CD_ROM|x64 = CD_ROM|x64
		CD_ROM|x86 = CD_ROM|x86
		Debug|Any CPU = Debug|Any CPU
		Debug|ARM = Debug|ARM
		Debug|x64 = Debug|x64
		Debug|x86 = Debug|x86
		DVD-5|Any CPU = DVD-5|Any CPU
		DVD-5|ARM = DVD-5|ARM
		DVD-5|x64 = DVD-5|x64
		DVD-5|x86 = DVD-5|x86
		Release|Any CPU = Release|Any CPU
		Release|ARM = Release|ARM
		Release|x64 = Release|x64
		Release|x86 = Release|x86
		SingleImage|Any CPU = SingleImage|Any CPU
		SingleImage|ARM = SingleImage|ARM
		SingleImage|x64 = SingleImage|x64
		SingleImage|x86 = SingleImage|x86
	EndGlobalSection
	GlobalSection(ProjectConfigurationPlatforms) = postSolution
		{B68B64DA-0945-4963-A12F-3D2017AE442E}.CD_ROM|Any CPU.ActiveCfg = Release|Any CPU
		{B68B64DA-0945-4963-A12F-3D2017AE442E}.CD_ROM|Any CPU.Build.0 = Release|Any CPU
		{B68B64DA-0945-4963-A12F-3D2017AE442E}.CD_ROM|ARM.ActiveCfg = Debug|Any CPU
		{B68B64DA-0945-4963-A12F-3D2017AE442E}.CD_ROM|ARM.Build.0 = Debug|Any CPU
		{B68B64DA-0945-4963-A12F-3D2017AE442E}.CD_ROM|x64.ActiveCfg = Debug|Any CPU
		{B68B64DA-0945-4963-A12F-3D2017AE442E}.CD_ROM|x64.Build.0 = Debug|Any CPU
		{B68B64DA-0945-4963-A12F-3D2017AE442E}.CD_ROM|x86.ActiveCfg = Debug|Any CPU
		{B68B64DA-0945-4963-A12F-3D2017AE442E}.Debug|Any CPU.ActiveCfg = Debug|Any CPU
		{B68B64DA-0945-4963-A12F-3D2017AE442E}.Debug|Any CPU.Build.0 = Debug|Any CPU
		{B68B64DA-0945-4963-A12F-3D2017AE442E}.Debug|ARM.ActiveCfg = Debug|Any CPU
		{B68B64DA-0945-4963-A12F-3D2017AE442E}.Debug|ARM.Build.0 = Debug|Any CPU
		{B68B64DA-0945-4963-A12F-3D2017AE442E}.Debug|x64.ActiveCfg = Debug|Any CPU
		{B68B64DA-0945-4963-A12F-3D2017AE442E}.Debug|x64.Build.0 = Debug|Any CPU
		{B68B64DA-0945-4963-A12F-3D2017AE442E}.Debug|x86.ActiveCfg = Debug|Any CPU
		{B68B64DA-0945-4963-A12F-3D2017AE442E}.DVD-5|Any CPU.ActiveCfg = Debug|Any CPU
		{B68B64DA-0945-4963-A12F-3D2017AE442E}.DVD-5|Any CPU.Build.0 = Debug|Any CPU
		{B68B64DA-0945-4963-A12F-3D2017AE442E}.DVD-5|ARM.ActiveCfg = Debug|Any CPU
		{B68B64DA-0945-4963-A12F-3D2017AE442E}.DVD-5|ARM.Build.0 = Debug|Any CPU
		{B68B64DA-0945-4963-A12F-3D2017AE442E}.DVD-5|x64.ActiveCfg = Debug|Any CPU
		{B68B64DA-0945-4963-A12F-3D2017AE442E}.DVD-5|x64.Build.0 = Debug|Any CPU
		{B68B64DA-0945-4963-A12F-3D2017AE442E}.DVD-5|x86.ActiveCfg = Debug|Any CPU
		{B68B64DA-0945-4963-A12F-3D2017AE442E}.Release|Any CPU.ActiveCfg = Release|Any CPU
		{B68B64DA-0945-4963-A12F-3D2017AE442E}.Release|Any CPU.Build.0 = Release|Any CPU
		{B68B64DA-0945-4963-A12F-3D2017AE442E}.Release|ARM.ActiveCfg = Release|Any CPU
		{B68B64DA-0945-4963-A12F-3D2017AE442E}.Release|ARM.Build.0 = Release|Any CPU
		{B68B64DA-0945-4963-A12F-3D2017AE442E}.Release|x64.ActiveCfg = Release|Any CPU
		{B68B64DA-0945-4963-A12F-3D2017AE442E}.Release|x64.Build.0 = Release|Any CPU
		{B68B64DA-0945-4963-A12F-3D2017AE442E}.Release|x86.ActiveCfg = Release|Any CPU
		{B68B64DA-0945-4963-A12F-3D2017AE442E}.SingleImage|Any CPU.ActiveCfg = Release|Any CPU
		{B68B64DA-0945-4963-A12F-3D2017AE442E}.SingleImage|Any CPU.Build.0 = Release|Any CPU
		{B68B64DA-0945-4963-A12F-3D2017AE442E}.SingleImage|ARM.ActiveCfg = Debug|Any CPU
		{B68B64DA-0945-4963-A12F-3D2017AE442E}.SingleImage|ARM.Build.0 = Debug|Any CPU
		{B68B64DA-0945-4963-A12F-3D2017AE442E}.SingleImage|x64.ActiveCfg = Debug|Any CPU
		{B68B64DA-0945-4963-A12F-3D2017AE442E}.SingleImage|x64.Build.0 = Debug|Any CPU
		{B68B64DA-0945-4963-A12F-3D2017AE442E}.SingleImage|x86.ActiveCfg = Debug|Any CPU
		{CDD47213-A6B9-4775-970E-94DA0EB82A1C}.CD_ROM|Any CPU.ActiveCfg = Release|Any CPU
		{CDD47213-A6B9-4775-970E-94DA0EB82A1C}.CD_ROM|Any CPU.Build.0 = Release|Any CPU
		{CDD47213-A6B9-4775-970E-94DA0EB82A1C}.CD_ROM|ARM.ActiveCfg = Debug|Any CPU
		{CDD47213-A6B9-4775-970E-94DA0EB82A1C}.CD_ROM|ARM.Build.0 = Debug|Any CPU
		{CDD47213-A6B9-4775-970E-94DA0EB82A1C}.CD_ROM|x64.ActiveCfg = Debug|Any CPU
		{CDD47213-A6B9-4775-970E-94DA0EB82A1C}.CD_ROM|x64.Build.0 = Debug|Any CPU
		{CDD47213-A6B9-4775-970E-94DA0EB82A1C}.CD_ROM|x86.ActiveCfg = Debug|Any CPU
		{CDD47213-A6B9-4775-970E-94DA0EB82A1C}.Debug|Any CPU.ActiveCfg = Debug|Any CPU
		{CDD47213-A6B9-4775-970E-94DA0EB82A1C}.Debug|Any CPU.Build.0 = Debug|Any CPU
		{CDD47213-A6B9-4775-970E-94DA0EB82A1C}.Debug|ARM.ActiveCfg = Debug|Any CPU
		{CDD47213-A6B9-4775-970E-94DA0EB82A1C}.Debug|ARM.Build.0 = Debug|Any CPU
		{CDD47213-A6B9-4775-970E-94DA0EB82A1C}.Debug|x64.ActiveCfg = Debug|Any CPU
		{CDD47213-A6B9-4775-970E-94DA0EB82A1C}.Debug|x64.Build.0 = Debug|Any CPU
		{CDD47213-A6B9-4775-970E-94DA0EB82A1C}.Debug|x86.ActiveCfg = Debug|Any CPU
		{CDD47213-A6B9-4775-970E-94DA0EB82A1C}.DVD-5|Any CPU.ActiveCfg = Debug|Any CPU
		{CDD47213-A6B9-4775-970E-94DA0EB82A1C}.DVD-5|Any CPU.Build.0 = Debug|Any CPU
		{CDD47213-A6B9-4775-970E-94DA0EB82A1C}.DVD-5|ARM.ActiveCfg = Debug|Any CPU
		{CDD47213-A6B9-4775-970E-94DA0EB82A1C}.DVD-5|ARM.Build.0 = Debug|Any CPU
		{CDD47213-A6B9-4775-970E-94DA0EB82A1C}.DVD-5|x64.ActiveCfg = Debug|Any CPU
		{CDD47213-A6B9-4775-970E-94DA0EB82A1C}.DVD-5|x64.Build.0 = Debug|Any CPU
		{CDD47213-A6B9-4775-970E-94DA0EB82A1C}.DVD-5|x86.ActiveCfg = Debug|Any CPU
		{CDD47213-A6B9-4775-970E-94DA0EB82A1C}.Release|Any CPU.ActiveCfg = Release|Any CPU
		{CDD47213-A6B9-4775-970E-94DA0EB82A1C}.Release|Any CPU.Build.0 = Release|Any CPU
		{CDD47213-A6B9-4775-970E-94DA0EB82A1C}.Release|ARM.ActiveCfg = Release|Any CPU
		{CDD47213-A6B9-4775-970E-94DA0EB82A1C}.Release|ARM.Build.0 = Release|Any CPU
		{CDD47213-A6B9-4775-970E-94DA0EB82A1C}.Release|x64.ActiveCfg = Release|Any CPU
		{CDD47213-A6B9-4775-970E-94DA0EB82A1C}.Release|x64.Build.0 = Release|Any CPU
		{CDD47213-A6B9-4775-970E-94DA0EB82A1C}.Release|x86.ActiveCfg = Release|Any CPU
		{CDD47213-A6B9-4775-970E-94DA0EB82A1C}.SingleImage|Any CPU.ActiveCfg = Release|Any CPU
		{CDD47213-A6B9-4775-970E-94DA0EB82A1C}.SingleImage|Any CPU.Build.0 = Release|Any CPU
		{CDD47213-A6B9-4775-970E-94DA0EB82A1C}.SingleImage|ARM.ActiveCfg = Debug|Any CPU
		{CDD47213-A6B9-4775-970E-94DA0EB82A1C}.SingleImage|ARM.Build.0 = Debug|Any CPU
		{CDD47213-A6B9-4775-970E-94DA0EB82A1C}.SingleImage|x64.ActiveCfg = Debug|Any CPU
		{CDD47213-A6B9-4775-970E-94DA0EB82A1C}.SingleImage|x64.Build.0 = Debug|Any CPU
		{CDD47213-A6B9-4775-970E-94DA0EB82A1C}.SingleImage|x86.ActiveCfg = Debug|Any CPU
		{3AC95208-1C93-4C6E-9930-9269AB37CAFC}.CD_ROM|Any CPU.ActiveCfg = Release|Any CPU
		{3AC95208-1C93-4C6E-9930-9269AB37CAFC}.CD_ROM|Any CPU.Build.0 = Release|Any CPU
		{3AC95208-1C93-4C6E-9930-9269AB37CAFC}.CD_ROM|ARM.ActiveCfg = Debug|Any CPU
		{3AC95208-1C93-4C6E-9930-9269AB37CAFC}.CD_ROM|ARM.Build.0 = Debug|Any CPU
		{3AC95208-1C93-4C6E-9930-9269AB37CAFC}.CD_ROM|x64.ActiveCfg = Debug|Any CPU
		{3AC95208-1C93-4C6E-9930-9269AB37CAFC}.CD_ROM|x64.Build.0 = Debug|Any CPU
		{3AC95208-1C93-4C6E-9930-9269AB37CAFC}.CD_ROM|x86.ActiveCfg = Debug|Any CPU
		{3AC95208-1C93-4C6E-9930-9269AB37CAFC}.Debug|Any CPU.ActiveCfg = Debug|Any CPU
		{3AC95208-1C93-4C6E-9930-9269AB37CAFC}.Debug|Any CPU.Build.0 = Debug|Any CPU
		{3AC95208-1C93-4C6E-9930-9269AB37CAFC}.Debug|ARM.ActiveCfg = Debug|Any CPU
		{3AC95208-1C93-4C6E-9930-9269AB37CAFC}.Debug|ARM.Build.0 = Debug|Any CPU
		{3AC95208-1C93-4C6E-9930-9269AB37CAFC}.Debug|x64.ActiveCfg = Debug|Any CPU
		{3AC95208-1C93-4C6E-9930-9269AB37CAFC}.Debug|x64.Build.0 = Debug|Any CPU
		{3AC95208-1C93-4C6E-9930-9269AB37CAFC}.Debug|x86.ActiveCfg = Debug|Any CPU
		{3AC95208-1C93-4C6E-9930-9269AB37CAFC}.DVD-5|Any CPU.ActiveCfg = Debug|Any CPU
		{3AC95208-1C93-4C6E-9930-9269AB37CAFC}.DVD-5|Any CPU.Build.0 = Debug|Any CPU
		{3AC95208-1C93-4C6E-9930-9269AB37CAFC}.DVD-5|ARM.ActiveCfg = Debug|Any CPU
		{3AC95208-1C93-4C6E-9930-9269AB37CAFC}.DVD-5|ARM.Build.0 = Debug|Any CPU
		{3AC95208-1C93-4C6E-9930-9269AB37CAFC}.DVD-5|x64.ActiveCfg = Debug|Any CPU
		{3AC95208-1C93-4C6E-9930-9269AB37CAFC}.DVD-5|x64.Build.0 = Debug|Any CPU
		{3AC95208-1C93-4C6E-9930-9269AB37CAFC}.DVD-5|x86.ActiveCfg = Debug|Any CPU
		{3AC95208-1C93-4C6E-9930-9269AB37CAFC}.Release|Any CPU.ActiveCfg = Release|Any CPU
		{3AC95208-1C93-4C6E-9930-9269AB37CAFC}.Release|Any CPU.Build.0 = Release|Any CPU
		{3AC95208-1C93-4C6E-9930-9269AB37CAFC}.Release|ARM.ActiveCfg = Release|Any CPU
		{3AC95208-1C93-4C6E-9930-9269AB37CAFC}.Release|ARM.Build.0 = Release|Any CPU
		{3AC95208-1C93-4C6E-9930-9269AB37CAFC}.Release|x64.ActiveCfg = Release|Any CPU
		{3AC95208-1C93-4C6E-9930-9269AB37CAFC}.Release|x64.Build.0 = Release|Any CPU
		{3AC95208-1C93-4C6E-9930-9269AB37CAFC}.Release|x86.ActiveCfg = Release|Any CPU
		{3AC95208-1C93-4C6E-9930-9269AB37CAFC}.SingleImage|Any CPU.ActiveCfg = Release|Any CPU
		{3AC95208-1C93-4C6E-9930-9269AB37CAFC}.SingleImage|Any CPU.Build.0 = Release|Any CPU
		{3AC95208-1C93-4C6E-9930-9269AB37CAFC}.SingleImage|ARM.ActiveCfg = Debug|Any CPU
		{3AC95208-1C93-4C6E-9930-9269AB37CAFC}.SingleImage|ARM.Build.0 = Debug|Any CPU
		{3AC95208-1C93-4C6E-9930-9269AB37CAFC}.SingleImage|x64.ActiveCfg = Debug|Any CPU
		{3AC95208-1C93-4C6E-9930-9269AB37CAFC}.SingleImage|x64.Build.0 = Debug|Any CPU
		{3AC95208-1C93-4C6E-9930-9269AB37CAFC}.SingleImage|x86.ActiveCfg = Debug|Any CPU
		{EAF7B543-C296-4A5D-B788-CF0103F0E071}.CD_ROM|Any CPU.ActiveCfg = Release|Any CPU
		{EAF7B543-C296-4A5D-B788-CF0103F0E071}.CD_ROM|Any CPU.Build.0 = Release|Any CPU
		{EAF7B543-C296-4A5D-B788-CF0103F0E071}.CD_ROM|ARM.ActiveCfg = Debug|Any CPU
		{EAF7B543-C296-4A5D-B788-CF0103F0E071}.CD_ROM|ARM.Build.0 = Debug|Any CPU
		{EAF7B543-C296-4A5D-B788-CF0103F0E071}.CD_ROM|x64.ActiveCfg = Debug|Any CPU
		{EAF7B543-C296-4A5D-B788-CF0103F0E071}.CD_ROM|x64.Build.0 = Debug|Any CPU
		{EAF7B543-C296-4A5D-B788-CF0103F0E071}.CD_ROM|x86.ActiveCfg = Debug|Any CPU
		{EAF7B543-C296-4A5D-B788-CF0103F0E071}.Debug|Any CPU.ActiveCfg = Debug|Any CPU
		{EAF7B543-C296-4A5D-B788-CF0103F0E071}.Debug|Any CPU.Build.0 = Debug|Any CPU
		{EAF7B543-C296-4A5D-B788-CF0103F0E071}.Debug|ARM.ActiveCfg = Debug|Any CPU
		{EAF7B543-C296-4A5D-B788-CF0103F0E071}.Debug|ARM.Build.0 = Debug|Any CPU
		{EAF7B543-C296-4A5D-B788-CF0103F0E071}.Debug|x64.ActiveCfg = Debug|Any CPU
		{EAF7B543-C296-4A5D-B788-CF0103F0E071}.Debug|x64.Build.0 = Debug|Any CPU
		{EAF7B543-C296-4A5D-B788-CF0103F0E071}.Debug|x86.ActiveCfg = Debug|Any CPU
		{EAF7B543-C296-4A5D-B788-CF0103F0E071}.DVD-5|Any CPU.ActiveCfg = Debug|Any CPU
		{EAF7B543-C296-4A5D-B788-CF0103F0E071}.DVD-5|Any CPU.Build.0 = Debug|Any CPU
		{EAF7B543-C296-4A5D-B788-CF0103F0E071}.DVD-5|ARM.ActiveCfg = Debug|Any CPU
		{EAF7B543-C296-4A5D-B788-CF0103F0E071}.DVD-5|ARM.Build.0 = Debug|Any CPU
		{EAF7B543-C296-4A5D-B788-CF0103F0E071}.DVD-5|x64.ActiveCfg = Debug|Any CPU
		{EAF7B543-C296-4A5D-B788-CF0103F0E071}.DVD-5|x64.Build.0 = Debug|Any CPU
		{EAF7B543-C296-4A5D-B788-CF0103F0E071}.DVD-5|x86.ActiveCfg = Debug|Any CPU
		{EAF7B543-C296-4A5D-B788-CF0103F0E071}.Release|Any CPU.ActiveCfg = Release|Any CPU
		{EAF7B543-C296-4A5D-B788-CF0103F0E071}.Release|Any CPU.Build.0 = Release|Any CPU
		{EAF7B543-C296-4A5D-B788-CF0103F0E071}.Release|ARM.ActiveCfg = Release|Any CPU
		{EAF7B543-C296-4A5D-B788-CF0103F0E071}.Release|ARM.Build.0 = Release|Any CPU
		{EAF7B543-C296-4A5D-B788-CF0103F0E071}.Release|x64.ActiveCfg = Release|Any CPU
		{EAF7B543-C296-4A5D-B788-CF0103F0E071}.Release|x64.Build.0 = Release|Any CPU
		{EAF7B543-C296-4A5D-B788-CF0103F0E071}.Release|x86.ActiveCfg = Release|Any CPU
		{EAF7B543-C296-4A5D-B788-CF0103F0E071}.SingleImage|Any CPU.ActiveCfg = Release|Any CPU
		{EAF7B543-C296-4A5D-B788-CF0103F0E071}.SingleImage|Any CPU.Build.0 = Release|Any CPU
		{EAF7B543-C296-4A5D-B788-CF0103F0E071}.SingleImage|ARM.ActiveCfg = Debug|Any CPU
		{EAF7B543-C296-4A5D-B788-CF0103F0E071}.SingleImage|ARM.Build.0 = Debug|Any CPU
		{EAF7B543-C296-4A5D-B788-CF0103F0E071}.SingleImage|x64.ActiveCfg = Debug|Any CPU
		{EAF7B543-C296-4A5D-B788-CF0103F0E071}.SingleImage|x64.Build.0 = Debug|Any CPU
		{EAF7B543-C296-4A5D-B788-CF0103F0E071}.SingleImage|x86.ActiveCfg = Debug|Any CPU
		{D9844A6F-9496-47FD-80D7-835C1523DE14}.CD_ROM|Any CPU.ActiveCfg = Release|Any CPU
		{D9844A6F-9496-47FD-80D7-835C1523DE14}.CD_ROM|Any CPU.Build.0 = Release|Any CPU
		{D9844A6F-9496-47FD-80D7-835C1523DE14}.CD_ROM|ARM.ActiveCfg = Debug|Any CPU
		{D9844A6F-9496-47FD-80D7-835C1523DE14}.CD_ROM|ARM.Build.0 = Debug|Any CPU
		{D9844A6F-9496-47FD-80D7-835C1523DE14}.CD_ROM|x64.ActiveCfg = Debug|Any CPU
		{D9844A6F-9496-47FD-80D7-835C1523DE14}.CD_ROM|x64.Build.0 = Debug|Any CPU
		{D9844A6F-9496-47FD-80D7-835C1523DE14}.CD_ROM|x86.ActiveCfg = Debug|Any CPU
		{D9844A6F-9496-47FD-80D7-835C1523DE14}.Debug|Any CPU.ActiveCfg = Debug|Any CPU
		{D9844A6F-9496-47FD-80D7-835C1523DE14}.Debug|Any CPU.Build.0 = Debug|Any CPU
		{D9844A6F-9496-47FD-80D7-835C1523DE14}.Debug|ARM.ActiveCfg = Debug|Any CPU
		{D9844A6F-9496-47FD-80D7-835C1523DE14}.Debug|ARM.Build.0 = Debug|Any CPU
		{D9844A6F-9496-47FD-80D7-835C1523DE14}.Debug|x64.ActiveCfg = Debug|Any CPU
		{D9844A6F-9496-47FD-80D7-835C1523DE14}.Debug|x64.Build.0 = Debug|Any CPU
		{D9844A6F-9496-47FD-80D7-835C1523DE14}.Debug|x86.ActiveCfg = Debug|Any CPU
		{D9844A6F-9496-47FD-80D7-835C1523DE14}.DVD-5|Any CPU.ActiveCfg = Debug|Any CPU
		{D9844A6F-9496-47FD-80D7-835C1523DE14}.DVD-5|Any CPU.Build.0 = Debug|Any CPU
		{D9844A6F-9496-47FD-80D7-835C1523DE14}.DVD-5|ARM.ActiveCfg = Debug|Any CPU
		{D9844A6F-9496-47FD-80D7-835C1523DE14}.DVD-5|ARM.Build.0 = Debug|Any CPU
		{D9844A6F-9496-47FD-80D7-835C1523DE14}.DVD-5|x64.ActiveCfg = Debug|Any CPU
		{D9844A6F-9496-47FD-80D7-835C1523DE14}.DVD-5|x64.Build.0 = Debug|Any CPU
		{D9844A6F-9496-47FD-80D7-835C1523DE14}.DVD-5|x86.ActiveCfg = Debug|Any CPU
		{D9844A6F-9496-47FD-80D7-835C1523DE14}.Release|Any CPU.ActiveCfg = Release|Any CPU
		{D9844A6F-9496-47FD-80D7-835C1523DE14}.Release|Any CPU.Build.0 = Release|Any CPU
		{D9844A6F-9496-47FD-80D7-835C1523DE14}.Release|ARM.ActiveCfg = Release|Any CPU
		{D9844A6F-9496-47FD-80D7-835C1523DE14}.Release|ARM.Build.0 = Release|Any CPU
		{D9844A6F-9496-47FD-80D7-835C1523DE14}.Release|x64.ActiveCfg = Release|Any CPU
		{D9844A6F-9496-47FD-80D7-835C1523DE14}.Release|x64.Build.0 = Release|Any CPU
		{D9844A6F-9496-47FD-80D7-835C1523DE14}.Release|x86.ActiveCfg = Release|Any CPU
		{D9844A6F-9496-47FD-80D7-835C1523DE14}.SingleImage|Any CPU.ActiveCfg = Release|Any CPU
		{D9844A6F-9496-47FD-80D7-835C1523DE14}.SingleImage|Any CPU.Build.0 = Release|Any CPU
		{D9844A6F-9496-47FD-80D7-835C1523DE14}.SingleImage|ARM.ActiveCfg = Debug|Any CPU
		{D9844A6F-9496-47FD-80D7-835C1523DE14}.SingleImage|ARM.Build.0 = Debug|Any CPU
		{D9844A6F-9496-47FD-80D7-835C1523DE14}.SingleImage|x64.ActiveCfg = Debug|Any CPU
		{D9844A6F-9496-47FD-80D7-835C1523DE14}.SingleImage|x64.Build.0 = Debug|Any CPU
		{D9844A6F-9496-47FD-80D7-835C1523DE14}.SingleImage|x86.ActiveCfg = Debug|Any CPU
		{94E82EF7-EEC2-48AF-9BFD-89EB27D48F6B}.CD_ROM|Any CPU.ActiveCfg = Release|Any CPU
		{94E82EF7-EEC2-48AF-9BFD-89EB27D48F6B}.CD_ROM|Any CPU.Build.0 = Release|Any CPU
		{94E82EF7-EEC2-48AF-9BFD-89EB27D48F6B}.CD_ROM|ARM.ActiveCfg = Debug|Any CPU
		{94E82EF7-EEC2-48AF-9BFD-89EB27D48F6B}.CD_ROM|ARM.Build.0 = Debug|Any CPU
		{94E82EF7-EEC2-48AF-9BFD-89EB27D48F6B}.CD_ROM|x64.ActiveCfg = Debug|Any CPU
		{94E82EF7-EEC2-48AF-9BFD-89EB27D48F6B}.CD_ROM|x64.Build.0 = Debug|Any CPU
		{94E82EF7-EEC2-48AF-9BFD-89EB27D48F6B}.CD_ROM|x86.ActiveCfg = Debug|Any CPU
		{94E82EF7-EEC2-48AF-9BFD-89EB27D48F6B}.Debug|Any CPU.ActiveCfg = Debug|Any CPU
		{94E82EF7-EEC2-48AF-9BFD-89EB27D48F6B}.Debug|Any CPU.Build.0 = Debug|Any CPU
		{94E82EF7-EEC2-48AF-9BFD-89EB27D48F6B}.Debug|ARM.ActiveCfg = Debug|Any CPU
		{94E82EF7-EEC2-48AF-9BFD-89EB27D48F6B}.Debug|ARM.Build.0 = Debug|Any CPU
		{94E82EF7-EEC2-48AF-9BFD-89EB27D48F6B}.Debug|x64.ActiveCfg = Debug|Any CPU
		{94E82EF7-EEC2-48AF-9BFD-89EB27D48F6B}.Debug|x64.Build.0 = Debug|Any CPU
		{94E82EF7-EEC2-48AF-9BFD-89EB27D48F6B}.Debug|x86.ActiveCfg = Debug|Any CPU
		{94E82EF7-EEC2-48AF-9BFD-89EB27D48F6B}.DVD-5|Any CPU.ActiveCfg = Debug|Any CPU
		{94E82EF7-EEC2-48AF-9BFD-89EB27D48F6B}.DVD-5|Any CPU.Build.0 = Debug|Any CPU
		{94E82EF7-EEC2-48AF-9BFD-89EB27D48F6B}.DVD-5|ARM.ActiveCfg = Debug|Any CPU
		{94E82EF7-EEC2-48AF-9BFD-89EB27D48F6B}.DVD-5|ARM.Build.0 = Debug|Any CPU
		{94E82EF7-EEC2-48AF-9BFD-89EB27D48F6B}.DVD-5|x64.ActiveCfg = Debug|Any CPU
		{94E82EF7-EEC2-48AF-9BFD-89EB27D48F6B}.DVD-5|x64.Build.0 = Debug|Any CPU
		{94E82EF7-EEC2-48AF-9BFD-89EB27D48F6B}.DVD-5|x86.ActiveCfg = Debug|Any CPU
		{94E82EF7-EEC2-48AF-9BFD-89EB27D48F6B}.Release|Any CPU.ActiveCfg = Release|Any CPU
		{94E82EF7-EEC2-48AF-9BFD-89EB27D48F6B}.Release|Any CPU.Build.0 = Release|Any CPU
		{94E82EF7-EEC2-48AF-9BFD-89EB27D48F6B}.Release|ARM.ActiveCfg = Release|Any CPU
		{94E82EF7-EEC2-48AF-9BFD-89EB27D48F6B}.Release|ARM.Build.0 = Release|Any CPU
		{94E82EF7-EEC2-48AF-9BFD-89EB27D48F6B}.Release|x64.ActiveCfg = Release|Any CPU
		{94E82EF7-EEC2-48AF-9BFD-89EB27D48F6B}.Release|x64.Build.0 = Release|Any CPU
		{94E82EF7-EEC2-48AF-9BFD-89EB27D48F6B}.Release|x86.ActiveCfg = Release|Any CPU
		{94E82EF7-EEC2-48AF-9BFD-89EB27D48F6B}.SingleImage|Any CPU.ActiveCfg = Release|Any CPU
		{94E82EF7-EEC2-48AF-9BFD-89EB27D48F6B}.SingleImage|Any CPU.Build.0 = Release|Any CPU
		{94E82EF7-EEC2-48AF-9BFD-89EB27D48F6B}.SingleImage|ARM.ActiveCfg = Debug|Any CPU
		{94E82EF7-EEC2-48AF-9BFD-89EB27D48F6B}.SingleImage|ARM.Build.0 = Debug|Any CPU
		{94E82EF7-EEC2-48AF-9BFD-89EB27D48F6B}.SingleImage|x64.ActiveCfg = Debug|Any CPU
		{94E82EF7-EEC2-48AF-9BFD-89EB27D48F6B}.SingleImage|x64.Build.0 = Debug|Any CPU
		{94E82EF7-EEC2-48AF-9BFD-89EB27D48F6B}.SingleImage|x86.ActiveCfg = Debug|Any CPU
		{84A25D9A-4747-4B69-9C79-5C23210530D2}.CD_ROM|Any CPU.ActiveCfg = Release|Any CPU
		{84A25D9A-4747-4B69-9C79-5C23210530D2}.CD_ROM|Any CPU.Build.0 = Release|Any CPU
		{84A25D9A-4747-4B69-9C79-5C23210530D2}.CD_ROM|ARM.ActiveCfg = Debug|Any CPU
		{84A25D9A-4747-4B69-9C79-5C23210530D2}.CD_ROM|ARM.Build.0 = Debug|Any CPU
		{84A25D9A-4747-4B69-9C79-5C23210530D2}.CD_ROM|x64.ActiveCfg = Debug|Any CPU
		{84A25D9A-4747-4B69-9C79-5C23210530D2}.CD_ROM|x64.Build.0 = Debug|Any CPU
		{84A25D9A-4747-4B69-9C79-5C23210530D2}.CD_ROM|x86.ActiveCfg = Debug|Any CPU
		{84A25D9A-4747-4B69-9C79-5C23210530D2}.Debug|Any CPU.ActiveCfg = Debug|Any CPU
		{84A25D9A-4747-4B69-9C79-5C23210530D2}.Debug|Any CPU.Build.0 = Debug|Any CPU
		{84A25D9A-4747-4B69-9C79-5C23210530D2}.Debug|ARM.ActiveCfg = Debug|Any CPU
		{84A25D9A-4747-4B69-9C79-5C23210530D2}.Debug|ARM.Build.0 = Debug|Any CPU
		{84A25D9A-4747-4B69-9C79-5C23210530D2}.Debug|x64.ActiveCfg = Debug|Any CPU
		{84A25D9A-4747-4B69-9C79-5C23210530D2}.Debug|x64.Build.0 = Debug|Any CPU
		{84A25D9A-4747-4B69-9C79-5C23210530D2}.Debug|x86.ActiveCfg = Debug|Any CPU
		{84A25D9A-4747-4B69-9C79-5C23210530D2}.DVD-5|Any CPU.ActiveCfg = Debug|Any CPU
		{84A25D9A-4747-4B69-9C79-5C23210530D2}.DVD-5|Any CPU.Build.0 = Debug|Any CPU
		{84A25D9A-4747-4B69-9C79-5C23210530D2}.DVD-5|ARM.ActiveCfg = Debug|Any CPU
		{84A25D9A-4747-4B69-9C79-5C23210530D2}.DVD-5|ARM.Build.0 = Debug|Any CPU
		{84A25D9A-4747-4B69-9C79-5C23210530D2}.DVD-5|x64.ActiveCfg = Debug|Any CPU
		{84A25D9A-4747-4B69-9C79-5C23210530D2}.DVD-5|x64.Build.0 = Debug|Any CPU
		{84A25D9A-4747-4B69-9C79-5C23210530D2}.DVD-5|x86.ActiveCfg = Debug|Any CPU
		{84A25D9A-4747-4B69-9C79-5C23210530D2}.Release|Any CPU.ActiveCfg = Release|Any CPU
		{84A25D9A-4747-4B69-9C79-5C23210530D2}.Release|Any CPU.Build.0 = Release|Any CPU
		{84A25D9A-4747-4B69-9C79-5C23210530D2}.Release|ARM.ActiveCfg = Release|Any CPU
		{84A25D9A-4747-4B69-9C79-5C23210530D2}.Release|ARM.Build.0 = Release|Any CPU
		{84A25D9A-4747-4B69-9C79-5C23210530D2}.Release|x64.ActiveCfg = Release|Any CPU
		{84A25D9A-4747-4B69-9C79-5C23210530D2}.Release|x64.Build.0 = Release|Any CPU
		{84A25D9A-4747-4B69-9C79-5C23210530D2}.Release|x86.ActiveCfg = Release|Any CPU
		{84A25D9A-4747-4B69-9C79-5C23210530D2}.SingleImage|Any CPU.ActiveCfg = Release|Any CPU
		{84A25D9A-4747-4B69-9C79-5C23210530D2}.SingleImage|Any CPU.Build.0 = Release|Any CPU
		{84A25D9A-4747-4B69-9C79-5C23210530D2}.SingleImage|ARM.ActiveCfg = Debug|Any CPU
		{84A25D9A-4747-4B69-9C79-5C23210530D2}.SingleImage|ARM.Build.0 = Debug|Any CPU
		{84A25D9A-4747-4B69-9C79-5C23210530D2}.SingleImage|x64.ActiveCfg = Debug|Any CPU
		{84A25D9A-4747-4B69-9C79-5C23210530D2}.SingleImage|x64.Build.0 = Debug|Any CPU
		{84A25D9A-4747-4B69-9C79-5C23210530D2}.SingleImage|x86.ActiveCfg = Debug|Any CPU
		{82737D92-92C4-4B74-B9A8-94FBFBA1251E}.CD_ROM|Any CPU.ActiveCfg = Release|Any CPU
		{82737D92-92C4-4B74-B9A8-94FBFBA1251E}.CD_ROM|Any CPU.Build.0 = Release|Any CPU
		{82737D92-92C4-4B74-B9A8-94FBFBA1251E}.CD_ROM|ARM.ActiveCfg = Debug|Any CPU
		{82737D92-92C4-4B74-B9A8-94FBFBA1251E}.CD_ROM|ARM.Build.0 = Debug|Any CPU
		{82737D92-92C4-4B74-B9A8-94FBFBA1251E}.CD_ROM|x64.ActiveCfg = Debug|Any CPU
		{82737D92-92C4-4B74-B9A8-94FBFBA1251E}.CD_ROM|x64.Build.0 = Debug|Any CPU
		{82737D92-92C4-4B74-B9A8-94FBFBA1251E}.CD_ROM|x86.ActiveCfg = Debug|Any CPU
		{82737D92-92C4-4B74-B9A8-94FBFBA1251E}.Debug|Any CPU.ActiveCfg = Debug|Any CPU
		{82737D92-92C4-4B74-B9A8-94FBFBA1251E}.Debug|Any CPU.Build.0 = Debug|Any CPU
		{82737D92-92C4-4B74-B9A8-94FBFBA1251E}.Debug|ARM.ActiveCfg = Debug|Any CPU
		{82737D92-92C4-4B74-B9A8-94FBFBA1251E}.Debug|ARM.Build.0 = Debug|Any CPU
		{82737D92-92C4-4B74-B9A8-94FBFBA1251E}.Debug|x64.ActiveCfg = Debug|Any CPU
		{82737D92-92C4-4B74-B9A8-94FBFBA1251E}.Debug|x64.Build.0 = Debug|Any CPU
		{82737D92-92C4-4B74-B9A8-94FBFBA1251E}.Debug|x86.ActiveCfg = Debug|Any CPU
		{82737D92-92C4-4B74-B9A8-94FBFBA1251E}.DVD-5|Any CPU.ActiveCfg = Debug|Any CPU
		{82737D92-92C4-4B74-B9A8-94FBFBA1251E}.DVD-5|Any CPU.Build.0 = Debug|Any CPU
		{82737D92-92C4-4B74-B9A8-94FBFBA1251E}.DVD-5|ARM.ActiveCfg = Debug|Any CPU
		{82737D92-92C4-4B74-B9A8-94FBFBA1251E}.DVD-5|ARM.Build.0 = Debug|Any CPU
		{82737D92-92C4-4B74-B9A8-94FBFBA1251E}.DVD-5|x64.ActiveCfg = Debug|Any CPU
		{82737D92-92C4-4B74-B9A8-94FBFBA1251E}.DVD-5|x64.Build.0 = Debug|Any CPU
		{82737D92-92C4-4B74-B9A8-94FBFBA1251E}.DVD-5|x86.ActiveCfg = Debug|Any CPU
		{82737D92-92C4-4B74-B9A8-94FBFBA1251E}.Release|Any CPU.ActiveCfg = Release|Any CPU
		{82737D92-92C4-4B74-B9A8-94FBFBA1251E}.Release|Any CPU.Build.0 = Release|Any CPU
		{82737D92-92C4-4B74-B9A8-94FBFBA1251E}.Release|ARM.ActiveCfg = Release|Any CPU
		{82737D92-92C4-4B74-B9A8-94FBFBA1251E}.Release|ARM.Build.0 = Release|Any CPU
		{82737D92-92C4-4B74-B9A8-94FBFBA1251E}.Release|x64.ActiveCfg = Release|Any CPU
		{82737D92-92C4-4B74-B9A8-94FBFBA1251E}.Release|x64.Build.0 = Release|Any CPU
		{82737D92-92C4-4B74-B9A8-94FBFBA1251E}.Release|x86.ActiveCfg = Release|Any CPU
		{82737D92-92C4-4B74-B9A8-94FBFBA1251E}.SingleImage|Any CPU.ActiveCfg = Release|Any CPU
		{82737D92-92C4-4B74-B9A8-94FBFBA1251E}.SingleImage|Any CPU.Build.0 = Release|Any CPU
		{82737D92-92C4-4B74-B9A8-94FBFBA1251E}.SingleImage|ARM.ActiveCfg = Debug|Any CPU
		{82737D92-92C4-4B74-B9A8-94FBFBA1251E}.SingleImage|ARM.Build.0 = Debug|Any CPU
		{82737D92-92C4-4B74-B9A8-94FBFBA1251E}.SingleImage|x64.ActiveCfg = Debug|Any CPU
		{82737D92-92C4-4B74-B9A8-94FBFBA1251E}.SingleImage|x64.Build.0 = Debug|Any CPU
		{82737D92-92C4-4B74-B9A8-94FBFBA1251E}.SingleImage|x86.ActiveCfg = Debug|Any CPU
		{E84127D7-D75E-4D5F-801E-1732D27FA05D}.CD_ROM|Any CPU.ActiveCfg = Release|Any CPU
		{E84127D7-D75E-4D5F-801E-1732D27FA05D}.CD_ROM|Any CPU.Build.0 = Release|Any CPU
		{E84127D7-D75E-4D5F-801E-1732D27FA05D}.CD_ROM|ARM.ActiveCfg = Debug|Any CPU
		{E84127D7-D75E-4D5F-801E-1732D27FA05D}.CD_ROM|ARM.Build.0 = Debug|Any CPU
		{E84127D7-D75E-4D5F-801E-1732D27FA05D}.CD_ROM|x64.ActiveCfg = Debug|Any CPU
		{E84127D7-D75E-4D5F-801E-1732D27FA05D}.CD_ROM|x64.Build.0 = Debug|Any CPU
		{E84127D7-D75E-4D5F-801E-1732D27FA05D}.CD_ROM|x86.ActiveCfg = Debug|Any CPU
		{E84127D7-D75E-4D5F-801E-1732D27FA05D}.Debug|Any CPU.ActiveCfg = Debug|Any CPU
		{E84127D7-D75E-4D5F-801E-1732D27FA05D}.Debug|Any CPU.Build.0 = Debug|Any CPU
		{E84127D7-D75E-4D5F-801E-1732D27FA05D}.Debug|ARM.ActiveCfg = Debug|Any CPU
		{E84127D7-D75E-4D5F-801E-1732D27FA05D}.Debug|ARM.Build.0 = Debug|Any CPU
		{E84127D7-D75E-4D5F-801E-1732D27FA05D}.Debug|x64.ActiveCfg = Debug|Any CPU
		{E84127D7-D75E-4D5F-801E-1732D27FA05D}.Debug|x64.Build.0 = Debug|Any CPU
		{E84127D7-D75E-4D5F-801E-1732D27FA05D}.Debug|x86.ActiveCfg = Debug|Any CPU
		{E84127D7-D75E-4D5F-801E-1732D27FA05D}.DVD-5|Any CPU.ActiveCfg = Debug|Any CPU
		{E84127D7-D75E-4D5F-801E-1732D27FA05D}.DVD-5|Any CPU.Build.0 = Debug|Any CPU
		{E84127D7-D75E-4D5F-801E-1732D27FA05D}.DVD-5|ARM.ActiveCfg = Debug|Any CPU
		{E84127D7-D75E-4D5F-801E-1732D27FA05D}.DVD-5|ARM.Build.0 = Debug|Any CPU
		{E84127D7-D75E-4D5F-801E-1732D27FA05D}.DVD-5|x64.ActiveCfg = Debug|Any CPU
		{E84127D7-D75E-4D5F-801E-1732D27FA05D}.DVD-5|x64.Build.0 = Debug|Any CPU
		{E84127D7-D75E-4D5F-801E-1732D27FA05D}.DVD-5|x86.ActiveCfg = Debug|Any CPU
		{E84127D7-D75E-4D5F-801E-1732D27FA05D}.Release|Any CPU.ActiveCfg = Release|Any CPU
		{E84127D7-D75E-4D5F-801E-1732D27FA05D}.Release|Any CPU.Build.0 = Release|Any CPU
		{E84127D7-D75E-4D5F-801E-1732D27FA05D}.Release|ARM.ActiveCfg = Release|Any CPU
		{E84127D7-D75E-4D5F-801E-1732D27FA05D}.Release|ARM.Build.0 = Release|Any CPU
		{E84127D7-D75E-4D5F-801E-1732D27FA05D}.Release|x64.ActiveCfg = Release|Any CPU
		{E84127D7-D75E-4D5F-801E-1732D27FA05D}.Release|x64.Build.0 = Release|Any CPU
		{E84127D7-D75E-4D5F-801E-1732D27FA05D}.Release|x86.ActiveCfg = Release|Any CPU
		{E84127D7-D75E-4D5F-801E-1732D27FA05D}.SingleImage|Any CPU.ActiveCfg = Release|Any CPU
		{E84127D7-D75E-4D5F-801E-1732D27FA05D}.SingleImage|Any CPU.Build.0 = Release|Any CPU
		{E84127D7-D75E-4D5F-801E-1732D27FA05D}.SingleImage|ARM.ActiveCfg = Debug|Any CPU
		{E84127D7-D75E-4D5F-801E-1732D27FA05D}.SingleImage|ARM.Build.0 = Debug|Any CPU
		{E84127D7-D75E-4D5F-801E-1732D27FA05D}.SingleImage|x64.ActiveCfg = Debug|Any CPU
		{E84127D7-D75E-4D5F-801E-1732D27FA05D}.SingleImage|x64.Build.0 = Debug|Any CPU
		{E84127D7-D75E-4D5F-801E-1732D27FA05D}.SingleImage|x86.ActiveCfg = Debug|Any CPU
		{8B0E0633-3BE9-470C-8C3C-EA2960650194}.CD_ROM|Any CPU.ActiveCfg = Release|Any CPU
		{8B0E0633-3BE9-470C-8C3C-EA2960650194}.CD_ROM|Any CPU.Build.0 = Release|Any CPU
		{8B0E0633-3BE9-470C-8C3C-EA2960650194}.CD_ROM|ARM.ActiveCfg = Debug|Any CPU
		{8B0E0633-3BE9-470C-8C3C-EA2960650194}.CD_ROM|ARM.Build.0 = Debug|Any CPU
		{8B0E0633-3BE9-470C-8C3C-EA2960650194}.CD_ROM|x64.ActiveCfg = Debug|Any CPU
		{8B0E0633-3BE9-470C-8C3C-EA2960650194}.CD_ROM|x64.Build.0 = Debug|Any CPU
		{8B0E0633-3BE9-470C-8C3C-EA2960650194}.CD_ROM|x86.ActiveCfg = Release|Any CPU
		{8B0E0633-3BE9-470C-8C3C-EA2960650194}.CD_ROM|x86.Build.0 = Release|Any CPU
		{8B0E0633-3BE9-470C-8C3C-EA2960650194}.Debug|Any CPU.ActiveCfg = Debug|Any CPU
		{8B0E0633-3BE9-470C-8C3C-EA2960650194}.Debug|Any CPU.Build.0 = Debug|Any CPU
		{8B0E0633-3BE9-470C-8C3C-EA2960650194}.Debug|ARM.ActiveCfg = Debug|Any CPU
		{8B0E0633-3BE9-470C-8C3C-EA2960650194}.Debug|ARM.Build.0 = Debug|Any CPU
		{8B0E0633-3BE9-470C-8C3C-EA2960650194}.Debug|x64.ActiveCfg = Debug|Any CPU
		{8B0E0633-3BE9-470C-8C3C-EA2960650194}.Debug|x64.Build.0 = Debug|Any CPU
		{8B0E0633-3BE9-470C-8C3C-EA2960650194}.Debug|x86.ActiveCfg = Debug|Any CPU
		{8B0E0633-3BE9-470C-8C3C-EA2960650194}.Debug|x86.Build.0 = Debug|Any CPU
		{8B0E0633-3BE9-470C-8C3C-EA2960650194}.DVD-5|Any CPU.ActiveCfg = Debug|Any CPU
		{8B0E0633-3BE9-470C-8C3C-EA2960650194}.DVD-5|Any CPU.Build.0 = Debug|Any CPU
		{8B0E0633-3BE9-470C-8C3C-EA2960650194}.DVD-5|ARM.ActiveCfg = Debug|Any CPU
		{8B0E0633-3BE9-470C-8C3C-EA2960650194}.DVD-5|ARM.Build.0 = Debug|Any CPU
		{8B0E0633-3BE9-470C-8C3C-EA2960650194}.DVD-5|x64.ActiveCfg = Debug|Any CPU
		{8B0E0633-3BE9-470C-8C3C-EA2960650194}.DVD-5|x64.Build.0 = Debug|Any CPU
		{8B0E0633-3BE9-470C-8C3C-EA2960650194}.DVD-5|x86.ActiveCfg = Debug|Any CPU
		{8B0E0633-3BE9-470C-8C3C-EA2960650194}.DVD-5|x86.Build.0 = Debug|Any CPU
		{8B0E0633-3BE9-470C-8C3C-EA2960650194}.Release|Any CPU.ActiveCfg = Release|Any CPU
		{8B0E0633-3BE9-470C-8C3C-EA2960650194}.Release|Any CPU.Build.0 = Release|Any CPU
		{8B0E0633-3BE9-470C-8C3C-EA2960650194}.Release|ARM.ActiveCfg = Release|Any CPU
		{8B0E0633-3BE9-470C-8C3C-EA2960650194}.Release|ARM.Build.0 = Release|Any CPU
		{8B0E0633-3BE9-470C-8C3C-EA2960650194}.Release|x64.ActiveCfg = Release|Any CPU
		{8B0E0633-3BE9-470C-8C3C-EA2960650194}.Release|x64.Build.0 = Release|Any CPU
		{8B0E0633-3BE9-470C-8C3C-EA2960650194}.Release|x86.ActiveCfg = Release|Any CPU
		{8B0E0633-3BE9-470C-8C3C-EA2960650194}.Release|x86.Build.0 = Release|Any CPU
		{8B0E0633-3BE9-470C-8C3C-EA2960650194}.SingleImage|Any CPU.ActiveCfg = Release|Any CPU
		{8B0E0633-3BE9-470C-8C3C-EA2960650194}.SingleImage|Any CPU.Build.0 = Release|Any CPU
		{8B0E0633-3BE9-470C-8C3C-EA2960650194}.SingleImage|ARM.ActiveCfg = Debug|Any CPU
		{8B0E0633-3BE9-470C-8C3C-EA2960650194}.SingleImage|ARM.Build.0 = Debug|Any CPU
		{8B0E0633-3BE9-470C-8C3C-EA2960650194}.SingleImage|x64.ActiveCfg = Debug|Any CPU
		{8B0E0633-3BE9-470C-8C3C-EA2960650194}.SingleImage|x64.Build.0 = Debug|Any CPU
		{8B0E0633-3BE9-470C-8C3C-EA2960650194}.SingleImage|x86.ActiveCfg = Release|Any CPU
		{8B0E0633-3BE9-470C-8C3C-EA2960650194}.SingleImage|x86.Build.0 = Release|Any CPU
		{6F0A1AEF-997E-4355-BB38-A4ACF6710EDF}.CD_ROM|Any CPU.ActiveCfg = Release|Any CPU
		{6F0A1AEF-997E-4355-BB38-A4ACF6710EDF}.CD_ROM|Any CPU.Build.0 = Release|Any CPU
		{6F0A1AEF-997E-4355-BB38-A4ACF6710EDF}.CD_ROM|ARM.ActiveCfg = Debug|Any CPU
		{6F0A1AEF-997E-4355-BB38-A4ACF6710EDF}.CD_ROM|ARM.Build.0 = Debug|Any CPU
		{6F0A1AEF-997E-4355-BB38-A4ACF6710EDF}.CD_ROM|x64.ActiveCfg = Debug|Any CPU
		{6F0A1AEF-997E-4355-BB38-A4ACF6710EDF}.CD_ROM|x64.Build.0 = Debug|Any CPU
		{6F0A1AEF-997E-4355-BB38-A4ACF6710EDF}.CD_ROM|x86.ActiveCfg = Release|Any CPU
		{6F0A1AEF-997E-4355-BB38-A4ACF6710EDF}.CD_ROM|x86.Build.0 = Release|Any CPU
		{6F0A1AEF-997E-4355-BB38-A4ACF6710EDF}.Debug|Any CPU.ActiveCfg = Debug|Any CPU
		{6F0A1AEF-997E-4355-BB38-A4ACF6710EDF}.Debug|Any CPU.Build.0 = Debug|Any CPU
		{6F0A1AEF-997E-4355-BB38-A4ACF6710EDF}.Debug|ARM.ActiveCfg = Debug|Any CPU
		{6F0A1AEF-997E-4355-BB38-A4ACF6710EDF}.Debug|ARM.Build.0 = Debug|Any CPU
		{6F0A1AEF-997E-4355-BB38-A4ACF6710EDF}.Debug|x64.ActiveCfg = Debug|Any CPU
		{6F0A1AEF-997E-4355-BB38-A4ACF6710EDF}.Debug|x64.Build.0 = Debug|Any CPU
		{6F0A1AEF-997E-4355-BB38-A4ACF6710EDF}.Debug|x86.ActiveCfg = Debug|Any CPU
		{6F0A1AEF-997E-4355-BB38-A4ACF6710EDF}.Debug|x86.Build.0 = Debug|Any CPU
		{6F0A1AEF-997E-4355-BB38-A4ACF6710EDF}.DVD-5|Any CPU.ActiveCfg = Debug|Any CPU
		{6F0A1AEF-997E-4355-BB38-A4ACF6710EDF}.DVD-5|Any CPU.Build.0 = Debug|Any CPU
		{6F0A1AEF-997E-4355-BB38-A4ACF6710EDF}.DVD-5|ARM.ActiveCfg = Debug|Any CPU
		{6F0A1AEF-997E-4355-BB38-A4ACF6710EDF}.DVD-5|ARM.Build.0 = Debug|Any CPU
		{6F0A1AEF-997E-4355-BB38-A4ACF6710EDF}.DVD-5|x64.ActiveCfg = Debug|Any CPU
		{6F0A1AEF-997E-4355-BB38-A4ACF6710EDF}.DVD-5|x64.Build.0 = Debug|Any CPU
		{6F0A1AEF-997E-4355-BB38-A4ACF6710EDF}.DVD-5|x86.ActiveCfg = Debug|Any CPU
		{6F0A1AEF-997E-4355-BB38-A4ACF6710EDF}.DVD-5|x86.Build.0 = Debug|Any CPU
		{6F0A1AEF-997E-4355-BB38-A4ACF6710EDF}.Release|Any CPU.ActiveCfg = Release|Any CPU
		{6F0A1AEF-997E-4355-BB38-A4ACF6710EDF}.Release|Any CPU.Build.0 = Release|Any CPU
		{6F0A1AEF-997E-4355-BB38-A4ACF6710EDF}.Release|ARM.ActiveCfg = Release|Any CPU
		{6F0A1AEF-997E-4355-BB38-A4ACF6710EDF}.Release|ARM.Build.0 = Release|Any CPU
		{6F0A1AEF-997E-4355-BB38-A4ACF6710EDF}.Release|x64.ActiveCfg = Release|Any CPU
		{6F0A1AEF-997E-4355-BB38-A4ACF6710EDF}.Release|x64.Build.0 = Release|Any CPU
		{6F0A1AEF-997E-4355-BB38-A4ACF6710EDF}.Release|x86.ActiveCfg = Release|Any CPU
		{6F0A1AEF-997E-4355-BB38-A4ACF6710EDF}.Release|x86.Build.0 = Release|Any CPU
		{6F0A1AEF-997E-4355-BB38-A4ACF6710EDF}.SingleImage|Any CPU.ActiveCfg = Release|Any CPU
		{6F0A1AEF-997E-4355-BB38-A4ACF6710EDF}.SingleImage|Any CPU.Build.0 = Release|Any CPU
		{6F0A1AEF-997E-4355-BB38-A4ACF6710EDF}.SingleImage|ARM.ActiveCfg = Debug|Any CPU
		{6F0A1AEF-997E-4355-BB38-A4ACF6710EDF}.SingleImage|ARM.Build.0 = Debug|Any CPU
		{6F0A1AEF-997E-4355-BB38-A4ACF6710EDF}.SingleImage|x64.ActiveCfg = Debug|Any CPU
		{6F0A1AEF-997E-4355-BB38-A4ACF6710EDF}.SingleImage|x64.Build.0 = Debug|Any CPU
		{6F0A1AEF-997E-4355-BB38-A4ACF6710EDF}.SingleImage|x86.ActiveCfg = Release|Any CPU
		{6F0A1AEF-997E-4355-BB38-A4ACF6710EDF}.SingleImage|x86.Build.0 = Release|Any CPU
		{97CA2119-5977-4DE5-9C91-A64D97CB9035}.CD_ROM|Any CPU.ActiveCfg = Release|Any CPU
		{97CA2119-5977-4DE5-9C91-A64D97CB9035}.CD_ROM|Any CPU.Build.0 = Release|Any CPU
		{97CA2119-5977-4DE5-9C91-A64D97CB9035}.CD_ROM|ARM.ActiveCfg = Debug|Any CPU
		{97CA2119-5977-4DE5-9C91-A64D97CB9035}.CD_ROM|ARM.Build.0 = Debug|Any CPU
		{97CA2119-5977-4DE5-9C91-A64D97CB9035}.CD_ROM|x64.ActiveCfg = Debug|Any CPU
		{97CA2119-5977-4DE5-9C91-A64D97CB9035}.CD_ROM|x64.Build.0 = Debug|Any CPU
		{97CA2119-5977-4DE5-9C91-A64D97CB9035}.CD_ROM|x86.ActiveCfg = Release|Any CPU
		{97CA2119-5977-4DE5-9C91-A64D97CB9035}.CD_ROM|x86.Build.0 = Release|Any CPU
		{97CA2119-5977-4DE5-9C91-A64D97CB9035}.Debug|Any CPU.ActiveCfg = Debug|Any CPU
		{97CA2119-5977-4DE5-9C91-A64D97CB9035}.Debug|Any CPU.Build.0 = Debug|Any CPU
		{97CA2119-5977-4DE5-9C91-A64D97CB9035}.Debug|ARM.ActiveCfg = Debug|Any CPU
		{97CA2119-5977-4DE5-9C91-A64D97CB9035}.Debug|ARM.Build.0 = Debug|Any CPU
		{97CA2119-5977-4DE5-9C91-A64D97CB9035}.Debug|x64.ActiveCfg = Debug|Any CPU
		{97CA2119-5977-4DE5-9C91-A64D97CB9035}.Debug|x64.Build.0 = Debug|Any CPU
		{97CA2119-5977-4DE5-9C91-A64D97CB9035}.Debug|x86.ActiveCfg = Debug|Any CPU
		{97CA2119-5977-4DE5-9C91-A64D97CB9035}.Debug|x86.Build.0 = Debug|Any CPU
		{97CA2119-5977-4DE5-9C91-A64D97CB9035}.DVD-5|Any CPU.ActiveCfg = Debug|Any CPU
		{97CA2119-5977-4DE5-9C91-A64D97CB9035}.DVD-5|Any CPU.Build.0 = Debug|Any CPU
		{97CA2119-5977-4DE5-9C91-A64D97CB9035}.DVD-5|ARM.ActiveCfg = Debug|Any CPU
		{97CA2119-5977-4DE5-9C91-A64D97CB9035}.DVD-5|ARM.Build.0 = Debug|Any CPU
		{97CA2119-5977-4DE5-9C91-A64D97CB9035}.DVD-5|x64.ActiveCfg = Debug|Any CPU
		{97CA2119-5977-4DE5-9C91-A64D97CB9035}.DVD-5|x64.Build.0 = Debug|Any CPU
		{97CA2119-5977-4DE5-9C91-A64D97CB9035}.DVD-5|x86.ActiveCfg = Debug|Any CPU
		{97CA2119-5977-4DE5-9C91-A64D97CB9035}.DVD-5|x86.Build.0 = Debug|Any CPU
		{97CA2119-5977-4DE5-9C91-A64D97CB9035}.Release|Any CPU.ActiveCfg = Release|Any CPU
		{97CA2119-5977-4DE5-9C91-A64D97CB9035}.Release|Any CPU.Build.0 = Release|Any CPU
		{97CA2119-5977-4DE5-9C91-A64D97CB9035}.Release|ARM.ActiveCfg = Release|Any CPU
		{97CA2119-5977-4DE5-9C91-A64D97CB9035}.Release|ARM.Build.0 = Release|Any CPU
		{97CA2119-5977-4DE5-9C91-A64D97CB9035}.Release|x64.ActiveCfg = Release|Any CPU
		{97CA2119-5977-4DE5-9C91-A64D97CB9035}.Release|x64.Build.0 = Release|Any CPU
		{97CA2119-5977-4DE5-9C91-A64D97CB9035}.Release|x86.ActiveCfg = Release|Any CPU
		{97CA2119-5977-4DE5-9C91-A64D97CB9035}.Release|x86.Build.0 = Release|Any CPU
		{97CA2119-5977-4DE5-9C91-A64D97CB9035}.SingleImage|Any CPU.ActiveCfg = Release|Any CPU
		{97CA2119-5977-4DE5-9C91-A64D97CB9035}.SingleImage|Any CPU.Build.0 = Release|Any CPU
		{97CA2119-5977-4DE5-9C91-A64D97CB9035}.SingleImage|ARM.ActiveCfg = Debug|Any CPU
		{97CA2119-5977-4DE5-9C91-A64D97CB9035}.SingleImage|ARM.Build.0 = Debug|Any CPU
		{97CA2119-5977-4DE5-9C91-A64D97CB9035}.SingleImage|x64.ActiveCfg = Debug|Any CPU
		{97CA2119-5977-4DE5-9C91-A64D97CB9035}.SingleImage|x64.Build.0 = Debug|Any CPU
		{97CA2119-5977-4DE5-9C91-A64D97CB9035}.SingleImage|x86.ActiveCfg = Release|Any CPU
		{97CA2119-5977-4DE5-9C91-A64D97CB9035}.SingleImage|x86.Build.0 = Release|Any CPU
		{3CB12AF2-7655-46F6-9969-990730F73964}.CD_ROM|Any CPU.ActiveCfg = Release|Any CPU
		{3CB12AF2-7655-46F6-9969-990730F73964}.CD_ROM|Any CPU.Build.0 = Release|Any CPU
		{3CB12AF2-7655-46F6-9969-990730F73964}.CD_ROM|ARM.ActiveCfg = Debug|Any CPU
		{3CB12AF2-7655-46F6-9969-990730F73964}.CD_ROM|ARM.Build.0 = Debug|Any CPU
		{3CB12AF2-7655-46F6-9969-990730F73964}.CD_ROM|x64.ActiveCfg = Debug|Any CPU
		{3CB12AF2-7655-46F6-9969-990730F73964}.CD_ROM|x64.Build.0 = Debug|Any CPU
		{3CB12AF2-7655-46F6-9969-990730F73964}.CD_ROM|x86.ActiveCfg = Release|Any CPU
		{3CB12AF2-7655-46F6-9969-990730F73964}.CD_ROM|x86.Build.0 = Release|Any CPU
		{3CB12AF2-7655-46F6-9969-990730F73964}.Debug|Any CPU.ActiveCfg = Debug|Any CPU
		{3CB12AF2-7655-46F6-9969-990730F73964}.Debug|Any CPU.Build.0 = Debug|Any CPU
		{3CB12AF2-7655-46F6-9969-990730F73964}.Debug|ARM.ActiveCfg = Debug|Any CPU
		{3CB12AF2-7655-46F6-9969-990730F73964}.Debug|ARM.Build.0 = Debug|Any CPU
		{3CB12AF2-7655-46F6-9969-990730F73964}.Debug|x64.ActiveCfg = Debug|Any CPU
		{3CB12AF2-7655-46F6-9969-990730F73964}.Debug|x64.Build.0 = Debug|Any CPU
		{3CB12AF2-7655-46F6-9969-990730F73964}.Debug|x86.ActiveCfg = Debug|Any CPU
		{3CB12AF2-7655-46F6-9969-990730F73964}.Debug|x86.Build.0 = Debug|Any CPU
		{3CB12AF2-7655-46F6-9969-990730F73964}.DVD-5|Any CPU.ActiveCfg = Debug|Any CPU
		{3CB12AF2-7655-46F6-9969-990730F73964}.DVD-5|Any CPU.Build.0 = Debug|Any CPU
		{3CB12AF2-7655-46F6-9969-990730F73964}.DVD-5|ARM.ActiveCfg = Debug|Any CPU
		{3CB12AF2-7655-46F6-9969-990730F73964}.DVD-5|ARM.Build.0 = Debug|Any CPU
		{3CB12AF2-7655-46F6-9969-990730F73964}.DVD-5|x64.ActiveCfg = Debug|Any CPU
		{3CB12AF2-7655-46F6-9969-990730F73964}.DVD-5|x64.Build.0 = Debug|Any CPU
		{3CB12AF2-7655-46F6-9969-990730F73964}.DVD-5|x86.ActiveCfg = Debug|Any CPU
		{3CB12AF2-7655-46F6-9969-990730F73964}.DVD-5|x86.Build.0 = Debug|Any CPU
		{3CB12AF2-7655-46F6-9969-990730F73964}.Release|Any CPU.ActiveCfg = Release|Any CPU
		{3CB12AF2-7655-46F6-9969-990730F73964}.Release|Any CPU.Build.0 = Release|Any CPU
		{3CB12AF2-7655-46F6-9969-990730F73964}.Release|ARM.ActiveCfg = Release|Any CPU
		{3CB12AF2-7655-46F6-9969-990730F73964}.Release|ARM.Build.0 = Release|Any CPU
		{3CB12AF2-7655-46F6-9969-990730F73964}.Release|x64.ActiveCfg = Release|Any CPU
		{3CB12AF2-7655-46F6-9969-990730F73964}.Release|x64.Build.0 = Release|Any CPU
		{3CB12AF2-7655-46F6-9969-990730F73964}.Release|x86.ActiveCfg = Release|Any CPU
		{3CB12AF2-7655-46F6-9969-990730F73964}.Release|x86.Build.0 = Release|Any CPU
		{3CB12AF2-7655-46F6-9969-990730F73964}.SingleImage|Any CPU.ActiveCfg = Release|Any CPU
		{3CB12AF2-7655-46F6-9969-990730F73964}.SingleImage|Any CPU.Build.0 = Release|Any CPU
		{3CB12AF2-7655-46F6-9969-990730F73964}.SingleImage|ARM.ActiveCfg = Debug|Any CPU
		{3CB12AF2-7655-46F6-9969-990730F73964}.SingleImage|ARM.Build.0 = Debug|Any CPU
		{3CB12AF2-7655-46F6-9969-990730F73964}.SingleImage|x64.ActiveCfg = Debug|Any CPU
		{3CB12AF2-7655-46F6-9969-990730F73964}.SingleImage|x64.Build.0 = Debug|Any CPU
		{3CB12AF2-7655-46F6-9969-990730F73964}.SingleImage|x86.ActiveCfg = Release|Any CPU
		{3CB12AF2-7655-46F6-9969-990730F73964}.SingleImage|x86.Build.0 = Release|Any CPU
		{C95B4D0D-9958-4DE7-A5E6-5B8A0014770B}.CD_ROM|Any CPU.ActiveCfg = Release|Any CPU
		{C95B4D0D-9958-4DE7-A5E6-5B8A0014770B}.CD_ROM|Any CPU.Build.0 = Release|Any CPU
		{C95B4D0D-9958-4DE7-A5E6-5B8A0014770B}.CD_ROM|ARM.ActiveCfg = Debug|Any CPU
		{C95B4D0D-9958-4DE7-A5E6-5B8A0014770B}.CD_ROM|ARM.Build.0 = Debug|Any CPU
		{C95B4D0D-9958-4DE7-A5E6-5B8A0014770B}.CD_ROM|x64.ActiveCfg = Debug|Any CPU
		{C95B4D0D-9958-4DE7-A5E6-5B8A0014770B}.CD_ROM|x64.Build.0 = Debug|Any CPU
		{C95B4D0D-9958-4DE7-A5E6-5B8A0014770B}.CD_ROM|x86.ActiveCfg = Release|Any CPU
		{C95B4D0D-9958-4DE7-A5E6-5B8A0014770B}.CD_ROM|x86.Build.0 = Release|Any CPU
		{C95B4D0D-9958-4DE7-A5E6-5B8A0014770B}.Debug|Any CPU.ActiveCfg = Debug|Any CPU
		{C95B4D0D-9958-4DE7-A5E6-5B8A0014770B}.Debug|Any CPU.Build.0 = Debug|Any CPU
		{C95B4D0D-9958-4DE7-A5E6-5B8A0014770B}.Debug|ARM.ActiveCfg = Debug|Any CPU
		{C95B4D0D-9958-4DE7-A5E6-5B8A0014770B}.Debug|ARM.Build.0 = Debug|Any CPU
		{C95B4D0D-9958-4DE7-A5E6-5B8A0014770B}.Debug|x64.ActiveCfg = Debug|Any CPU
		{C95B4D0D-9958-4DE7-A5E6-5B8A0014770B}.Debug|x64.Build.0 = Debug|Any CPU
		{C95B4D0D-9958-4DE7-A5E6-5B8A0014770B}.Debug|x86.ActiveCfg = Debug|Any CPU
		{C95B4D0D-9958-4DE7-A5E6-5B8A0014770B}.Debug|x86.Build.0 = Debug|Any CPU
		{C95B4D0D-9958-4DE7-A5E6-5B8A0014770B}.DVD-5|Any CPU.ActiveCfg = Debug|Any CPU
		{C95B4D0D-9958-4DE7-A5E6-5B8A0014770B}.DVD-5|Any CPU.Build.0 = Debug|Any CPU
		{C95B4D0D-9958-4DE7-A5E6-5B8A0014770B}.DVD-5|ARM.ActiveCfg = Debug|Any CPU
		{C95B4D0D-9958-4DE7-A5E6-5B8A0014770B}.DVD-5|ARM.Build.0 = Debug|Any CPU
		{C95B4D0D-9958-4DE7-A5E6-5B8A0014770B}.DVD-5|x64.ActiveCfg = Debug|Any CPU
		{C95B4D0D-9958-4DE7-A5E6-5B8A0014770B}.DVD-5|x64.Build.0 = Debug|Any CPU
		{C95B4D0D-9958-4DE7-A5E6-5B8A0014770B}.DVD-5|x86.ActiveCfg = Debug|Any CPU
		{C95B4D0D-9958-4DE7-A5E6-5B8A0014770B}.DVD-5|x86.Build.0 = Debug|Any CPU
		{C95B4D0D-9958-4DE7-A5E6-5B8A0014770B}.Release|Any CPU.ActiveCfg = Release|Any CPU
		{C95B4D0D-9958-4DE7-A5E6-5B8A0014770B}.Release|Any CPU.Build.0 = Release|Any CPU
		{C95B4D0D-9958-4DE7-A5E6-5B8A0014770B}.Release|ARM.ActiveCfg = Release|Any CPU
		{C95B4D0D-9958-4DE7-A5E6-5B8A0014770B}.Release|ARM.Build.0 = Release|Any CPU
		{C95B4D0D-9958-4DE7-A5E6-5B8A0014770B}.Release|x64.ActiveCfg = Release|Any CPU
		{C95B4D0D-9958-4DE7-A5E6-5B8A0014770B}.Release|x64.Build.0 = Release|Any CPU
		{C95B4D0D-9958-4DE7-A5E6-5B8A0014770B}.Release|x86.ActiveCfg = Release|Any CPU
		{C95B4D0D-9958-4DE7-A5E6-5B8A0014770B}.Release|x86.Build.0 = Release|Any CPU
		{C95B4D0D-9958-4DE7-A5E6-5B8A0014770B}.SingleImage|Any CPU.ActiveCfg = Release|Any CPU
		{C95B4D0D-9958-4DE7-A5E6-5B8A0014770B}.SingleImage|Any CPU.Build.0 = Release|Any CPU
		{C95B4D0D-9958-4DE7-A5E6-5B8A0014770B}.SingleImage|ARM.ActiveCfg = Debug|Any CPU
		{C95B4D0D-9958-4DE7-A5E6-5B8A0014770B}.SingleImage|ARM.Build.0 = Debug|Any CPU
		{C95B4D0D-9958-4DE7-A5E6-5B8A0014770B}.SingleImage|x64.ActiveCfg = Debug|Any CPU
		{C95B4D0D-9958-4DE7-A5E6-5B8A0014770B}.SingleImage|x64.Build.0 = Debug|Any CPU
		{C95B4D0D-9958-4DE7-A5E6-5B8A0014770B}.SingleImage|x86.ActiveCfg = Release|Any CPU
		{C95B4D0D-9958-4DE7-A5E6-5B8A0014770B}.SingleImage|x86.Build.0 = Release|Any CPU
		{96322255-AA50-47C9-B83B-1EFF8FA67A17}.CD_ROM|Any CPU.ActiveCfg = Release|Any CPU
		{96322255-AA50-47C9-B83B-1EFF8FA67A17}.CD_ROM|Any CPU.Build.0 = Release|Any CPU
		{96322255-AA50-47C9-B83B-1EFF8FA67A17}.CD_ROM|ARM.ActiveCfg = Debug|Any CPU
		{96322255-AA50-47C9-B83B-1EFF8FA67A17}.CD_ROM|ARM.Build.0 = Debug|Any CPU
		{96322255-AA50-47C9-B83B-1EFF8FA67A17}.CD_ROM|x64.ActiveCfg = Debug|Any CPU
		{96322255-AA50-47C9-B83B-1EFF8FA67A17}.CD_ROM|x64.Build.0 = Debug|Any CPU
		{96322255-AA50-47C9-B83B-1EFF8FA67A17}.CD_ROM|x86.ActiveCfg = Release|Any CPU
		{96322255-AA50-47C9-B83B-1EFF8FA67A17}.CD_ROM|x86.Build.0 = Release|Any CPU
		{96322255-AA50-47C9-B83B-1EFF8FA67A17}.Debug|Any CPU.ActiveCfg = Debug|Any CPU
		{96322255-AA50-47C9-B83B-1EFF8FA67A17}.Debug|Any CPU.Build.0 = Debug|Any CPU
		{96322255-AA50-47C9-B83B-1EFF8FA67A17}.Debug|ARM.ActiveCfg = Debug|Any CPU
		{96322255-AA50-47C9-B83B-1EFF8FA67A17}.Debug|ARM.Build.0 = Debug|Any CPU
		{96322255-AA50-47C9-B83B-1EFF8FA67A17}.Debug|x64.ActiveCfg = Debug|Any CPU
		{96322255-AA50-47C9-B83B-1EFF8FA67A17}.Debug|x64.Build.0 = Debug|Any CPU
		{96322255-AA50-47C9-B83B-1EFF8FA67A17}.Debug|x86.ActiveCfg = Debug|Any CPU
		{96322255-AA50-47C9-B83B-1EFF8FA67A17}.Debug|x86.Build.0 = Debug|Any CPU
		{96322255-AA50-47C9-B83B-1EFF8FA67A17}.DVD-5|Any CPU.ActiveCfg = Debug|Any CPU
		{96322255-AA50-47C9-B83B-1EFF8FA67A17}.DVD-5|Any CPU.Build.0 = Debug|Any CPU
		{96322255-AA50-47C9-B83B-1EFF8FA67A17}.DVD-5|ARM.ActiveCfg = Debug|Any CPU
		{96322255-AA50-47C9-B83B-1EFF8FA67A17}.DVD-5|ARM.Build.0 = Debug|Any CPU
		{96322255-AA50-47C9-B83B-1EFF8FA67A17}.DVD-5|x64.ActiveCfg = Debug|Any CPU
		{96322255-AA50-47C9-B83B-1EFF8FA67A17}.DVD-5|x64.Build.0 = Debug|Any CPU
		{96322255-AA50-47C9-B83B-1EFF8FA67A17}.DVD-5|x86.ActiveCfg = Debug|Any CPU
		{96322255-AA50-47C9-B83B-1EFF8FA67A17}.DVD-5|x86.Build.0 = Debug|Any CPU
		{96322255-AA50-47C9-B83B-1EFF8FA67A17}.Release|Any CPU.ActiveCfg = Release|Any CPU
		{96322255-AA50-47C9-B83B-1EFF8FA67A17}.Release|Any CPU.Build.0 = Release|Any CPU
		{96322255-AA50-47C9-B83B-1EFF8FA67A17}.Release|ARM.ActiveCfg = Release|Any CPU
		{96322255-AA50-47C9-B83B-1EFF8FA67A17}.Release|ARM.Build.0 = Release|Any CPU
		{96322255-AA50-47C9-B83B-1EFF8FA67A17}.Release|x64.ActiveCfg = Release|Any CPU
		{96322255-AA50-47C9-B83B-1EFF8FA67A17}.Release|x64.Build.0 = Release|Any CPU
		{96322255-AA50-47C9-B83B-1EFF8FA67A17}.Release|x86.ActiveCfg = Release|Any CPU
		{96322255-AA50-47C9-B83B-1EFF8FA67A17}.Release|x86.Build.0 = Release|Any CPU
		{96322255-AA50-47C9-B83B-1EFF8FA67A17}.SingleImage|Any CPU.ActiveCfg = Release|Any CPU
		{96322255-AA50-47C9-B83B-1EFF8FA67A17}.SingleImage|Any CPU.Build.0 = Release|Any CPU
		{96322255-AA50-47C9-B83B-1EFF8FA67A17}.SingleImage|ARM.ActiveCfg = Debug|Any CPU
		{96322255-AA50-47C9-B83B-1EFF8FA67A17}.SingleImage|ARM.Build.0 = Debug|Any CPU
		{96322255-AA50-47C9-B83B-1EFF8FA67A17}.SingleImage|x64.ActiveCfg = Debug|Any CPU
		{96322255-AA50-47C9-B83B-1EFF8FA67A17}.SingleImage|x64.Build.0 = Debug|Any CPU
		{96322255-AA50-47C9-B83B-1EFF8FA67A17}.SingleImage|x86.ActiveCfg = Release|Any CPU
		{96322255-AA50-47C9-B83B-1EFF8FA67A17}.SingleImage|x86.Build.0 = Release|Any CPU
		{B5DC518F-F074-4634-8321-AE8CC1D337F4}.CD_ROM|Any CPU.ActiveCfg = Release|Any CPU
		{B5DC518F-F074-4634-8321-AE8CC1D337F4}.CD_ROM|Any CPU.Build.0 = Release|Any CPU
		{B5DC518F-F074-4634-8321-AE8CC1D337F4}.CD_ROM|ARM.ActiveCfg = Release|Any CPU
		{B5DC518F-F074-4634-8321-AE8CC1D337F4}.CD_ROM|ARM.Build.0 = Release|Any CPU
		{B5DC518F-F074-4634-8321-AE8CC1D337F4}.CD_ROM|x64.ActiveCfg = Release|Any CPU
		{B5DC518F-F074-4634-8321-AE8CC1D337F4}.CD_ROM|x64.Build.0 = Release|Any CPU
		{B5DC518F-F074-4634-8321-AE8CC1D337F4}.CD_ROM|x86.ActiveCfg = Release|Any CPU
		{B5DC518F-F074-4634-8321-AE8CC1D337F4}.CD_ROM|x86.Build.0 = Release|Any CPU
		{B5DC518F-F074-4634-8321-AE8CC1D337F4}.Debug|Any CPU.ActiveCfg = Debug|Any CPU
		{B5DC518F-F074-4634-8321-AE8CC1D337F4}.Debug|Any CPU.Build.0 = Debug|Any CPU
		{B5DC518F-F074-4634-8321-AE8CC1D337F4}.Debug|ARM.ActiveCfg = Debug|Any CPU
		{B5DC518F-F074-4634-8321-AE8CC1D337F4}.Debug|ARM.Build.0 = Debug|Any CPU
		{B5DC518F-F074-4634-8321-AE8CC1D337F4}.Debug|x64.ActiveCfg = Debug|Any CPU
		{B5DC518F-F074-4634-8321-AE8CC1D337F4}.Debug|x64.Build.0 = Debug|Any CPU
		{B5DC518F-F074-4634-8321-AE8CC1D337F4}.Debug|x86.ActiveCfg = Debug|Any CPU
		{B5DC518F-F074-4634-8321-AE8CC1D337F4}.Debug|x86.Build.0 = Debug|Any CPU
		{B5DC518F-F074-4634-8321-AE8CC1D337F4}.DVD-5|Any CPU.ActiveCfg = Debug|Any CPU
		{B5DC518F-F074-4634-8321-AE8CC1D337F4}.DVD-5|Any CPU.Build.0 = Debug|Any CPU
		{B5DC518F-F074-4634-8321-AE8CC1D337F4}.DVD-5|ARM.ActiveCfg = Debug|Any CPU
		{B5DC518F-F074-4634-8321-AE8CC1D337F4}.DVD-5|ARM.Build.0 = Debug|Any CPU
		{B5DC518F-F074-4634-8321-AE8CC1D337F4}.DVD-5|x64.ActiveCfg = Debug|Any CPU
		{B5DC518F-F074-4634-8321-AE8CC1D337F4}.DVD-5|x64.Build.0 = Debug|Any CPU
		{B5DC518F-F074-4634-8321-AE8CC1D337F4}.DVD-5|x86.ActiveCfg = Debug|Any CPU
		{B5DC518F-F074-4634-8321-AE8CC1D337F4}.DVD-5|x86.Build.0 = Debug|Any CPU
		{B5DC518F-F074-4634-8321-AE8CC1D337F4}.Release|Any CPU.ActiveCfg = Release|Any CPU
		{B5DC518F-F074-4634-8321-AE8CC1D337F4}.Release|Any CPU.Build.0 = Release|Any CPU
		{B5DC518F-F074-4634-8321-AE8CC1D337F4}.Release|ARM.ActiveCfg = Release|Any CPU
		{B5DC518F-F074-4634-8321-AE8CC1D337F4}.Release|ARM.Build.0 = Release|Any CPU
		{B5DC518F-F074-4634-8321-AE8CC1D337F4}.Release|x64.ActiveCfg = Release|Any CPU
		{B5DC518F-F074-4634-8321-AE8CC1D337F4}.Release|x64.Build.0 = Release|Any CPU
		{B5DC518F-F074-4634-8321-AE8CC1D337F4}.Release|x86.ActiveCfg = Release|Any CPU
		{B5DC518F-F074-4634-8321-AE8CC1D337F4}.Release|x86.Build.0 = Release|Any CPU
		{B5DC518F-F074-4634-8321-AE8CC1D337F4}.SingleImage|Any CPU.ActiveCfg = Release|Any CPU
		{B5DC518F-F074-4634-8321-AE8CC1D337F4}.SingleImage|Any CPU.Build.0 = Release|Any CPU
		{B5DC518F-F074-4634-8321-AE8CC1D337F4}.SingleImage|ARM.ActiveCfg = Release|Any CPU
		{B5DC518F-F074-4634-8321-AE8CC1D337F4}.SingleImage|ARM.Build.0 = Release|Any CPU
		{B5DC518F-F074-4634-8321-AE8CC1D337F4}.SingleImage|x64.ActiveCfg = Release|Any CPU
		{B5DC518F-F074-4634-8321-AE8CC1D337F4}.SingleImage|x64.Build.0 = Release|Any CPU
		{B5DC518F-F074-4634-8321-AE8CC1D337F4}.SingleImage|x86.ActiveCfg = Release|Any CPU
		{B5DC518F-F074-4634-8321-AE8CC1D337F4}.SingleImage|x86.Build.0 = Release|Any CPU
		{6A9E6D58-AD98-4490-A75F-9965666D1E4C}.CD_ROM|Any CPU.ActiveCfg = Release|Any CPU
		{6A9E6D58-AD98-4490-A75F-9965666D1E4C}.CD_ROM|Any CPU.Build.0 = Release|Any CPU
		{6A9E6D58-AD98-4490-A75F-9965666D1E4C}.CD_ROM|ARM.ActiveCfg = Release|Any CPU
		{6A9E6D58-AD98-4490-A75F-9965666D1E4C}.CD_ROM|ARM.Build.0 = Release|Any CPU
		{6A9E6D58-AD98-4490-A75F-9965666D1E4C}.CD_ROM|x64.ActiveCfg = Release|Any CPU
		{6A9E6D58-AD98-4490-A75F-9965666D1E4C}.CD_ROM|x64.Build.0 = Release|Any CPU
		{6A9E6D58-AD98-4490-A75F-9965666D1E4C}.CD_ROM|x86.ActiveCfg = Release|Any CPU
		{6A9E6D58-AD98-4490-A75F-9965666D1E4C}.CD_ROM|x86.Build.0 = Release|Any CPU
		{6A9E6D58-AD98-4490-A75F-9965666D1E4C}.Debug|Any CPU.ActiveCfg = Debug|Any CPU
		{6A9E6D58-AD98-4490-A75F-9965666D1E4C}.Debug|Any CPU.Build.0 = Debug|Any CPU
		{6A9E6D58-AD98-4490-A75F-9965666D1E4C}.Debug|ARM.ActiveCfg = Debug|Any CPU
		{6A9E6D58-AD98-4490-A75F-9965666D1E4C}.Debug|ARM.Build.0 = Debug|Any CPU
		{6A9E6D58-AD98-4490-A75F-9965666D1E4C}.Debug|x64.ActiveCfg = Debug|Any CPU
		{6A9E6D58-AD98-4490-A75F-9965666D1E4C}.Debug|x64.Build.0 = Debug|Any CPU
		{6A9E6D58-AD98-4490-A75F-9965666D1E4C}.Debug|x86.ActiveCfg = Debug|Any CPU
		{6A9E6D58-AD98-4490-A75F-9965666D1E4C}.Debug|x86.Build.0 = Debug|Any CPU
		{6A9E6D58-AD98-4490-A75F-9965666D1E4C}.DVD-5|Any CPU.ActiveCfg = Debug|Any CPU
		{6A9E6D58-AD98-4490-A75F-9965666D1E4C}.DVD-5|Any CPU.Build.0 = Debug|Any CPU
		{6A9E6D58-AD98-4490-A75F-9965666D1E4C}.DVD-5|ARM.ActiveCfg = Debug|Any CPU
		{6A9E6D58-AD98-4490-A75F-9965666D1E4C}.DVD-5|ARM.Build.0 = Debug|Any CPU
		{6A9E6D58-AD98-4490-A75F-9965666D1E4C}.DVD-5|x64.ActiveCfg = Debug|Any CPU
		{6A9E6D58-AD98-4490-A75F-9965666D1E4C}.DVD-5|x64.Build.0 = Debug|Any CPU
		{6A9E6D58-AD98-4490-A75F-9965666D1E4C}.DVD-5|x86.ActiveCfg = Debug|Any CPU
		{6A9E6D58-AD98-4490-A75F-9965666D1E4C}.DVD-5|x86.Build.0 = Debug|Any CPU
		{6A9E6D58-AD98-4490-A75F-9965666D1E4C}.Release|Any CPU.ActiveCfg = Release|Any CPU
		{6A9E6D58-AD98-4490-A75F-9965666D1E4C}.Release|Any CPU.Build.0 = Release|Any CPU
		{6A9E6D58-AD98-4490-A75F-9965666D1E4C}.Release|ARM.ActiveCfg = Release|Any CPU
		{6A9E6D58-AD98-4490-A75F-9965666D1E4C}.Release|ARM.Build.0 = Release|Any CPU
		{6A9E6D58-AD98-4490-A75F-9965666D1E4C}.Release|x64.ActiveCfg = Release|Any CPU
		{6A9E6D58-AD98-4490-A75F-9965666D1E4C}.Release|x64.Build.0 = Release|Any CPU
		{6A9E6D58-AD98-4490-A75F-9965666D1E4C}.Release|x86.ActiveCfg = Release|Any CPU
		{6A9E6D58-AD98-4490-A75F-9965666D1E4C}.Release|x86.Build.0 = Release|Any CPU
		{6A9E6D58-AD98-4490-A75F-9965666D1E4C}.SingleImage|Any CPU.ActiveCfg = Release|Any CPU
		{6A9E6D58-AD98-4490-A75F-9965666D1E4C}.SingleImage|Any CPU.Build.0 = Release|Any CPU
		{6A9E6D58-AD98-4490-A75F-9965666D1E4C}.SingleImage|ARM.ActiveCfg = Release|Any CPU
		{6A9E6D58-AD98-4490-A75F-9965666D1E4C}.SingleImage|ARM.Build.0 = Release|Any CPU
		{6A9E6D58-AD98-4490-A75F-9965666D1E4C}.SingleImage|x64.ActiveCfg = Release|Any CPU
		{6A9E6D58-AD98-4490-A75F-9965666D1E4C}.SingleImage|x64.Build.0 = Release|Any CPU
		{6A9E6D58-AD98-4490-A75F-9965666D1E4C}.SingleImage|x86.ActiveCfg = Release|Any CPU
		{6A9E6D58-AD98-4490-A75F-9965666D1E4C}.SingleImage|x86.Build.0 = Release|Any CPU
		{9EB45A92-C12C-4DB1-8628-5393851B40B1}.CD_ROM|Any CPU.ActiveCfg = Release|Any CPU
		{9EB45A92-C12C-4DB1-8628-5393851B40B1}.CD_ROM|Any CPU.Build.0 = Release|Any CPU
		{9EB45A92-C12C-4DB1-8628-5393851B40B1}.CD_ROM|ARM.ActiveCfg = Release|Any CPU
		{9EB45A92-C12C-4DB1-8628-5393851B40B1}.CD_ROM|ARM.Build.0 = Release|Any CPU
		{9EB45A92-C12C-4DB1-8628-5393851B40B1}.CD_ROM|x64.ActiveCfg = Release|Any CPU
		{9EB45A92-C12C-4DB1-8628-5393851B40B1}.CD_ROM|x64.Build.0 = Release|Any CPU
		{9EB45A92-C12C-4DB1-8628-5393851B40B1}.CD_ROM|x86.ActiveCfg = Release|Any CPU
		{9EB45A92-C12C-4DB1-8628-5393851B40B1}.CD_ROM|x86.Build.0 = Release|Any CPU
		{9EB45A92-C12C-4DB1-8628-5393851B40B1}.Debug|Any CPU.ActiveCfg = Debug|Any CPU
		{9EB45A92-C12C-4DB1-8628-5393851B40B1}.Debug|Any CPU.Build.0 = Debug|Any CPU
		{9EB45A92-C12C-4DB1-8628-5393851B40B1}.Debug|ARM.ActiveCfg = Debug|Any CPU
		{9EB45A92-C12C-4DB1-8628-5393851B40B1}.Debug|ARM.Build.0 = Debug|Any CPU
		{9EB45A92-C12C-4DB1-8628-5393851B40B1}.Debug|x64.ActiveCfg = Debug|Any CPU
		{9EB45A92-C12C-4DB1-8628-5393851B40B1}.Debug|x64.Build.0 = Debug|Any CPU
		{9EB45A92-C12C-4DB1-8628-5393851B40B1}.Debug|x86.ActiveCfg = Debug|Any CPU
		{9EB45A92-C12C-4DB1-8628-5393851B40B1}.Debug|x86.Build.0 = Debug|Any CPU
		{9EB45A92-C12C-4DB1-8628-5393851B40B1}.DVD-5|Any CPU.ActiveCfg = Debug|Any CPU
		{9EB45A92-C12C-4DB1-8628-5393851B40B1}.DVD-5|Any CPU.Build.0 = Debug|Any CPU
		{9EB45A92-C12C-4DB1-8628-5393851B40B1}.DVD-5|ARM.ActiveCfg = Debug|Any CPU
		{9EB45A92-C12C-4DB1-8628-5393851B40B1}.DVD-5|ARM.Build.0 = Debug|Any CPU
		{9EB45A92-C12C-4DB1-8628-5393851B40B1}.DVD-5|x64.ActiveCfg = Debug|Any CPU
		{9EB45A92-C12C-4DB1-8628-5393851B40B1}.DVD-5|x64.Build.0 = Debug|Any CPU
		{9EB45A92-C12C-4DB1-8628-5393851B40B1}.DVD-5|x86.ActiveCfg = Debug|Any CPU
		{9EB45A92-C12C-4DB1-8628-5393851B40B1}.DVD-5|x86.Build.0 = Debug|Any CPU
		{9EB45A92-C12C-4DB1-8628-5393851B40B1}.Release|Any CPU.ActiveCfg = Release|Any CPU
		{9EB45A92-C12C-4DB1-8628-5393851B40B1}.Release|Any CPU.Build.0 = Release|Any CPU
		{9EB45A92-C12C-4DB1-8628-5393851B40B1}.Release|ARM.ActiveCfg = Release|Any CPU
		{9EB45A92-C12C-4DB1-8628-5393851B40B1}.Release|ARM.Build.0 = Release|Any CPU
		{9EB45A92-C12C-4DB1-8628-5393851B40B1}.Release|x64.ActiveCfg = Release|Any CPU
		{9EB45A92-C12C-4DB1-8628-5393851B40B1}.Release|x64.Build.0 = Release|Any CPU
		{9EB45A92-C12C-4DB1-8628-5393851B40B1}.Release|x86.ActiveCfg = Release|Any CPU
		{9EB45A92-C12C-4DB1-8628-5393851B40B1}.Release|x86.Build.0 = Release|Any CPU
		{9EB45A92-C12C-4DB1-8628-5393851B40B1}.SingleImage|Any CPU.ActiveCfg = Release|Any CPU
		{9EB45A92-C12C-4DB1-8628-5393851B40B1}.SingleImage|Any CPU.Build.0 = Release|Any CPU
		{9EB45A92-C12C-4DB1-8628-5393851B40B1}.SingleImage|ARM.ActiveCfg = Release|Any CPU
		{9EB45A92-C12C-4DB1-8628-5393851B40B1}.SingleImage|ARM.Build.0 = Release|Any CPU
		{9EB45A92-C12C-4DB1-8628-5393851B40B1}.SingleImage|x64.ActiveCfg = Release|Any CPU
		{9EB45A92-C12C-4DB1-8628-5393851B40B1}.SingleImage|x64.Build.0 = Release|Any CPU
		{9EB45A92-C12C-4DB1-8628-5393851B40B1}.SingleImage|x86.ActiveCfg = Release|Any CPU
		{9EB45A92-C12C-4DB1-8628-5393851B40B1}.SingleImage|x86.Build.0 = Release|Any CPU
		{8CD92AA2-DA12-42C7-A94D-9AA12F08EDDA}.CD_ROM|Any CPU.ActiveCfg = Release|Any CPU
		{8CD92AA2-DA12-42C7-A94D-9AA12F08EDDA}.CD_ROM|Any CPU.Build.0 = Release|Any CPU
		{8CD92AA2-DA12-42C7-A94D-9AA12F08EDDA}.CD_ROM|ARM.ActiveCfg = Release|Any CPU
		{8CD92AA2-DA12-42C7-A94D-9AA12F08EDDA}.CD_ROM|ARM.Build.0 = Release|Any CPU
		{8CD92AA2-DA12-42C7-A94D-9AA12F08EDDA}.CD_ROM|x64.ActiveCfg = Release|Any CPU
		{8CD92AA2-DA12-42C7-A94D-9AA12F08EDDA}.CD_ROM|x64.Build.0 = Release|Any CPU
		{8CD92AA2-DA12-42C7-A94D-9AA12F08EDDA}.CD_ROM|x86.ActiveCfg = Release|Any CPU
		{8CD92AA2-DA12-42C7-A94D-9AA12F08EDDA}.CD_ROM|x86.Build.0 = Release|Any CPU
		{8CD92AA2-DA12-42C7-A94D-9AA12F08EDDA}.Debug|Any CPU.ActiveCfg = Debug|Any CPU
		{8CD92AA2-DA12-42C7-A94D-9AA12F08EDDA}.Debug|Any CPU.Build.0 = Debug|Any CPU
		{8CD92AA2-DA12-42C7-A94D-9AA12F08EDDA}.Debug|ARM.ActiveCfg = Debug|Any CPU
		{8CD92AA2-DA12-42C7-A94D-9AA12F08EDDA}.Debug|ARM.Build.0 = Debug|Any CPU
		{8CD92AA2-DA12-42C7-A94D-9AA12F08EDDA}.Debug|x64.ActiveCfg = Debug|Any CPU
		{8CD92AA2-DA12-42C7-A94D-9AA12F08EDDA}.Debug|x64.Build.0 = Debug|Any CPU
		{8CD92AA2-DA12-42C7-A94D-9AA12F08EDDA}.Debug|x86.ActiveCfg = Debug|Any CPU
		{8CD92AA2-DA12-42C7-A94D-9AA12F08EDDA}.Debug|x86.Build.0 = Debug|Any CPU
		{8CD92AA2-DA12-42C7-A94D-9AA12F08EDDA}.DVD-5|Any CPU.ActiveCfg = Debug|Any CPU
		{8CD92AA2-DA12-42C7-A94D-9AA12F08EDDA}.DVD-5|Any CPU.Build.0 = Debug|Any CPU
		{8CD92AA2-DA12-42C7-A94D-9AA12F08EDDA}.DVD-5|ARM.ActiveCfg = Debug|Any CPU
		{8CD92AA2-DA12-42C7-A94D-9AA12F08EDDA}.DVD-5|ARM.Build.0 = Debug|Any CPU
		{8CD92AA2-DA12-42C7-A94D-9AA12F08EDDA}.DVD-5|x64.ActiveCfg = Debug|Any CPU
		{8CD92AA2-DA12-42C7-A94D-9AA12F08EDDA}.DVD-5|x64.Build.0 = Debug|Any CPU
		{8CD92AA2-DA12-42C7-A94D-9AA12F08EDDA}.DVD-5|x86.ActiveCfg = Debug|Any CPU
		{8CD92AA2-DA12-42C7-A94D-9AA12F08EDDA}.DVD-5|x86.Build.0 = Debug|Any CPU
		{8CD92AA2-DA12-42C7-A94D-9AA12F08EDDA}.Release|Any CPU.ActiveCfg = Release|Any CPU
		{8CD92AA2-DA12-42C7-A94D-9AA12F08EDDA}.Release|Any CPU.Build.0 = Release|Any CPU
		{8CD92AA2-DA12-42C7-A94D-9AA12F08EDDA}.Release|ARM.ActiveCfg = Release|Any CPU
		{8CD92AA2-DA12-42C7-A94D-9AA12F08EDDA}.Release|ARM.Build.0 = Release|Any CPU
		{8CD92AA2-DA12-42C7-A94D-9AA12F08EDDA}.Release|x64.ActiveCfg = Release|Any CPU
		{8CD92AA2-DA12-42C7-A94D-9AA12F08EDDA}.Release|x64.Build.0 = Release|Any CPU
		{8CD92AA2-DA12-42C7-A94D-9AA12F08EDDA}.Release|x86.ActiveCfg = Release|Any CPU
		{8CD92AA2-DA12-42C7-A94D-9AA12F08EDDA}.Release|x86.Build.0 = Release|Any CPU
		{8CD92AA2-DA12-42C7-A94D-9AA12F08EDDA}.SingleImage|Any CPU.ActiveCfg = Release|Any CPU
		{8CD92AA2-DA12-42C7-A94D-9AA12F08EDDA}.SingleImage|Any CPU.Build.0 = Release|Any CPU
		{8CD92AA2-DA12-42C7-A94D-9AA12F08EDDA}.SingleImage|ARM.ActiveCfg = Release|Any CPU
		{8CD92AA2-DA12-42C7-A94D-9AA12F08EDDA}.SingleImage|ARM.Build.0 = Release|Any CPU
		{8CD92AA2-DA12-42C7-A94D-9AA12F08EDDA}.SingleImage|x64.ActiveCfg = Release|Any CPU
		{8CD92AA2-DA12-42C7-A94D-9AA12F08EDDA}.SingleImage|x64.Build.0 = Release|Any CPU
		{8CD92AA2-DA12-42C7-A94D-9AA12F08EDDA}.SingleImage|x86.ActiveCfg = Release|Any CPU
		{8CD92AA2-DA12-42C7-A94D-9AA12F08EDDA}.SingleImage|x86.Build.0 = Release|Any CPU
		{AF253241-5AEE-427D-BF99-1FE5C418E95A}.CD_ROM|Any CPU.ActiveCfg = Release|Any CPU
		{AF253241-5AEE-427D-BF99-1FE5C418E95A}.CD_ROM|Any CPU.Build.0 = Release|Any CPU
		{AF253241-5AEE-427D-BF99-1FE5C418E95A}.CD_ROM|ARM.ActiveCfg = Release|Any CPU
		{AF253241-5AEE-427D-BF99-1FE5C418E95A}.CD_ROM|ARM.Build.0 = Release|Any CPU
		{AF253241-5AEE-427D-BF99-1FE5C418E95A}.CD_ROM|x64.ActiveCfg = Release|Any CPU
		{AF253241-5AEE-427D-BF99-1FE5C418E95A}.CD_ROM|x64.Build.0 = Release|Any CPU
		{AF253241-5AEE-427D-BF99-1FE5C418E95A}.CD_ROM|x86.ActiveCfg = Release|Any CPU
		{AF253241-5AEE-427D-BF99-1FE5C418E95A}.CD_ROM|x86.Build.0 = Release|Any CPU
		{AF253241-5AEE-427D-BF99-1FE5C418E95A}.Debug|Any CPU.ActiveCfg = Debug|Any CPU
		{AF253241-5AEE-427D-BF99-1FE5C418E95A}.Debug|Any CPU.Build.0 = Debug|Any CPU
		{AF253241-5AEE-427D-BF99-1FE5C418E95A}.Debug|ARM.ActiveCfg = Debug|Any CPU
		{AF253241-5AEE-427D-BF99-1FE5C418E95A}.Debug|ARM.Build.0 = Debug|Any CPU
		{AF253241-5AEE-427D-BF99-1FE5C418E95A}.Debug|x64.ActiveCfg = Debug|Any CPU
		{AF253241-5AEE-427D-BF99-1FE5C418E95A}.Debug|x64.Build.0 = Debug|Any CPU
		{AF253241-5AEE-427D-BF99-1FE5C418E95A}.Debug|x86.ActiveCfg = Debug|Any CPU
		{AF253241-5AEE-427D-BF99-1FE5C418E95A}.Debug|x86.Build.0 = Debug|Any CPU
		{AF253241-5AEE-427D-BF99-1FE5C418E95A}.DVD-5|Any CPU.ActiveCfg = Debug|Any CPU
		{AF253241-5AEE-427D-BF99-1FE5C418E95A}.DVD-5|Any CPU.Build.0 = Debug|Any CPU
		{AF253241-5AEE-427D-BF99-1FE5C418E95A}.DVD-5|ARM.ActiveCfg = Debug|Any CPU
		{AF253241-5AEE-427D-BF99-1FE5C418E95A}.DVD-5|ARM.Build.0 = Debug|Any CPU
		{AF253241-5AEE-427D-BF99-1FE5C418E95A}.DVD-5|x64.ActiveCfg = Debug|Any CPU
		{AF253241-5AEE-427D-BF99-1FE5C418E95A}.DVD-5|x64.Build.0 = Debug|Any CPU
		{AF253241-5AEE-427D-BF99-1FE5C418E95A}.DVD-5|x86.ActiveCfg = Debug|Any CPU
		{AF253241-5AEE-427D-BF99-1FE5C418E95A}.DVD-5|x86.Build.0 = Debug|Any CPU
		{AF253241-5AEE-427D-BF99-1FE5C418E95A}.Release|Any CPU.ActiveCfg = Release|Any CPU
		{AF253241-5AEE-427D-BF99-1FE5C418E95A}.Release|Any CPU.Build.0 = Release|Any CPU
		{AF253241-5AEE-427D-BF99-1FE5C418E95A}.Release|ARM.ActiveCfg = Release|Any CPU
		{AF253241-5AEE-427D-BF99-1FE5C418E95A}.Release|ARM.Build.0 = Release|Any CPU
		{AF253241-5AEE-427D-BF99-1FE5C418E95A}.Release|x64.ActiveCfg = Release|Any CPU
		{AF253241-5AEE-427D-BF99-1FE5C418E95A}.Release|x64.Build.0 = Release|Any CPU
		{AF253241-5AEE-427D-BF99-1FE5C418E95A}.Release|x86.ActiveCfg = Release|Any CPU
		{AF253241-5AEE-427D-BF99-1FE5C418E95A}.Release|x86.Build.0 = Release|Any CPU
		{AF253241-5AEE-427D-BF99-1FE5C418E95A}.SingleImage|Any CPU.ActiveCfg = Release|Any CPU
		{AF253241-5AEE-427D-BF99-1FE5C418E95A}.SingleImage|Any CPU.Build.0 = Release|Any CPU
		{AF253241-5AEE-427D-BF99-1FE5C418E95A}.SingleImage|ARM.ActiveCfg = Release|Any CPU
		{AF253241-5AEE-427D-BF99-1FE5C418E95A}.SingleImage|ARM.Build.0 = Release|Any CPU
		{AF253241-5AEE-427D-BF99-1FE5C418E95A}.SingleImage|x64.ActiveCfg = Release|Any CPU
		{AF253241-5AEE-427D-BF99-1FE5C418E95A}.SingleImage|x64.Build.0 = Release|Any CPU
		{AF253241-5AEE-427D-BF99-1FE5C418E95A}.SingleImage|x86.ActiveCfg = Release|Any CPU
		{AF253241-5AEE-427D-BF99-1FE5C418E95A}.SingleImage|x86.Build.0 = Release|Any CPU
		{A1F90F14-BC01-4EF8-9B3E-A7FE4B1B7F9F}.CD_ROM|Any CPU.ActiveCfg = Release|Any CPU
		{A1F90F14-BC01-4EF8-9B3E-A7FE4B1B7F9F}.CD_ROM|Any CPU.Build.0 = Release|Any CPU
		{A1F90F14-BC01-4EF8-9B3E-A7FE4B1B7F9F}.CD_ROM|ARM.ActiveCfg = Release|Any CPU
		{A1F90F14-BC01-4EF8-9B3E-A7FE4B1B7F9F}.CD_ROM|ARM.Build.0 = Release|Any CPU
		{A1F90F14-BC01-4EF8-9B3E-A7FE4B1B7F9F}.CD_ROM|x64.ActiveCfg = Release|Any CPU
		{A1F90F14-BC01-4EF8-9B3E-A7FE4B1B7F9F}.CD_ROM|x64.Build.0 = Release|Any CPU
		{A1F90F14-BC01-4EF8-9B3E-A7FE4B1B7F9F}.CD_ROM|x86.ActiveCfg = Release|Any CPU
		{A1F90F14-BC01-4EF8-9B3E-A7FE4B1B7F9F}.CD_ROM|x86.Build.0 = Release|Any CPU
		{A1F90F14-BC01-4EF8-9B3E-A7FE4B1B7F9F}.Debug|Any CPU.ActiveCfg = Debug|Any CPU
		{A1F90F14-BC01-4EF8-9B3E-A7FE4B1B7F9F}.Debug|Any CPU.Build.0 = Debug|Any CPU
		{A1F90F14-BC01-4EF8-9B3E-A7FE4B1B7F9F}.Debug|ARM.ActiveCfg = Debug|Any CPU
		{A1F90F14-BC01-4EF8-9B3E-A7FE4B1B7F9F}.Debug|ARM.Build.0 = Debug|Any CPU
		{A1F90F14-BC01-4EF8-9B3E-A7FE4B1B7F9F}.Debug|x64.ActiveCfg = Debug|Any CPU
		{A1F90F14-BC01-4EF8-9B3E-A7FE4B1B7F9F}.Debug|x64.Build.0 = Debug|Any CPU
		{A1F90F14-BC01-4EF8-9B3E-A7FE4B1B7F9F}.Debug|x86.ActiveCfg = Debug|Any CPU
		{A1F90F14-BC01-4EF8-9B3E-A7FE4B1B7F9F}.Debug|x86.Build.0 = Debug|Any CPU
		{A1F90F14-BC01-4EF8-9B3E-A7FE4B1B7F9F}.DVD-5|Any CPU.ActiveCfg = Debug|Any CPU
		{A1F90F14-BC01-4EF8-9B3E-A7FE4B1B7F9F}.DVD-5|Any CPU.Build.0 = Debug|Any CPU
		{A1F90F14-BC01-4EF8-9B3E-A7FE4B1B7F9F}.DVD-5|ARM.ActiveCfg = Debug|Any CPU
		{A1F90F14-BC01-4EF8-9B3E-A7FE4B1B7F9F}.DVD-5|ARM.Build.0 = Debug|Any CPU
		{A1F90F14-BC01-4EF8-9B3E-A7FE4B1B7F9F}.DVD-5|x64.ActiveCfg = Debug|Any CPU
		{A1F90F14-BC01-4EF8-9B3E-A7FE4B1B7F9F}.DVD-5|x64.Build.0 = Debug|Any CPU
		{A1F90F14-BC01-4EF8-9B3E-A7FE4B1B7F9F}.DVD-5|x86.ActiveCfg = Debug|Any CPU
		{A1F90F14-BC01-4EF8-9B3E-A7FE4B1B7F9F}.DVD-5|x86.Build.0 = Debug|Any CPU
		{A1F90F14-BC01-4EF8-9B3E-A7FE4B1B7F9F}.Release|Any CPU.ActiveCfg = Release|Any CPU
		{A1F90F14-BC01-4EF8-9B3E-A7FE4B1B7F9F}.Release|Any CPU.Build.0 = Release|Any CPU
		{A1F90F14-BC01-4EF8-9B3E-A7FE4B1B7F9F}.Release|ARM.ActiveCfg = Release|Any CPU
		{A1F90F14-BC01-4EF8-9B3E-A7FE4B1B7F9F}.Release|ARM.Build.0 = Release|Any CPU
		{A1F90F14-BC01-4EF8-9B3E-A7FE4B1B7F9F}.Release|x64.ActiveCfg = Release|Any CPU
		{A1F90F14-BC01-4EF8-9B3E-A7FE4B1B7F9F}.Release|x64.Build.0 = Release|Any CPU
		{A1F90F14-BC01-4EF8-9B3E-A7FE4B1B7F9F}.Release|x86.ActiveCfg = Release|Any CPU
		{A1F90F14-BC01-4EF8-9B3E-A7FE4B1B7F9F}.Release|x86.Build.0 = Release|Any CPU
		{A1F90F14-BC01-4EF8-9B3E-A7FE4B1B7F9F}.SingleImage|Any CPU.ActiveCfg = Release|Any CPU
		{A1F90F14-BC01-4EF8-9B3E-A7FE4B1B7F9F}.SingleImage|Any CPU.Build.0 = Release|Any CPU
		{A1F90F14-BC01-4EF8-9B3E-A7FE4B1B7F9F}.SingleImage|ARM.ActiveCfg = Release|Any CPU
		{A1F90F14-BC01-4EF8-9B3E-A7FE4B1B7F9F}.SingleImage|ARM.Build.0 = Release|Any CPU
		{A1F90F14-BC01-4EF8-9B3E-A7FE4B1B7F9F}.SingleImage|x64.ActiveCfg = Release|Any CPU
		{A1F90F14-BC01-4EF8-9B3E-A7FE4B1B7F9F}.SingleImage|x64.Build.0 = Release|Any CPU
		{A1F90F14-BC01-4EF8-9B3E-A7FE4B1B7F9F}.SingleImage|x86.ActiveCfg = Release|Any CPU
		{A1F90F14-BC01-4EF8-9B3E-A7FE4B1B7F9F}.SingleImage|x86.Build.0 = Release|Any CPU
		{9EE958DD-C9A6-4239-9586-88C2CB0F22A8}.CD_ROM|Any CPU.ActiveCfg = Release|Any CPU
		{9EE958DD-C9A6-4239-9586-88C2CB0F22A8}.CD_ROM|Any CPU.Build.0 = Release|Any CPU
		{9EE958DD-C9A6-4239-9586-88C2CB0F22A8}.CD_ROM|ARM.ActiveCfg = Release|Any CPU
		{9EE958DD-C9A6-4239-9586-88C2CB0F22A8}.CD_ROM|ARM.Build.0 = Release|Any CPU
		{9EE958DD-C9A6-4239-9586-88C2CB0F22A8}.CD_ROM|x64.ActiveCfg = Release|Any CPU
		{9EE958DD-C9A6-4239-9586-88C2CB0F22A8}.CD_ROM|x64.Build.0 = Release|Any CPU
		{9EE958DD-C9A6-4239-9586-88C2CB0F22A8}.CD_ROM|x86.ActiveCfg = Release|Any CPU
		{9EE958DD-C9A6-4239-9586-88C2CB0F22A8}.CD_ROM|x86.Build.0 = Release|Any CPU
		{9EE958DD-C9A6-4239-9586-88C2CB0F22A8}.Debug|Any CPU.ActiveCfg = Debug|Any CPU
		{9EE958DD-C9A6-4239-9586-88C2CB0F22A8}.Debug|Any CPU.Build.0 = Debug|Any CPU
		{9EE958DD-C9A6-4239-9586-88C2CB0F22A8}.Debug|ARM.ActiveCfg = Debug|Any CPU
		{9EE958DD-C9A6-4239-9586-88C2CB0F22A8}.Debug|ARM.Build.0 = Debug|Any CPU
		{9EE958DD-C9A6-4239-9586-88C2CB0F22A8}.Debug|x64.ActiveCfg = Debug|Any CPU
		{9EE958DD-C9A6-4239-9586-88C2CB0F22A8}.Debug|x64.Build.0 = Debug|Any CPU
		{9EE958DD-C9A6-4239-9586-88C2CB0F22A8}.Debug|x86.ActiveCfg = Debug|Any CPU
		{9EE958DD-C9A6-4239-9586-88C2CB0F22A8}.Debug|x86.Build.0 = Debug|Any CPU
		{9EE958DD-C9A6-4239-9586-88C2CB0F22A8}.DVD-5|Any CPU.ActiveCfg = Debug|Any CPU
		{9EE958DD-C9A6-4239-9586-88C2CB0F22A8}.DVD-5|Any CPU.Build.0 = Debug|Any CPU
		{9EE958DD-C9A6-4239-9586-88C2CB0F22A8}.DVD-5|ARM.ActiveCfg = Debug|Any CPU
		{9EE958DD-C9A6-4239-9586-88C2CB0F22A8}.DVD-5|ARM.Build.0 = Debug|Any CPU
		{9EE958DD-C9A6-4239-9586-88C2CB0F22A8}.DVD-5|x64.ActiveCfg = Debug|Any CPU
		{9EE958DD-C9A6-4239-9586-88C2CB0F22A8}.DVD-5|x64.Build.0 = Debug|Any CPU
		{9EE958DD-C9A6-4239-9586-88C2CB0F22A8}.DVD-5|x86.ActiveCfg = Debug|Any CPU
		{9EE958DD-C9A6-4239-9586-88C2CB0F22A8}.DVD-5|x86.Build.0 = Debug|Any CPU
		{9EE958DD-C9A6-4239-9586-88C2CB0F22A8}.Release|Any CPU.ActiveCfg = Release|Any CPU
		{9EE958DD-C9A6-4239-9586-88C2CB0F22A8}.Release|Any CPU.Build.0 = Release|Any CPU
		{9EE958DD-C9A6-4239-9586-88C2CB0F22A8}.Release|ARM.ActiveCfg = Release|Any CPU
		{9EE958DD-C9A6-4239-9586-88C2CB0F22A8}.Release|ARM.Build.0 = Release|Any CPU
		{9EE958DD-C9A6-4239-9586-88C2CB0F22A8}.Release|x64.ActiveCfg = Release|Any CPU
		{9EE958DD-C9A6-4239-9586-88C2CB0F22A8}.Release|x64.Build.0 = Release|Any CPU
		{9EE958DD-C9A6-4239-9586-88C2CB0F22A8}.Release|x86.ActiveCfg = Release|Any CPU
		{9EE958DD-C9A6-4239-9586-88C2CB0F22A8}.Release|x86.Build.0 = Release|Any CPU
		{9EE958DD-C9A6-4239-9586-88C2CB0F22A8}.SingleImage|Any CPU.ActiveCfg = Release|Any CPU
		{9EE958DD-C9A6-4239-9586-88C2CB0F22A8}.SingleImage|Any CPU.Build.0 = Release|Any CPU
		{9EE958DD-C9A6-4239-9586-88C2CB0F22A8}.SingleImage|ARM.ActiveCfg = Release|Any CPU
		{9EE958DD-C9A6-4239-9586-88C2CB0F22A8}.SingleImage|ARM.Build.0 = Release|Any CPU
		{9EE958DD-C9A6-4239-9586-88C2CB0F22A8}.SingleImage|x64.ActiveCfg = Release|Any CPU
		{9EE958DD-C9A6-4239-9586-88C2CB0F22A8}.SingleImage|x64.Build.0 = Release|Any CPU
		{9EE958DD-C9A6-4239-9586-88C2CB0F22A8}.SingleImage|x86.ActiveCfg = Release|Any CPU
		{9EE958DD-C9A6-4239-9586-88C2CB0F22A8}.SingleImage|x86.Build.0 = Release|Any CPU
		{4BA91070-F7FA-48C6-86BC-2A48ABD16D1C}.CD_ROM|Any CPU.ActiveCfg = Release|Any CPU
		{4BA91070-F7FA-48C6-86BC-2A48ABD16D1C}.CD_ROM|Any CPU.Build.0 = Release|Any CPU
		{4BA91070-F7FA-48C6-86BC-2A48ABD16D1C}.CD_ROM|ARM.ActiveCfg = Release|Any CPU
		{4BA91070-F7FA-48C6-86BC-2A48ABD16D1C}.CD_ROM|ARM.Build.0 = Release|Any CPU
		{4BA91070-F7FA-48C6-86BC-2A48ABD16D1C}.CD_ROM|x64.ActiveCfg = Release|Any CPU
		{4BA91070-F7FA-48C6-86BC-2A48ABD16D1C}.CD_ROM|x64.Build.0 = Release|Any CPU
		{4BA91070-F7FA-48C6-86BC-2A48ABD16D1C}.CD_ROM|x86.ActiveCfg = Release|Any CPU
		{4BA91070-F7FA-48C6-86BC-2A48ABD16D1C}.CD_ROM|x86.Build.0 = Release|Any CPU
		{4BA91070-F7FA-48C6-86BC-2A48ABD16D1C}.Debug|Any CPU.ActiveCfg = Debug|Any CPU
		{4BA91070-F7FA-48C6-86BC-2A48ABD16D1C}.Debug|Any CPU.Build.0 = Debug|Any CPU
		{4BA91070-F7FA-48C6-86BC-2A48ABD16D1C}.Debug|ARM.ActiveCfg = Debug|Any CPU
		{4BA91070-F7FA-48C6-86BC-2A48ABD16D1C}.Debug|ARM.Build.0 = Debug|Any CPU
		{4BA91070-F7FA-48C6-86BC-2A48ABD16D1C}.Debug|x64.ActiveCfg = Debug|Any CPU
		{4BA91070-F7FA-48C6-86BC-2A48ABD16D1C}.Debug|x64.Build.0 = Debug|Any CPU
		{4BA91070-F7FA-48C6-86BC-2A48ABD16D1C}.Debug|x86.ActiveCfg = Debug|Any CPU
		{4BA91070-F7FA-48C6-86BC-2A48ABD16D1C}.Debug|x86.Build.0 = Debug|Any CPU
		{4BA91070-F7FA-48C6-86BC-2A48ABD16D1C}.DVD-5|Any CPU.ActiveCfg = Debug|Any CPU
		{4BA91070-F7FA-48C6-86BC-2A48ABD16D1C}.DVD-5|Any CPU.Build.0 = Debug|Any CPU
		{4BA91070-F7FA-48C6-86BC-2A48ABD16D1C}.DVD-5|ARM.ActiveCfg = Debug|Any CPU
		{4BA91070-F7FA-48C6-86BC-2A48ABD16D1C}.DVD-5|ARM.Build.0 = Debug|Any CPU
		{4BA91070-F7FA-48C6-86BC-2A48ABD16D1C}.DVD-5|x64.ActiveCfg = Debug|Any CPU
		{4BA91070-F7FA-48C6-86BC-2A48ABD16D1C}.DVD-5|x64.Build.0 = Debug|Any CPU
		{4BA91070-F7FA-48C6-86BC-2A48ABD16D1C}.DVD-5|x86.ActiveCfg = Debug|Any CPU
		{4BA91070-F7FA-48C6-86BC-2A48ABD16D1C}.DVD-5|x86.Build.0 = Debug|Any CPU
		{4BA91070-F7FA-48C6-86BC-2A48ABD16D1C}.Release|Any CPU.ActiveCfg = Release|Any CPU
		{4BA91070-F7FA-48C6-86BC-2A48ABD16D1C}.Release|Any CPU.Build.0 = Release|Any CPU
		{4BA91070-F7FA-48C6-86BC-2A48ABD16D1C}.Release|ARM.ActiveCfg = Release|Any CPU
		{4BA91070-F7FA-48C6-86BC-2A48ABD16D1C}.Release|ARM.Build.0 = Release|Any CPU
		{4BA91070-F7FA-48C6-86BC-2A48ABD16D1C}.Release|x64.ActiveCfg = Release|Any CPU
		{4BA91070-F7FA-48C6-86BC-2A48ABD16D1C}.Release|x64.Build.0 = Release|Any CPU
		{4BA91070-F7FA-48C6-86BC-2A48ABD16D1C}.Release|x86.ActiveCfg = Release|Any CPU
		{4BA91070-F7FA-48C6-86BC-2A48ABD16D1C}.Release|x86.Build.0 = Release|Any CPU
		{4BA91070-F7FA-48C6-86BC-2A48ABD16D1C}.SingleImage|Any CPU.ActiveCfg = Release|Any CPU
		{4BA91070-F7FA-48C6-86BC-2A48ABD16D1C}.SingleImage|Any CPU.Build.0 = Release|Any CPU
		{4BA91070-F7FA-48C6-86BC-2A48ABD16D1C}.SingleImage|ARM.ActiveCfg = Release|Any CPU
		{4BA91070-F7FA-48C6-86BC-2A48ABD16D1C}.SingleImage|ARM.Build.0 = Release|Any CPU
		{4BA91070-F7FA-48C6-86BC-2A48ABD16D1C}.SingleImage|x64.ActiveCfg = Release|Any CPU
		{4BA91070-F7FA-48C6-86BC-2A48ABD16D1C}.SingleImage|x64.Build.0 = Release|Any CPU
		{4BA91070-F7FA-48C6-86BC-2A48ABD16D1C}.SingleImage|x86.ActiveCfg = Release|Any CPU
		{4BA91070-F7FA-48C6-86BC-2A48ABD16D1C}.SingleImage|x86.Build.0 = Release|Any CPU
		{DAA088AD-0B58-4C46-BB93-4F99DC34787A}.CD_ROM|Any CPU.ActiveCfg = Release|Any CPU
		{DAA088AD-0B58-4C46-BB93-4F99DC34787A}.CD_ROM|Any CPU.Build.0 = Release|Any CPU
		{DAA088AD-0B58-4C46-BB93-4F99DC34787A}.CD_ROM|ARM.ActiveCfg = Release|Any CPU
		{DAA088AD-0B58-4C46-BB93-4F99DC34787A}.CD_ROM|ARM.Build.0 = Release|Any CPU
		{DAA088AD-0B58-4C46-BB93-4F99DC34787A}.CD_ROM|x64.ActiveCfg = Release|Any CPU
		{DAA088AD-0B58-4C46-BB93-4F99DC34787A}.CD_ROM|x64.Build.0 = Release|Any CPU
		{DAA088AD-0B58-4C46-BB93-4F99DC34787A}.CD_ROM|x86.ActiveCfg = Release|Any CPU
		{DAA088AD-0B58-4C46-BB93-4F99DC34787A}.CD_ROM|x86.Build.0 = Release|Any CPU
		{DAA088AD-0B58-4C46-BB93-4F99DC34787A}.Debug|Any CPU.ActiveCfg = Debug|Any CPU
		{DAA088AD-0B58-4C46-BB93-4F99DC34787A}.Debug|Any CPU.Build.0 = Debug|Any CPU
		{DAA088AD-0B58-4C46-BB93-4F99DC34787A}.Debug|ARM.ActiveCfg = Debug|Any CPU
		{DAA088AD-0B58-4C46-BB93-4F99DC34787A}.Debug|ARM.Build.0 = Debug|Any CPU
		{DAA088AD-0B58-4C46-BB93-4F99DC34787A}.Debug|x64.ActiveCfg = Debug|Any CPU
		{DAA088AD-0B58-4C46-BB93-4F99DC34787A}.Debug|x64.Build.0 = Debug|Any CPU
		{DAA088AD-0B58-4C46-BB93-4F99DC34787A}.Debug|x86.ActiveCfg = Debug|Any CPU
		{DAA088AD-0B58-4C46-BB93-4F99DC34787A}.Debug|x86.Build.0 = Debug|Any CPU
		{DAA088AD-0B58-4C46-BB93-4F99DC34787A}.DVD-5|Any CPU.ActiveCfg = Debug|Any CPU
		{DAA088AD-0B58-4C46-BB93-4F99DC34787A}.DVD-5|Any CPU.Build.0 = Debug|Any CPU
		{DAA088AD-0B58-4C46-BB93-4F99DC34787A}.DVD-5|ARM.ActiveCfg = Debug|Any CPU
		{DAA088AD-0B58-4C46-BB93-4F99DC34787A}.DVD-5|ARM.Build.0 = Debug|Any CPU
		{DAA088AD-0B58-4C46-BB93-4F99DC34787A}.DVD-5|x64.ActiveCfg = Debug|Any CPU
		{DAA088AD-0B58-4C46-BB93-4F99DC34787A}.DVD-5|x64.Build.0 = Debug|Any CPU
		{DAA088AD-0B58-4C46-BB93-4F99DC34787A}.DVD-5|x86.ActiveCfg = Debug|Any CPU
		{DAA088AD-0B58-4C46-BB93-4F99DC34787A}.DVD-5|x86.Build.0 = Debug|Any CPU
		{DAA088AD-0B58-4C46-BB93-4F99DC34787A}.Release|Any CPU.ActiveCfg = Release|Any CPU
		{DAA088AD-0B58-4C46-BB93-4F99DC34787A}.Release|Any CPU.Build.0 = Release|Any CPU
		{DAA088AD-0B58-4C46-BB93-4F99DC34787A}.Release|ARM.ActiveCfg = Release|Any CPU
		{DAA088AD-0B58-4C46-BB93-4F99DC34787A}.Release|ARM.Build.0 = Release|Any CPU
		{DAA088AD-0B58-4C46-BB93-4F99DC34787A}.Release|x64.ActiveCfg = Release|Any CPU
		{DAA088AD-0B58-4C46-BB93-4F99DC34787A}.Release|x64.Build.0 = Release|Any CPU
		{DAA088AD-0B58-4C46-BB93-4F99DC34787A}.Release|x86.ActiveCfg = Release|Any CPU
		{DAA088AD-0B58-4C46-BB93-4F99DC34787A}.Release|x86.Build.0 = Release|Any CPU
		{DAA088AD-0B58-4C46-BB93-4F99DC34787A}.SingleImage|Any CPU.ActiveCfg = Release|Any CPU
		{DAA088AD-0B58-4C46-BB93-4F99DC34787A}.SingleImage|Any CPU.Build.0 = Release|Any CPU
		{DAA088AD-0B58-4C46-BB93-4F99DC34787A}.SingleImage|ARM.ActiveCfg = Release|Any CPU
		{DAA088AD-0B58-4C46-BB93-4F99DC34787A}.SingleImage|ARM.Build.0 = Release|Any CPU
		{DAA088AD-0B58-4C46-BB93-4F99DC34787A}.SingleImage|x64.ActiveCfg = Release|Any CPU
		{DAA088AD-0B58-4C46-BB93-4F99DC34787A}.SingleImage|x64.Build.0 = Release|Any CPU
		{DAA088AD-0B58-4C46-BB93-4F99DC34787A}.SingleImage|x86.ActiveCfg = Release|Any CPU
		{DAA088AD-0B58-4C46-BB93-4F99DC34787A}.SingleImage|x86.Build.0 = Release|Any CPU
		{F70ADA08-B376-4430-B947-0B2560485B73}.CD_ROM|Any CPU.ActiveCfg = Release|Any CPU
		{F70ADA08-B376-4430-B947-0B2560485B73}.CD_ROM|Any CPU.Build.0 = Release|Any CPU
		{F70ADA08-B376-4430-B947-0B2560485B73}.CD_ROM|ARM.ActiveCfg = Release|Any CPU
		{F70ADA08-B376-4430-B947-0B2560485B73}.CD_ROM|ARM.Build.0 = Release|Any CPU
		{F70ADA08-B376-4430-B947-0B2560485B73}.CD_ROM|x64.ActiveCfg = Release|Any CPU
		{F70ADA08-B376-4430-B947-0B2560485B73}.CD_ROM|x64.Build.0 = Release|Any CPU
		{F70ADA08-B376-4430-B947-0B2560485B73}.CD_ROM|x86.ActiveCfg = Release|Any CPU
		{F70ADA08-B376-4430-B947-0B2560485B73}.CD_ROM|x86.Build.0 = Release|Any CPU
		{F70ADA08-B376-4430-B947-0B2560485B73}.Debug|Any CPU.ActiveCfg = Debug|Any CPU
		{F70ADA08-B376-4430-B947-0B2560485B73}.Debug|Any CPU.Build.0 = Debug|Any CPU
		{F70ADA08-B376-4430-B947-0B2560485B73}.Debug|ARM.ActiveCfg = Debug|Any CPU
		{F70ADA08-B376-4430-B947-0B2560485B73}.Debug|ARM.Build.0 = Debug|Any CPU
		{F70ADA08-B376-4430-B947-0B2560485B73}.Debug|x64.ActiveCfg = Debug|Any CPU
		{F70ADA08-B376-4430-B947-0B2560485B73}.Debug|x64.Build.0 = Debug|Any CPU
		{F70ADA08-B376-4430-B947-0B2560485B73}.Debug|x86.ActiveCfg = Debug|Any CPU
		{F70ADA08-B376-4430-B947-0B2560485B73}.Debug|x86.Build.0 = Debug|Any CPU
		{F70ADA08-B376-4430-B947-0B2560485B73}.DVD-5|Any CPU.ActiveCfg = Debug|Any CPU
		{F70ADA08-B376-4430-B947-0B2560485B73}.DVD-5|Any CPU.Build.0 = Debug|Any CPU
		{F70ADA08-B376-4430-B947-0B2560485B73}.DVD-5|ARM.ActiveCfg = Debug|Any CPU
		{F70ADA08-B376-4430-B947-0B2560485B73}.DVD-5|ARM.Build.0 = Debug|Any CPU
		{F70ADA08-B376-4430-B947-0B2560485B73}.DVD-5|x64.ActiveCfg = Debug|Any CPU
		{F70ADA08-B376-4430-B947-0B2560485B73}.DVD-5|x64.Build.0 = Debug|Any CPU
		{F70ADA08-B376-4430-B947-0B2560485B73}.DVD-5|x86.ActiveCfg = Debug|Any CPU
		{F70ADA08-B376-4430-B947-0B2560485B73}.DVD-5|x86.Build.0 = Debug|Any CPU
		{F70ADA08-B376-4430-B947-0B2560485B73}.Release|Any CPU.ActiveCfg = Release|Any CPU
		{F70ADA08-B376-4430-B947-0B2560485B73}.Release|Any CPU.Build.0 = Release|Any CPU
		{F70ADA08-B376-4430-B947-0B2560485B73}.Release|ARM.ActiveCfg = Release|Any CPU
		{F70ADA08-B376-4430-B947-0B2560485B73}.Release|ARM.Build.0 = Release|Any CPU
		{F70ADA08-B376-4430-B947-0B2560485B73}.Release|x64.ActiveCfg = Release|Any CPU
		{F70ADA08-B376-4430-B947-0B2560485B73}.Release|x64.Build.0 = Release|Any CPU
		{F70ADA08-B376-4430-B947-0B2560485B73}.Release|x86.ActiveCfg = Release|Any CPU
		{F70ADA08-B376-4430-B947-0B2560485B73}.Release|x86.Build.0 = Release|Any CPU
		{F70ADA08-B376-4430-B947-0B2560485B73}.SingleImage|Any CPU.ActiveCfg = Release|Any CPU
		{F70ADA08-B376-4430-B947-0B2560485B73}.SingleImage|Any CPU.Build.0 = Release|Any CPU
		{F70ADA08-B376-4430-B947-0B2560485B73}.SingleImage|ARM.ActiveCfg = Release|Any CPU
		{F70ADA08-B376-4430-B947-0B2560485B73}.SingleImage|ARM.Build.0 = Release|Any CPU
		{F70ADA08-B376-4430-B947-0B2560485B73}.SingleImage|x64.ActiveCfg = Release|Any CPU
		{F70ADA08-B376-4430-B947-0B2560485B73}.SingleImage|x64.Build.0 = Release|Any CPU
		{F70ADA08-B376-4430-B947-0B2560485B73}.SingleImage|x86.ActiveCfg = Release|Any CPU
		{F70ADA08-B376-4430-B947-0B2560485B73}.SingleImage|x86.Build.0 = Release|Any CPU
		{B1653A19-0702-450C-AD9D-8D6BED9D3FF5}.CD_ROM|Any CPU.ActiveCfg = Release|Any CPU
		{B1653A19-0702-450C-AD9D-8D6BED9D3FF5}.CD_ROM|Any CPU.Build.0 = Release|Any CPU
		{B1653A19-0702-450C-AD9D-8D6BED9D3FF5}.CD_ROM|ARM.ActiveCfg = Release|Any CPU
		{B1653A19-0702-450C-AD9D-8D6BED9D3FF5}.CD_ROM|ARM.Build.0 = Release|Any CPU
		{B1653A19-0702-450C-AD9D-8D6BED9D3FF5}.CD_ROM|x64.ActiveCfg = Release|Any CPU
		{B1653A19-0702-450C-AD9D-8D6BED9D3FF5}.CD_ROM|x64.Build.0 = Release|Any CPU
		{B1653A19-0702-450C-AD9D-8D6BED9D3FF5}.CD_ROM|x86.ActiveCfg = Release|Any CPU
		{B1653A19-0702-450C-AD9D-8D6BED9D3FF5}.CD_ROM|x86.Build.0 = Release|Any CPU
		{B1653A19-0702-450C-AD9D-8D6BED9D3FF5}.Debug|Any CPU.ActiveCfg = Debug|Any CPU
		{B1653A19-0702-450C-AD9D-8D6BED9D3FF5}.Debug|Any CPU.Build.0 = Debug|Any CPU
		{B1653A19-0702-450C-AD9D-8D6BED9D3FF5}.Debug|ARM.ActiveCfg = Debug|Any CPU
		{B1653A19-0702-450C-AD9D-8D6BED9D3FF5}.Debug|ARM.Build.0 = Debug|Any CPU
		{B1653A19-0702-450C-AD9D-8D6BED9D3FF5}.Debug|x64.ActiveCfg = Debug|Any CPU
		{B1653A19-0702-450C-AD9D-8D6BED9D3FF5}.Debug|x64.Build.0 = Debug|Any CPU
		{B1653A19-0702-450C-AD9D-8D6BED9D3FF5}.Debug|x86.ActiveCfg = Debug|Any CPU
		{B1653A19-0702-450C-AD9D-8D6BED9D3FF5}.Debug|x86.Build.0 = Debug|Any CPU
		{B1653A19-0702-450C-AD9D-8D6BED9D3FF5}.DVD-5|Any CPU.ActiveCfg = Debug|Any CPU
		{B1653A19-0702-450C-AD9D-8D6BED9D3FF5}.DVD-5|Any CPU.Build.0 = Debug|Any CPU
		{B1653A19-0702-450C-AD9D-8D6BED9D3FF5}.DVD-5|ARM.ActiveCfg = Debug|Any CPU
		{B1653A19-0702-450C-AD9D-8D6BED9D3FF5}.DVD-5|ARM.Build.0 = Debug|Any CPU
		{B1653A19-0702-450C-AD9D-8D6BED9D3FF5}.DVD-5|x64.ActiveCfg = Debug|Any CPU
		{B1653A19-0702-450C-AD9D-8D6BED9D3FF5}.DVD-5|x64.Build.0 = Debug|Any CPU
		{B1653A19-0702-450C-AD9D-8D6BED9D3FF5}.DVD-5|x86.ActiveCfg = Debug|Any CPU
		{B1653A19-0702-450C-AD9D-8D6BED9D3FF5}.DVD-5|x86.Build.0 = Debug|Any CPU
		{B1653A19-0702-450C-AD9D-8D6BED9D3FF5}.Release|Any CPU.ActiveCfg = Release|Any CPU
		{B1653A19-0702-450C-AD9D-8D6BED9D3FF5}.Release|Any CPU.Build.0 = Release|Any CPU
		{B1653A19-0702-450C-AD9D-8D6BED9D3FF5}.Release|ARM.ActiveCfg = Release|Any CPU
		{B1653A19-0702-450C-AD9D-8D6BED9D3FF5}.Release|ARM.Build.0 = Release|Any CPU
		{B1653A19-0702-450C-AD9D-8D6BED9D3FF5}.Release|x64.ActiveCfg = Release|Any CPU
		{B1653A19-0702-450C-AD9D-8D6BED9D3FF5}.Release|x64.Build.0 = Release|Any CPU
		{B1653A19-0702-450C-AD9D-8D6BED9D3FF5}.Release|x86.ActiveCfg = Release|Any CPU
		{B1653A19-0702-450C-AD9D-8D6BED9D3FF5}.Release|x86.Build.0 = Release|Any CPU
		{B1653A19-0702-450C-AD9D-8D6BED9D3FF5}.SingleImage|Any CPU.ActiveCfg = Release|Any CPU
		{B1653A19-0702-450C-AD9D-8D6BED9D3FF5}.SingleImage|Any CPU.Build.0 = Release|Any CPU
		{B1653A19-0702-450C-AD9D-8D6BED9D3FF5}.SingleImage|ARM.ActiveCfg = Release|Any CPU
		{B1653A19-0702-450C-AD9D-8D6BED9D3FF5}.SingleImage|ARM.Build.0 = Release|Any CPU
		{B1653A19-0702-450C-AD9D-8D6BED9D3FF5}.SingleImage|x64.ActiveCfg = Release|Any CPU
		{B1653A19-0702-450C-AD9D-8D6BED9D3FF5}.SingleImage|x64.Build.0 = Release|Any CPU
		{B1653A19-0702-450C-AD9D-8D6BED9D3FF5}.SingleImage|x86.ActiveCfg = Release|Any CPU
		{B1653A19-0702-450C-AD9D-8D6BED9D3FF5}.SingleImage|x86.Build.0 = Release|Any CPU
		{33BC51A2-2564-4F61-9454-D6F51DFC0FDF}.CD_ROM|Any CPU.ActiveCfg = Release|Any CPU
		{33BC51A2-2564-4F61-9454-D6F51DFC0FDF}.CD_ROM|Any CPU.Build.0 = Release|Any CPU
		{33BC51A2-2564-4F61-9454-D6F51DFC0FDF}.CD_ROM|ARM.ActiveCfg = Release|Any CPU
		{33BC51A2-2564-4F61-9454-D6F51DFC0FDF}.CD_ROM|ARM.Build.0 = Release|Any CPU
		{33BC51A2-2564-4F61-9454-D6F51DFC0FDF}.CD_ROM|x64.ActiveCfg = Release|Any CPU
		{33BC51A2-2564-4F61-9454-D6F51DFC0FDF}.CD_ROM|x64.Build.0 = Release|Any CPU
		{33BC51A2-2564-4F61-9454-D6F51DFC0FDF}.CD_ROM|x86.ActiveCfg = Release|Any CPU
		{33BC51A2-2564-4F61-9454-D6F51DFC0FDF}.CD_ROM|x86.Build.0 = Release|Any CPU
		{33BC51A2-2564-4F61-9454-D6F51DFC0FDF}.Debug|Any CPU.ActiveCfg = Debug|Any CPU
		{33BC51A2-2564-4F61-9454-D6F51DFC0FDF}.Debug|Any CPU.Build.0 = Debug|Any CPU
		{33BC51A2-2564-4F61-9454-D6F51DFC0FDF}.Debug|ARM.ActiveCfg = Debug|Any CPU
		{33BC51A2-2564-4F61-9454-D6F51DFC0FDF}.Debug|ARM.Build.0 = Debug|Any CPU
		{33BC51A2-2564-4F61-9454-D6F51DFC0FDF}.Debug|x64.ActiveCfg = Debug|Any CPU
		{33BC51A2-2564-4F61-9454-D6F51DFC0FDF}.Debug|x64.Build.0 = Debug|Any CPU
		{33BC51A2-2564-4F61-9454-D6F51DFC0FDF}.Debug|x86.ActiveCfg = Debug|Any CPU
		{33BC51A2-2564-4F61-9454-D6F51DFC0FDF}.Debug|x86.Build.0 = Debug|Any CPU
		{33BC51A2-2564-4F61-9454-D6F51DFC0FDF}.DVD-5|Any CPU.ActiveCfg = Debug|Any CPU
		{33BC51A2-2564-4F61-9454-D6F51DFC0FDF}.DVD-5|Any CPU.Build.0 = Debug|Any CPU
		{33BC51A2-2564-4F61-9454-D6F51DFC0FDF}.DVD-5|ARM.ActiveCfg = Debug|Any CPU
		{33BC51A2-2564-4F61-9454-D6F51DFC0FDF}.DVD-5|ARM.Build.0 = Debug|Any CPU
		{33BC51A2-2564-4F61-9454-D6F51DFC0FDF}.DVD-5|x64.ActiveCfg = Debug|Any CPU
		{33BC51A2-2564-4F61-9454-D6F51DFC0FDF}.DVD-5|x64.Build.0 = Debug|Any CPU
		{33BC51A2-2564-4F61-9454-D6F51DFC0FDF}.DVD-5|x86.ActiveCfg = Debug|Any CPU
		{33BC51A2-2564-4F61-9454-D6F51DFC0FDF}.DVD-5|x86.Build.0 = Debug|Any CPU
		{33BC51A2-2564-4F61-9454-D6F51DFC0FDF}.Release|Any CPU.ActiveCfg = Release|Any CPU
		{33BC51A2-2564-4F61-9454-D6F51DFC0FDF}.Release|Any CPU.Build.0 = Release|Any CPU
		{33BC51A2-2564-4F61-9454-D6F51DFC0FDF}.Release|ARM.ActiveCfg = Release|Any CPU
		{33BC51A2-2564-4F61-9454-D6F51DFC0FDF}.Release|ARM.Build.0 = Release|Any CPU
		{33BC51A2-2564-4F61-9454-D6F51DFC0FDF}.Release|x64.ActiveCfg = Release|Any CPU
		{33BC51A2-2564-4F61-9454-D6F51DFC0FDF}.Release|x64.Build.0 = Release|Any CPU
		{33BC51A2-2564-4F61-9454-D6F51DFC0FDF}.Release|x86.ActiveCfg = Release|Any CPU
		{33BC51A2-2564-4F61-9454-D6F51DFC0FDF}.Release|x86.Build.0 = Release|Any CPU
		{33BC51A2-2564-4F61-9454-D6F51DFC0FDF}.SingleImage|Any CPU.ActiveCfg = Release|Any CPU
		{33BC51A2-2564-4F61-9454-D6F51DFC0FDF}.SingleImage|Any CPU.Build.0 = Release|Any CPU
		{33BC51A2-2564-4F61-9454-D6F51DFC0FDF}.SingleImage|ARM.ActiveCfg = Release|Any CPU
		{33BC51A2-2564-4F61-9454-D6F51DFC0FDF}.SingleImage|ARM.Build.0 = Release|Any CPU
		{33BC51A2-2564-4F61-9454-D6F51DFC0FDF}.SingleImage|x64.ActiveCfg = Release|Any CPU
		{33BC51A2-2564-4F61-9454-D6F51DFC0FDF}.SingleImage|x64.Build.0 = Release|Any CPU
		{33BC51A2-2564-4F61-9454-D6F51DFC0FDF}.SingleImage|x86.ActiveCfg = Release|Any CPU
		{33BC51A2-2564-4F61-9454-D6F51DFC0FDF}.SingleImage|x86.Build.0 = Release|Any CPU
		{A1E1C871-E5A4-4A10-B2B6-4216BDEE4DA8}.CD_ROM|Any CPU.ActiveCfg = Release|Any CPU
		{A1E1C871-E5A4-4A10-B2B6-4216BDEE4DA8}.CD_ROM|Any CPU.Build.0 = Release|Any CPU
		{A1E1C871-E5A4-4A10-B2B6-4216BDEE4DA8}.CD_ROM|ARM.ActiveCfg = Release|Any CPU
		{A1E1C871-E5A4-4A10-B2B6-4216BDEE4DA8}.CD_ROM|ARM.Build.0 = Release|Any CPU
		{A1E1C871-E5A4-4A10-B2B6-4216BDEE4DA8}.CD_ROM|x64.ActiveCfg = Release|Any CPU
		{A1E1C871-E5A4-4A10-B2B6-4216BDEE4DA8}.CD_ROM|x64.Build.0 = Release|Any CPU
		{A1E1C871-E5A4-4A10-B2B6-4216BDEE4DA8}.CD_ROM|x86.ActiveCfg = Release|Any CPU
		{A1E1C871-E5A4-4A10-B2B6-4216BDEE4DA8}.CD_ROM|x86.Build.0 = Release|Any CPU
		{A1E1C871-E5A4-4A10-B2B6-4216BDEE4DA8}.Debug|Any CPU.ActiveCfg = Debug|Any CPU
		{A1E1C871-E5A4-4A10-B2B6-4216BDEE4DA8}.Debug|Any CPU.Build.0 = Debug|Any CPU
		{A1E1C871-E5A4-4A10-B2B6-4216BDEE4DA8}.Debug|ARM.ActiveCfg = Debug|Any CPU
		{A1E1C871-E5A4-4A10-B2B6-4216BDEE4DA8}.Debug|ARM.Build.0 = Debug|Any CPU
		{A1E1C871-E5A4-4A10-B2B6-4216BDEE4DA8}.Debug|x64.ActiveCfg = Debug|Any CPU
		{A1E1C871-E5A4-4A10-B2B6-4216BDEE4DA8}.Debug|x64.Build.0 = Debug|Any CPU
		{A1E1C871-E5A4-4A10-B2B6-4216BDEE4DA8}.Debug|x86.ActiveCfg = Debug|Any CPU
		{A1E1C871-E5A4-4A10-B2B6-4216BDEE4DA8}.Debug|x86.Build.0 = Debug|Any CPU
		{A1E1C871-E5A4-4A10-B2B6-4216BDEE4DA8}.DVD-5|Any CPU.ActiveCfg = Debug|Any CPU
		{A1E1C871-E5A4-4A10-B2B6-4216BDEE4DA8}.DVD-5|Any CPU.Build.0 = Debug|Any CPU
		{A1E1C871-E5A4-4A10-B2B6-4216BDEE4DA8}.DVD-5|ARM.ActiveCfg = Debug|Any CPU
		{A1E1C871-E5A4-4A10-B2B6-4216BDEE4DA8}.DVD-5|ARM.Build.0 = Debug|Any CPU
		{A1E1C871-E5A4-4A10-B2B6-4216BDEE4DA8}.DVD-5|x64.ActiveCfg = Debug|Any CPU
		{A1E1C871-E5A4-4A10-B2B6-4216BDEE4DA8}.DVD-5|x64.Build.0 = Debug|Any CPU
		{A1E1C871-E5A4-4A10-B2B6-4216BDEE4DA8}.DVD-5|x86.ActiveCfg = Debug|Any CPU
		{A1E1C871-E5A4-4A10-B2B6-4216BDEE4DA8}.DVD-5|x86.Build.0 = Debug|Any CPU
		{A1E1C871-E5A4-4A10-B2B6-4216BDEE4DA8}.Release|Any CPU.ActiveCfg = Release|Any CPU
		{A1E1C871-E5A4-4A10-B2B6-4216BDEE4DA8}.Release|Any CPU.Build.0 = Release|Any CPU
		{A1E1C871-E5A4-4A10-B2B6-4216BDEE4DA8}.Release|ARM.ActiveCfg = Release|Any CPU
		{A1E1C871-E5A4-4A10-B2B6-4216BDEE4DA8}.Release|ARM.Build.0 = Release|Any CPU
		{A1E1C871-E5A4-4A10-B2B6-4216BDEE4DA8}.Release|x64.ActiveCfg = Release|Any CPU
		{A1E1C871-E5A4-4A10-B2B6-4216BDEE4DA8}.Release|x64.Build.0 = Release|Any CPU
		{A1E1C871-E5A4-4A10-B2B6-4216BDEE4DA8}.Release|x86.ActiveCfg = Release|Any CPU
		{A1E1C871-E5A4-4A10-B2B6-4216BDEE4DA8}.Release|x86.Build.0 = Release|Any CPU
		{A1E1C871-E5A4-4A10-B2B6-4216BDEE4DA8}.SingleImage|Any CPU.ActiveCfg = Release|Any CPU
		{A1E1C871-E5A4-4A10-B2B6-4216BDEE4DA8}.SingleImage|Any CPU.Build.0 = Release|Any CPU
		{A1E1C871-E5A4-4A10-B2B6-4216BDEE4DA8}.SingleImage|ARM.ActiveCfg = Release|Any CPU
		{A1E1C871-E5A4-4A10-B2B6-4216BDEE4DA8}.SingleImage|ARM.Build.0 = Release|Any CPU
		{A1E1C871-E5A4-4A10-B2B6-4216BDEE4DA8}.SingleImage|x64.ActiveCfg = Release|Any CPU
		{A1E1C871-E5A4-4A10-B2B6-4216BDEE4DA8}.SingleImage|x64.Build.0 = Release|Any CPU
		{A1E1C871-E5A4-4A10-B2B6-4216BDEE4DA8}.SingleImage|x86.ActiveCfg = Release|Any CPU
		{A1E1C871-E5A4-4A10-B2B6-4216BDEE4DA8}.SingleImage|x86.Build.0 = Release|Any CPU
	EndGlobalSection
	GlobalSection(SolutionProperties) = preSolution
		HideSolutionNode = FALSE
	EndGlobalSection
	GlobalSection(NestedProjects) = preSolution
		{B68B64DA-0945-4963-A12F-3D2017AE442E} = {C59705EF-9138-4B22-85D7-C53F8A0349B6}
		{CDD47213-A6B9-4775-970E-94DA0EB82A1C} = {2D971E59-2668-4923-93FF-4603E81EDF25}
		{3AC95208-1C93-4C6E-9930-9269AB37CAFC} = {C59705EF-9138-4B22-85D7-C53F8A0349B6}
		{EAF7B543-C296-4A5D-B788-CF0103F0E071} = {85C6C535-605F-49CA-8110-D82694C7C365}
		{D9844A6F-9496-47FD-80D7-835C1523DE14} = {8B7B62AB-1972-4F4F-BDBE-A4BFD766D7A7}
		{94E82EF7-EEC2-48AF-9BFD-89EB27D48F6B} = {8B7B62AB-1972-4F4F-BDBE-A4BFD766D7A7}
		{84A25D9A-4747-4B69-9C79-5C23210530D2} = {BCD47783-6762-4B9D-965C-8E0C677E76C3}
		{82737D92-92C4-4B74-B9A8-94FBFBA1251E} = {8B7B62AB-1972-4F4F-BDBE-A4BFD766D7A7}
		{E84127D7-D75E-4D5F-801E-1732D27FA05D} = {85C6C535-605F-49CA-8110-D82694C7C365}
		{8B0E0633-3BE9-470C-8C3C-EA2960650194} = {9350B422-7BC9-490D-8CDB-ED2473917269}
		{6F0A1AEF-997E-4355-BB38-A4ACF6710EDF} = {BCD47783-6762-4B9D-965C-8E0C677E76C3}
		{97CA2119-5977-4DE5-9C91-A64D97CB9035} = {BCD47783-6762-4B9D-965C-8E0C677E76C3}
		{3CB12AF2-7655-46F6-9969-990730F73964} = {BCD47783-6762-4B9D-965C-8E0C677E76C3}
		{C95B4D0D-9958-4DE7-A5E6-5B8A0014770B} = {8B7B62AB-1972-4F4F-BDBE-A4BFD766D7A7}
		{96322255-AA50-47C9-B83B-1EFF8FA67A17} = {8B7B62AB-1972-4F4F-BDBE-A4BFD766D7A7}
		{B5DC518F-F074-4634-8321-AE8CC1D337F4} = {18A17A42-AECF-4D5D-AA23-B7F2BE9297DC}
		{6A9E6D58-AD98-4490-A75F-9965666D1E4C} = {85C6C535-605F-49CA-8110-D82694C7C365}
		{9EB45A92-C12C-4DB1-8628-5393851B40B1} = {18A17A42-AECF-4D5D-AA23-B7F2BE9297DC}
		{8CD92AA2-DA12-42C7-A94D-9AA12F08EDDA} = {8B7B62AB-1972-4F4F-BDBE-A4BFD766D7A7}
		{AF253241-5AEE-427D-BF99-1FE5C418E95A} = {85C6C535-605F-49CA-8110-D82694C7C365}
		{A1F90F14-BC01-4EF8-9B3E-A7FE4B1B7F9F} = {30616322-066B-4FDC-9C52-F433133B1675}
		{9EE958DD-C9A6-4239-9586-88C2CB0F22A8} = {30616322-066B-4FDC-9C52-F433133B1675}
		{4BA91070-F7FA-48C6-86BC-2A48ABD16D1C} = {18A17A42-AECF-4D5D-AA23-B7F2BE9297DC}
		{DAA088AD-0B58-4C46-BB93-4F99DC34787A} = {85C6C535-605F-49CA-8110-D82694C7C365}
		{F70ADA08-B376-4430-B947-0B2560485B73} = {9350B422-7BC9-490D-8CDB-ED2473917269}
		{B1653A19-0702-450C-AD9D-8D6BED9D3FF5} = {BCD47783-6762-4B9D-965C-8E0C677E76C3}
		{33BC51A2-2564-4F61-9454-D6F51DFC0FDF} = {2D971E59-2668-4923-93FF-4603E81EDF25}
		{A1E1C871-E5A4-4A10-B2B6-4216BDEE4DA8} = {E00FDE2F-093A-4A55-9E9C-978907F91855}
	EndGlobalSection
EndGlobal
