
Microsoft Visual Studio Solution File, Format Version 12.00
# Visual Studio 14
VisualStudioVersion = 14.0.25420.1
MinimumVisualStudioVersion = 10.0.40219.1
Project("{2150E333-8FDC-42A3-9474-1A3956D46DE8}") = "API", "API", "{C59705EF-9138-4B22-85D7-C53F8A0349B6}"
EndProject
Project("{2150E333-8FDC-42A3-9474-1A3956D46DE8}") = "Service", "Service", "{8B7B62AB-1972-4F4F-BDBE-A4BFD766D7A7}"
EndProject
Project("{2150E333-8FDC-42A3-9474-1A3956D46DE8}") = "UI", "UI", "{85C6C535-605F-49CA-8110-D82694C7C365}"
EndProject
Project("{2150E333-8FDC-42A3-9474-1A3956D46DE8}") = "Data", "Data", "{2D971E59-2668-4923-93FF-4603E81EDF25}"
EndProject
Project("{FAE04EC0-301F-11D3-BF4B-00C04F79EFBC}") = "Keebee.AAT.Operations.Service", "API\Keebee.AAT.Operations.Service\Keebee.AAT.Operations.Service.csproj", "{B68B64DA-0945-4963-A12F-3D2017AE442E}"
EndProject
Project("{FAE04EC0-301F-11D3-BF4B-00C04F79EFBC}") = "Keebee.AAT.DataAccess", "Data\Keebee.AAT.DataAccess\Keebee.AAT.DataAccess.csproj", "{8B2310C0-F9CE-48B3-A194-4150EE59F8B3}"
EndProject
Project("{FAE04EC0-301F-11D3-BF4B-00C04F79EFBC}") = "Keebee.AAT.DataAccess.Tests", "Data\Keebee.AAT.DataAccess.Tests\Keebee.AAT.DataAccess.Tests.csproj", "{CDD47213-A6B9-4775-970E-94DA0EB82A1C}"
EndProject
Project("{FAE04EC0-301F-11D3-BF4B-00C04F79EFBC}") = "Keebee.AAT.Operations", "API\Keebee.AAT.Operations\Keebee.AAT.Operations.csproj", "{3AC95208-1C93-4C6E-9930-9269AB37CAFC}"
EndProject
Project("{FAE04EC0-301F-11D3-BF4B-00C04F79EFBC}") = "Keebee.AAT.Simulator", "UI\Keebee.AAT.Simulator\Keebee.AAT.Simulator.csproj", "{EAF7B543-C296-4A5D-B788-CF0103F0E071}"
EndProject
Project("{FAE04EC0-301F-11D3-BF4B-00C04F79EFBC}") = "Keebee.AAT.Display", "UI\Keebee.AAT.Display\Keebee.AAT.Display.csproj", "{DAA088AD-0B58-4C46-BB93-4F99DC34787A}"
EndProject
Project("{FAE04EC0-301F-11D3-BF4B-00C04F79EFBC}") = "Keebee.AAT.StateMachineService", "Service\Keebee.AAT.StateMachineService\Keebee.AAT.StateMachineService.csproj", "{D9844A6F-9496-47FD-80D7-835C1523DE14}"
EndProject
Project("{FAE04EC0-301F-11D3-BF4B-00C04F79EFBC}") = "Keebee.AAT.PhidgetService", "Service\Keebee.AAT.PhidgetService\Keebee.AAT.PhidgetService.csproj", "{94E82EF7-EEC2-48AF-9BFD-89EB27D48F6B}"
EndProject
Project("{FAE04EC0-301F-11D3-BF4B-00C04F79EFBC}") = "Keebee.AAT.RfidReaderService", "Service\Keebee.AAT.RFIDReaderService\Keebee.AAT.RfidReaderService.csproj", "{9927DAFE-39BD-4E0C-B04F-0FA8660458DA}"
EndProject
Project("{2150E333-8FDC-42A3-9474-1A3956D46DE8}") = "Shared", "Shared", "{BCD47783-6762-4B9D-965C-8E0C677E76C3}"
EndProject
Project("{2150E333-8FDC-42A3-9474-1A3956D46DE8}") = "RESTClient", "RESTClient", "{C43E8698-A496-410B-853A-36389E42A025}"
EndProject
Project("{FAE04EC0-301F-11D3-BF4B-00C04F79EFBC}") = "Keebee.AAT.RESTClient", "RESTClient\Keebee.AAT.RESTClient\Keebee.AAT.RESTClient.csproj", "{A1F90F14-BC01-4EF8-9B3E-A7FE4B1B7F9F}"
EndProject
Project("{FAE04EC0-301F-11D3-BF4B-00C04F79EFBC}") = "Keebee.AAT.MessageQueuing", "Shared\Keebee.AAT.MessageQueuing\Keebee.AAT.MessageQueuing.csproj", "{84A25D9A-4747-4B69-9C79-5C23210530D2}"
EndProject
Project("{FAE04EC0-301F-11D3-BF4B-00C04F79EFBC}") = "Keebee.AAT.ServiceModels", "Service\Keebee.AAT.ServiceModels\Keebee.AAT.ServiceModels.csproj", "{82737D92-92C4-4B74-B9A8-94FBFBA1251E}"
EndProject
Project("{FAE04EC0-301F-11D3-BF4B-00C04F79EFBC}") = "Keebee.AAT.PhidgetMonitor", "UI\Keebee.AAT.PhidgetMonitor\Keebee.AAT.PhidgetMonitor.csproj", "{E84127D7-D75E-4D5F-801E-1732D27FA05D}"
EndProject
Project("{FAE04EC0-301F-11D3-BF4B-00C04F79EFBC}") = "Keebee.AAT.RfidReaderMonitor", "UI\Keebee.AAT.RFIDReaderMonitor\Keebee.AAT.RfidReaderMonitor.csproj", "{1CA213E0-D9D8-4823-8EEC-9BDC51F71F22}"
EndProject
Project("{2150E333-8FDC-42A3-9474-1A3956D46DE8}") = "WebUI", "WebUI", "{9350B422-7BC9-490D-8CDB-ED2473917269}"
EndProject
Project("{FAE04EC0-301F-11D3-BF4B-00C04F79EFBC}") = "Keebee.AAT.Administrator", "WebUI\Keebee.AAT.Administrator\Keebee.AAT.Administrator.csproj", "{B774C858-867E-4171-9EB3-22073E5FBC21}"
EndProject
Project("{FAE04EC0-301F-11D3-BF4B-00C04F79EFBC}") = "Keebee.AAT.BusinessRules", "WebUI\Keebee.AAT.BusinessRules\Keebee.AAT.BusinessRules.csproj", "{8B0E0633-3BE9-470C-8C3C-EA2960650194}"
EndProject
Project("{2150E333-8FDC-42A3-9474-1A3956D46DE8}") = "Scheduled Tasks", "Scheduled Tasks", "{18A17A42-AECF-4D5D-AA23-B7F2BE9297DC}"
EndProject
Project("{FAE04EC0-301F-11D3-BF4B-00C04F79EFBC}") = "Keebee.AAT.SystemEventLogging", "Shared\Keebee.AAT.SystemEventLogging\Keebee.AAT.SystemEventLogging.csproj", "{6F0A1AEF-997E-4355-BB38-A4ACF6710EDF}"
EndProject
Project("{FAE04EC0-301F-11D3-BF4B-00C04F79EFBC}") = "Keebee.AAT.Exporting", "Shared\Keebee.AAT.Exporting\Keebee.AAT.Exporting.csproj", "{97CA2119-5977-4DE5-9C91-A64D97CB9035}"
EndProject
Project("{FAE04EC0-301F-11D3-BF4B-00C04F79EFBC}") = "Keebee.AAT.EventLogExporter", "Scheduled Tasks\Keebee.AAT.Exporter\Keebee.AAT.EventLogExporter.csproj", "{B5DC518F-F074-4634-8321-AE8CC1D337F4}"
EndProject
Project("{FAE04EC0-301F-11D3-BF4B-00C04F79EFBC}") = "Keebee.AAT.Shared", "Shared\Keebee.AAT.Shared\Keebee.AAT.Shared.csproj", "{3CB12AF2-7655-46F6-9969-990730F73964}"
EndProject
Project("{FAE04EC0-301F-11D3-BF4B-00C04F79EFBC}") = "Keebee.AAT.RESTClientTests", "RESTClient\Keebee.AAT.RESTClientTests\Keebee.AAT.RESTClientTests.csproj", "{9EE958DD-C9A6-4239-9586-88C2CB0F22A8}"
EndProject
Project("{FAE04EC0-301F-11D3-BF4B-00C04F79EFBC}") = "Keebee.AAT.KeepIISAliveService", "Service\Keebee.AAT.KeepIISAliveService\Keebee.AAT.KeepIISAliveService.csproj", "{C95B4D0D-9958-4DE7-A5E6-5B8A0014770B}"
EndProject
Project("{FAE04EC0-301F-11D3-BF4B-00C04F79EFBC}") = "Keebee.AAT.VideoCaptureService", "Service\Keebee.AAT.VideoCaptureService\Keebee.AAT.VideoCaptureService.csproj", "{96322255-AA50-47C9-B83B-1EFF8FA67A17}"
EndProject
Global
	GlobalSection(SolutionConfigurationPlatforms) = preSolution
		CD_ROM|Any CPU = CD_ROM|Any CPU
		CD_ROM|ARM = CD_ROM|ARM
		CD_ROM|x64 = CD_ROM|x64
		CD_ROM|x86 = CD_ROM|x86
		Debug|Any CPU = Debug|Any CPU
		Debug|ARM = Debug|ARM
		Debug|x64 = Debug|x64
		Debug|x86 = Debug|x86
		DVD-5|Any CPU = DVD-5|Any CPU
		DVD-5|ARM = DVD-5|ARM
		DVD-5|x64 = DVD-5|x64
		DVD-5|x86 = DVD-5|x86
		Release|Any CPU = Release|Any CPU
		Release|ARM = Release|ARM
		Release|x64 = Release|x64
		Release|x86 = Release|x86
		SingleImage|Any CPU = SingleImage|Any CPU
		SingleImage|ARM = SingleImage|ARM
		SingleImage|x64 = SingleImage|x64
		SingleImage|x86 = SingleImage|x86
	EndGlobalSection
	GlobalSection(ProjectConfigurationPlatforms) = postSolution
		{B68B64DA-0945-4963-A12F-3D2017AE442E}.CD_ROM|Any CPU.ActiveCfg = Release|Any CPU
		{B68B64DA-0945-4963-A12F-3D2017AE442E}.CD_ROM|Any CPU.Build.0 = Release|Any CPU
		{B68B64DA-0945-4963-A12F-3D2017AE442E}.CD_ROM|ARM.ActiveCfg = Debug|Any CPU
		{B68B64DA-0945-4963-A12F-3D2017AE442E}.CD_ROM|ARM.Build.0 = Debug|Any CPU
		{B68B64DA-0945-4963-A12F-3D2017AE442E}.CD_ROM|x64.ActiveCfg = Debug|Any CPU
		{B68B64DA-0945-4963-A12F-3D2017AE442E}.CD_ROM|x64.Build.0 = Debug|Any CPU
		{B68B64DA-0945-4963-A12F-3D2017AE442E}.CD_ROM|x86.ActiveCfg = Debug|Any CPU
		{B68B64DA-0945-4963-A12F-3D2017AE442E}.Debug|Any CPU.ActiveCfg = Debug|Any CPU
		{B68B64DA-0945-4963-A12F-3D2017AE442E}.Debug|Any CPU.Build.0 = Debug|Any CPU
		{B68B64DA-0945-4963-A12F-3D2017AE442E}.Debug|ARM.ActiveCfg = Debug|Any CPU
		{B68B64DA-0945-4963-A12F-3D2017AE442E}.Debug|ARM.Build.0 = Debug|Any CPU
		{B68B64DA-0945-4963-A12F-3D2017AE442E}.Debug|x64.ActiveCfg = Debug|Any CPU
		{B68B64DA-0945-4963-A12F-3D2017AE442E}.Debug|x64.Build.0 = Debug|Any CPU
		{B68B64DA-0945-4963-A12F-3D2017AE442E}.Debug|x86.ActiveCfg = Debug|Any CPU
		{B68B64DA-0945-4963-A12F-3D2017AE442E}.DVD-5|Any CPU.ActiveCfg = Debug|Any CPU
		{B68B64DA-0945-4963-A12F-3D2017AE442E}.DVD-5|Any CPU.Build.0 = Debug|Any CPU
		{B68B64DA-0945-4963-A12F-3D2017AE442E}.DVD-5|ARM.ActiveCfg = Debug|Any CPU
		{B68B64DA-0945-4963-A12F-3D2017AE442E}.DVD-5|ARM.Build.0 = Debug|Any CPU
		{B68B64DA-0945-4963-A12F-3D2017AE442E}.DVD-5|x64.ActiveCfg = Debug|Any CPU
		{B68B64DA-0945-4963-A12F-3D2017AE442E}.DVD-5|x64.Build.0 = Debug|Any CPU
		{B68B64DA-0945-4963-A12F-3D2017AE442E}.DVD-5|x86.ActiveCfg = Debug|Any CPU
		{B68B64DA-0945-4963-A12F-3D2017AE442E}.Release|Any CPU.ActiveCfg = Release|Any CPU
		{B68B64DA-0945-4963-A12F-3D2017AE442E}.Release|Any CPU.Build.0 = Release|Any CPU
		{B68B64DA-0945-4963-A12F-3D2017AE442E}.Release|ARM.ActiveCfg = Release|Any CPU
		{B68B64DA-0945-4963-A12F-3D2017AE442E}.Release|ARM.Build.0 = Release|Any CPU
		{B68B64DA-0945-4963-A12F-3D2017AE442E}.Release|x64.ActiveCfg = Release|Any CPU
		{B68B64DA-0945-4963-A12F-3D2017AE442E}.Release|x64.Build.0 = Release|Any CPU
		{B68B64DA-0945-4963-A12F-3D2017AE442E}.Release|x86.ActiveCfg = Release|Any CPU
		{B68B64DA-0945-4963-A12F-3D2017AE442E}.SingleImage|Any CPU.ActiveCfg = Release|Any CPU
		{B68B64DA-0945-4963-A12F-3D2017AE442E}.SingleImage|Any CPU.Build.0 = Release|Any CPU
		{B68B64DA-0945-4963-A12F-3D2017AE442E}.SingleImage|ARM.ActiveCfg = Debug|Any CPU
		{B68B64DA-0945-4963-A12F-3D2017AE442E}.SingleImage|ARM.Build.0 = Debug|Any CPU
		{B68B64DA-0945-4963-A12F-3D2017AE442E}.SingleImage|x64.ActiveCfg = Debug|Any CPU
		{B68B64DA-0945-4963-A12F-3D2017AE442E}.SingleImage|x64.Build.0 = Debug|Any CPU
		{B68B64DA-0945-4963-A12F-3D2017AE442E}.SingleImage|x86.ActiveCfg = Debug|Any CPU
		{8B2310C0-F9CE-48B3-A194-4150EE59F8B3}.CD_ROM|Any CPU.ActiveCfg = Release|Any CPU
		{8B2310C0-F9CE-48B3-A194-4150EE59F8B3}.CD_ROM|Any CPU.Build.0 = Release|Any CPU
		{8B2310C0-F9CE-48B3-A194-4150EE59F8B3}.CD_ROM|ARM.ActiveCfg = Debug|Any CPU
		{8B2310C0-F9CE-48B3-A194-4150EE59F8B3}.CD_ROM|ARM.Build.0 = Debug|Any CPU
		{8B2310C0-F9CE-48B3-A194-4150EE59F8B3}.CD_ROM|x64.ActiveCfg = Debug|Any CPU
		{8B2310C0-F9CE-48B3-A194-4150EE59F8B3}.CD_ROM|x64.Build.0 = Debug|Any CPU
		{8B2310C0-F9CE-48B3-A194-4150EE59F8B3}.CD_ROM|x86.ActiveCfg = Debug|Any CPU
		{8B2310C0-F9CE-48B3-A194-4150EE59F8B3}.Debug|Any CPU.ActiveCfg = Debug|Any CPU
		{8B2310C0-F9CE-48B3-A194-4150EE59F8B3}.Debug|Any CPU.Build.0 = Debug|Any CPU
		{8B2310C0-F9CE-48B3-A194-4150EE59F8B3}.Debug|ARM.ActiveCfg = Debug|Any CPU
		{8B2310C0-F9CE-48B3-A194-4150EE59F8B3}.Debug|ARM.Build.0 = Debug|Any CPU
		{8B2310C0-F9CE-48B3-A194-4150EE59F8B3}.Debug|x64.ActiveCfg = Debug|Any CPU
		{8B2310C0-F9CE-48B3-A194-4150EE59F8B3}.Debug|x64.Build.0 = Debug|Any CPU
		{8B2310C0-F9CE-48B3-A194-4150EE59F8B3}.Debug|x86.ActiveCfg = Debug|Any CPU
		{8B2310C0-F9CE-48B3-A194-4150EE59F8B3}.DVD-5|Any CPU.ActiveCfg = Debug|Any CPU
		{8B2310C0-F9CE-48B3-A194-4150EE59F8B3}.DVD-5|Any CPU.Build.0 = Debug|Any CPU
		{8B2310C0-F9CE-48B3-A194-4150EE59F8B3}.DVD-5|ARM.ActiveCfg = Debug|Any CPU
		{8B2310C0-F9CE-48B3-A194-4150EE59F8B3}.DVD-5|ARM.Build.0 = Debug|Any CPU
		{8B2310C0-F9CE-48B3-A194-4150EE59F8B3}.DVD-5|x64.ActiveCfg = Debug|Any CPU
		{8B2310C0-F9CE-48B3-A194-4150EE59F8B3}.DVD-5|x64.Build.0 = Debug|Any CPU
		{8B2310C0-F9CE-48B3-A194-4150EE59F8B3}.DVD-5|x86.ActiveCfg = Debug|Any CPU
		{8B2310C0-F9CE-48B3-A194-4150EE59F8B3}.Release|Any CPU.ActiveCfg = Release|Any CPU
		{8B2310C0-F9CE-48B3-A194-4150EE59F8B3}.Release|Any CPU.Build.0 = Release|Any CPU
		{8B2310C0-F9CE-48B3-A194-4150EE59F8B3}.Release|ARM.ActiveCfg = Release|Any CPU
		{8B2310C0-F9CE-48B3-A194-4150EE59F8B3}.Release|ARM.Build.0 = Release|Any CPU
		{8B2310C0-F9CE-48B3-A194-4150EE59F8B3}.Release|x64.ActiveCfg = Release|Any CPU
		{8B2310C0-F9CE-48B3-A194-4150EE59F8B3}.Release|x64.Build.0 = Release|Any CPU
		{8B2310C0-F9CE-48B3-A194-4150EE59F8B3}.Release|x86.ActiveCfg = Release|Any CPU
		{8B2310C0-F9CE-48B3-A194-4150EE59F8B3}.SingleImage|Any CPU.ActiveCfg = Release|Any CPU
		{8B2310C0-F9CE-48B3-A194-4150EE59F8B3}.SingleImage|Any CPU.Build.0 = Release|Any CPU
		{8B2310C0-F9CE-48B3-A194-4150EE59F8B3}.SingleImage|ARM.ActiveCfg = Debug|Any CPU
		{8B2310C0-F9CE-48B3-A194-4150EE59F8B3}.SingleImage|ARM.Build.0 = Debug|Any CPU
		{8B2310C0-F9CE-48B3-A194-4150EE59F8B3}.SingleImage|x64.ActiveCfg = Debug|Any CPU
		{8B2310C0-F9CE-48B3-A194-4150EE59F8B3}.SingleImage|x64.Build.0 = Debug|Any CPU
		{8B2310C0-F9CE-48B3-A194-4150EE59F8B3}.SingleImage|x86.ActiveCfg = Debug|Any CPU
		{CDD47213-A6B9-4775-970E-94DA0EB82A1C}.CD_ROM|Any CPU.ActiveCfg = Release|Any CPU
		{CDD47213-A6B9-4775-970E-94DA0EB82A1C}.CD_ROM|Any CPU.Build.0 = Release|Any CPU
		{CDD47213-A6B9-4775-970E-94DA0EB82A1C}.CD_ROM|ARM.ActiveCfg = Debug|Any CPU
		{CDD47213-A6B9-4775-970E-94DA0EB82A1C}.CD_ROM|ARM.Build.0 = Debug|Any CPU
		{CDD47213-A6B9-4775-970E-94DA0EB82A1C}.CD_ROM|x64.ActiveCfg = Debug|Any CPU
		{CDD47213-A6B9-4775-970E-94DA0EB82A1C}.CD_ROM|x64.Build.0 = Debug|Any CPU
		{CDD47213-A6B9-4775-970E-94DA0EB82A1C}.CD_ROM|x86.ActiveCfg = Debug|Any CPU
		{CDD47213-A6B9-4775-970E-94DA0EB82A1C}.Debug|Any CPU.ActiveCfg = Debug|Any CPU
		{CDD47213-A6B9-4775-970E-94DA0EB82A1C}.Debug|Any CPU.Build.0 = Debug|Any CPU
		{CDD47213-A6B9-4775-970E-94DA0EB82A1C}.Debug|ARM.ActiveCfg = Debug|Any CPU
		{CDD47213-A6B9-4775-970E-94DA0EB82A1C}.Debug|ARM.Build.0 = Debug|Any CPU
		{CDD47213-A6B9-4775-970E-94DA0EB82A1C}.Debug|x64.ActiveCfg = Debug|Any CPU
		{CDD47213-A6B9-4775-970E-94DA0EB82A1C}.Debug|x64.Build.0 = Debug|Any CPU
		{CDD47213-A6B9-4775-970E-94DA0EB82A1C}.Debug|x86.ActiveCfg = Debug|Any CPU
		{CDD47213-A6B9-4775-970E-94DA0EB82A1C}.DVD-5|Any CPU.ActiveCfg = Debug|Any CPU
		{CDD47213-A6B9-4775-970E-94DA0EB82A1C}.DVD-5|Any CPU.Build.0 = Debug|Any CPU
		{CDD47213-A6B9-4775-970E-94DA0EB82A1C}.DVD-5|ARM.ActiveCfg = Debug|Any CPU
		{CDD47213-A6B9-4775-970E-94DA0EB82A1C}.DVD-5|ARM.Build.0 = Debug|Any CPU
		{CDD47213-A6B9-4775-970E-94DA0EB82A1C}.DVD-5|x64.ActiveCfg = Debug|Any CPU
		{CDD47213-A6B9-4775-970E-94DA0EB82A1C}.DVD-5|x64.Build.0 = Debug|Any CPU
		{CDD47213-A6B9-4775-970E-94DA0EB82A1C}.DVD-5|x86.ActiveCfg = Debug|Any CPU
		{CDD47213-A6B9-4775-970E-94DA0EB82A1C}.Release|Any CPU.ActiveCfg = Release|Any CPU
		{CDD47213-A6B9-4775-970E-94DA0EB82A1C}.Release|Any CPU.Build.0 = Release|Any CPU
		{CDD47213-A6B9-4775-970E-94DA0EB82A1C}.Release|ARM.ActiveCfg = Release|Any CPU
		{CDD47213-A6B9-4775-970E-94DA0EB82A1C}.Release|ARM.Build.0 = Release|Any CPU
		{CDD47213-A6B9-4775-970E-94DA0EB82A1C}.Release|x64.ActiveCfg = Release|Any CPU
		{CDD47213-A6B9-4775-970E-94DA0EB82A1C}.Release|x64.Build.0 = Release|Any CPU
		{CDD47213-A6B9-4775-970E-94DA0EB82A1C}.Release|x86.ActiveCfg = Release|Any CPU
		{CDD47213-A6B9-4775-970E-94DA0EB82A1C}.SingleImage|Any CPU.ActiveCfg = Release|Any CPU
		{CDD47213-A6B9-4775-970E-94DA0EB82A1C}.SingleImage|Any CPU.Build.0 = Release|Any CPU
		{CDD47213-A6B9-4775-970E-94DA0EB82A1C}.SingleImage|ARM.ActiveCfg = Debug|Any CPU
		{CDD47213-A6B9-4775-970E-94DA0EB82A1C}.SingleImage|ARM.Build.0 = Debug|Any CPU
		{CDD47213-A6B9-4775-970E-94DA0EB82A1C}.SingleImage|x64.ActiveCfg = Debug|Any CPU
		{CDD47213-A6B9-4775-970E-94DA0EB82A1C}.SingleImage|x64.Build.0 = Debug|Any CPU
		{CDD47213-A6B9-4775-970E-94DA0EB82A1C}.SingleImage|x86.ActiveCfg = Debug|Any CPU
		{3AC95208-1C93-4C6E-9930-9269AB37CAFC}.CD_ROM|Any CPU.ActiveCfg = Release|Any CPU
		{3AC95208-1C93-4C6E-9930-9269AB37CAFC}.CD_ROM|Any CPU.Build.0 = Release|Any CPU
		{3AC95208-1C93-4C6E-9930-9269AB37CAFC}.CD_ROM|ARM.ActiveCfg = Debug|Any CPU
		{3AC95208-1C93-4C6E-9930-9269AB37CAFC}.CD_ROM|ARM.Build.0 = Debug|Any CPU
		{3AC95208-1C93-4C6E-9930-9269AB37CAFC}.CD_ROM|x64.ActiveCfg = Debug|Any CPU
		{3AC95208-1C93-4C6E-9930-9269AB37CAFC}.CD_ROM|x64.Build.0 = Debug|Any CPU
		{3AC95208-1C93-4C6E-9930-9269AB37CAFC}.CD_ROM|x86.ActiveCfg = Debug|Any CPU
		{3AC95208-1C93-4C6E-9930-9269AB37CAFC}.Debug|Any CPU.ActiveCfg = Debug|Any CPU
		{3AC95208-1C93-4C6E-9930-9269AB37CAFC}.Debug|Any CPU.Build.0 = Debug|Any CPU
		{3AC95208-1C93-4C6E-9930-9269AB37CAFC}.Debug|ARM.ActiveCfg = Debug|Any CPU
		{3AC95208-1C93-4C6E-9930-9269AB37CAFC}.Debug|ARM.Build.0 = Debug|Any CPU
		{3AC95208-1C93-4C6E-9930-9269AB37CAFC}.Debug|x64.ActiveCfg = Debug|Any CPU
		{3AC95208-1C93-4C6E-9930-9269AB37CAFC}.Debug|x64.Build.0 = Debug|Any CPU
		{3AC95208-1C93-4C6E-9930-9269AB37CAFC}.Debug|x86.ActiveCfg = Debug|Any CPU
		{3AC95208-1C93-4C6E-9930-9269AB37CAFC}.DVD-5|Any CPU.ActiveCfg = Debug|Any CPU
		{3AC95208-1C93-4C6E-9930-9269AB37CAFC}.DVD-5|Any CPU.Build.0 = Debug|Any CPU
		{3AC95208-1C93-4C6E-9930-9269AB37CAFC}.DVD-5|ARM.ActiveCfg = Debug|Any CPU
		{3AC95208-1C93-4C6E-9930-9269AB37CAFC}.DVD-5|ARM.Build.0 = Debug|Any CPU
		{3AC95208-1C93-4C6E-9930-9269AB37CAFC}.DVD-5|x64.ActiveCfg = Debug|Any CPU
		{3AC95208-1C93-4C6E-9930-9269AB37CAFC}.DVD-5|x64.Build.0 = Debug|Any CPU
		{3AC95208-1C93-4C6E-9930-9269AB37CAFC}.DVD-5|x86.ActiveCfg = Debug|Any CPU
		{3AC95208-1C93-4C6E-9930-9269AB37CAFC}.Release|Any CPU.ActiveCfg = Release|Any CPU
		{3AC95208-1C93-4C6E-9930-9269AB37CAFC}.Release|Any CPU.Build.0 = Release|Any CPU
		{3AC95208-1C93-4C6E-9930-9269AB37CAFC}.Release|ARM.ActiveCfg = Release|Any CPU
		{3AC95208-1C93-4C6E-9930-9269AB37CAFC}.Release|ARM.Build.0 = Release|Any CPU
		{3AC95208-1C93-4C6E-9930-9269AB37CAFC}.Release|x64.ActiveCfg = Release|Any CPU
		{3AC95208-1C93-4C6E-9930-9269AB37CAFC}.Release|x64.Build.0 = Release|Any CPU
		{3AC95208-1C93-4C6E-9930-9269AB37CAFC}.Release|x86.ActiveCfg = Release|Any CPU
		{3AC95208-1C93-4C6E-9930-9269AB37CAFC}.SingleImage|Any CPU.ActiveCfg = Release|Any CPU
		{3AC95208-1C93-4C6E-9930-9269AB37CAFC}.SingleImage|Any CPU.Build.0 = Release|Any CPU
		{3AC95208-1C93-4C6E-9930-9269AB37CAFC}.SingleImage|ARM.ActiveCfg = Debug|Any CPU
		{3AC95208-1C93-4C6E-9930-9269AB37CAFC}.SingleImage|ARM.Build.0 = Debug|Any CPU
		{3AC95208-1C93-4C6E-9930-9269AB37CAFC}.SingleImage|x64.ActiveCfg = Debug|Any CPU
		{3AC95208-1C93-4C6E-9930-9269AB37CAFC}.SingleImage|x64.Build.0 = Debug|Any CPU
		{3AC95208-1C93-4C6E-9930-9269AB37CAFC}.SingleImage|x86.ActiveCfg = Debug|Any CPU
		{EAF7B543-C296-4A5D-B788-CF0103F0E071}.CD_ROM|Any CPU.ActiveCfg = Release|Any CPU
		{EAF7B543-C296-4A5D-B788-CF0103F0E071}.CD_ROM|Any CPU.Build.0 = Release|Any CPU
		{EAF7B543-C296-4A5D-B788-CF0103F0E071}.CD_ROM|ARM.ActiveCfg = Debug|Any CPU
		{EAF7B543-C296-4A5D-B788-CF0103F0E071}.CD_ROM|ARM.Build.0 = Debug|Any CPU
		{EAF7B543-C296-4A5D-B788-CF0103F0E071}.CD_ROM|x64.ActiveCfg = Debug|Any CPU
		{EAF7B543-C296-4A5D-B788-CF0103F0E071}.CD_ROM|x64.Build.0 = Debug|Any CPU
		{EAF7B543-C296-4A5D-B788-CF0103F0E071}.CD_ROM|x86.ActiveCfg = Debug|Any CPU
		{EAF7B543-C296-4A5D-B788-CF0103F0E071}.Debug|Any CPU.ActiveCfg = Debug|Any CPU
		{EAF7B543-C296-4A5D-B788-CF0103F0E071}.Debug|Any CPU.Build.0 = Debug|Any CPU
		{EAF7B543-C296-4A5D-B788-CF0103F0E071}.Debug|ARM.ActiveCfg = Debug|Any CPU
		{EAF7B543-C296-4A5D-B788-CF0103F0E071}.Debug|ARM.Build.0 = Debug|Any CPU
		{EAF7B543-C296-4A5D-B788-CF0103F0E071}.Debug|x64.ActiveCfg = Debug|Any CPU
		{EAF7B543-C296-4A5D-B788-CF0103F0E071}.Debug|x64.Build.0 = Debug|Any CPU
		{EAF7B543-C296-4A5D-B788-CF0103F0E071}.Debug|x86.ActiveCfg = Debug|Any CPU
		{EAF7B543-C296-4A5D-B788-CF0103F0E071}.DVD-5|Any CPU.ActiveCfg = Debug|Any CPU
		{EAF7B543-C296-4A5D-B788-CF0103F0E071}.DVD-5|Any CPU.Build.0 = Debug|Any CPU
		{EAF7B543-C296-4A5D-B788-CF0103F0E071}.DVD-5|ARM.ActiveCfg = Debug|Any CPU
		{EAF7B543-C296-4A5D-B788-CF0103F0E071}.DVD-5|ARM.Build.0 = Debug|Any CPU
		{EAF7B543-C296-4A5D-B788-CF0103F0E071}.DVD-5|x64.ActiveCfg = Debug|Any CPU
		{EAF7B543-C296-4A5D-B788-CF0103F0E071}.DVD-5|x64.Build.0 = Debug|Any CPU
		{EAF7B543-C296-4A5D-B788-CF0103F0E071}.DVD-5|x86.ActiveCfg = Debug|Any CPU
		{EAF7B543-C296-4A5D-B788-CF0103F0E071}.Release|Any CPU.ActiveCfg = Release|Any CPU
		{EAF7B543-C296-4A5D-B788-CF0103F0E071}.Release|Any CPU.Build.0 = Release|Any CPU
		{EAF7B543-C296-4A5D-B788-CF0103F0E071}.Release|ARM.ActiveCfg = Release|Any CPU
		{EAF7B543-C296-4A5D-B788-CF0103F0E071}.Release|ARM.Build.0 = Release|Any CPU
		{EAF7B543-C296-4A5D-B788-CF0103F0E071}.Release|x64.ActiveCfg = Release|Any CPU
		{EAF7B543-C296-4A5D-B788-CF0103F0E071}.Release|x64.Build.0 = Release|Any CPU
		{EAF7B543-C296-4A5D-B788-CF0103F0E071}.Release|x86.ActiveCfg = Release|Any CPU
		{EAF7B543-C296-4A5D-B788-CF0103F0E071}.SingleImage|Any CPU.ActiveCfg = Release|Any CPU
		{EAF7B543-C296-4A5D-B788-CF0103F0E071}.SingleImage|Any CPU.Build.0 = Release|Any CPU
		{EAF7B543-C296-4A5D-B788-CF0103F0E071}.SingleImage|ARM.ActiveCfg = Debug|Any CPU
		{EAF7B543-C296-4A5D-B788-CF0103F0E071}.SingleImage|ARM.Build.0 = Debug|Any CPU
		{EAF7B543-C296-4A5D-B788-CF0103F0E071}.SingleImage|x64.ActiveCfg = Debug|Any CPU
		{EAF7B543-C296-4A5D-B788-CF0103F0E071}.SingleImage|x64.Build.0 = Debug|Any CPU
		{EAF7B543-C296-4A5D-B788-CF0103F0E071}.SingleImage|x86.ActiveCfg = Debug|Any CPU
		{DAA088AD-0B58-4C46-BB93-4F99DC34787A}.CD_ROM|Any CPU.ActiveCfg = Release|Any CPU
		{DAA088AD-0B58-4C46-BB93-4F99DC34787A}.CD_ROM|Any CPU.Build.0 = Release|Any CPU
		{DAA088AD-0B58-4C46-BB93-4F99DC34787A}.CD_ROM|ARM.ActiveCfg = Debug|Any CPU
		{DAA088AD-0B58-4C46-BB93-4F99DC34787A}.CD_ROM|ARM.Build.0 = Debug|Any CPU
		{DAA088AD-0B58-4C46-BB93-4F99DC34787A}.CD_ROM|x64.ActiveCfg = Debug|Any CPU
		{DAA088AD-0B58-4C46-BB93-4F99DC34787A}.CD_ROM|x64.Build.0 = Debug|Any CPU
		{DAA088AD-0B58-4C46-BB93-4F99DC34787A}.CD_ROM|x86.ActiveCfg = Debug|Any CPU
		{DAA088AD-0B58-4C46-BB93-4F99DC34787A}.Debug|Any CPU.ActiveCfg = Debug|Any CPU
		{DAA088AD-0B58-4C46-BB93-4F99DC34787A}.Debug|Any CPU.Build.0 = Debug|Any CPU
		{DAA088AD-0B58-4C46-BB93-4F99DC34787A}.Debug|ARM.ActiveCfg = Debug|Any CPU
		{DAA088AD-0B58-4C46-BB93-4F99DC34787A}.Debug|ARM.Build.0 = Debug|Any CPU
		{DAA088AD-0B58-4C46-BB93-4F99DC34787A}.Debug|x64.ActiveCfg = Debug|Any CPU
		{DAA088AD-0B58-4C46-BB93-4F99DC34787A}.Debug|x64.Build.0 = Debug|Any CPU
		{DAA088AD-0B58-4C46-BB93-4F99DC34787A}.Debug|x86.ActiveCfg = Debug|Any CPU
		{DAA088AD-0B58-4C46-BB93-4F99DC34787A}.DVD-5|Any CPU.ActiveCfg = Debug|Any CPU
		{DAA088AD-0B58-4C46-BB93-4F99DC34787A}.DVD-5|Any CPU.Build.0 = Debug|Any CPU
		{DAA088AD-0B58-4C46-BB93-4F99DC34787A}.DVD-5|ARM.ActiveCfg = Debug|Any CPU
		{DAA088AD-0B58-4C46-BB93-4F99DC34787A}.DVD-5|ARM.Build.0 = Debug|Any CPU
		{DAA088AD-0B58-4C46-BB93-4F99DC34787A}.DVD-5|x64.ActiveCfg = Debug|Any CPU
		{DAA088AD-0B58-4C46-BB93-4F99DC34787A}.DVD-5|x64.Build.0 = Debug|Any CPU
		{DAA088AD-0B58-4C46-BB93-4F99DC34787A}.DVD-5|x86.ActiveCfg = Debug|Any CPU
		{DAA088AD-0B58-4C46-BB93-4F99DC34787A}.Release|Any CPU.ActiveCfg = Release|Any CPU
		{DAA088AD-0B58-4C46-BB93-4F99DC34787A}.Release|Any CPU.Build.0 = Release|Any CPU
		{DAA088AD-0B58-4C46-BB93-4F99DC34787A}.Release|ARM.ActiveCfg = Release|Any CPU
		{DAA088AD-0B58-4C46-BB93-4F99DC34787A}.Release|ARM.Build.0 = Release|Any CPU
		{DAA088AD-0B58-4C46-BB93-4F99DC34787A}.Release|x64.ActiveCfg = Release|Any CPU
		{DAA088AD-0B58-4C46-BB93-4F99DC34787A}.Release|x64.Build.0 = Release|Any CPU
		{DAA088AD-0B58-4C46-BB93-4F99DC34787A}.Release|x86.ActiveCfg = Release|Any CPU
		{DAA088AD-0B58-4C46-BB93-4F99DC34787A}.SingleImage|Any CPU.ActiveCfg = Release|Any CPU
		{DAA088AD-0B58-4C46-BB93-4F99DC34787A}.SingleImage|Any CPU.Build.0 = Release|Any CPU
		{DAA088AD-0B58-4C46-BB93-4F99DC34787A}.SingleImage|ARM.ActiveCfg = Debug|Any CPU
		{DAA088AD-0B58-4C46-BB93-4F99DC34787A}.SingleImage|ARM.Build.0 = Debug|Any CPU
		{DAA088AD-0B58-4C46-BB93-4F99DC34787A}.SingleImage|x64.ActiveCfg = Debug|Any CPU
		{DAA088AD-0B58-4C46-BB93-4F99DC34787A}.SingleImage|x64.Build.0 = Debug|Any CPU
		{DAA088AD-0B58-4C46-BB93-4F99DC34787A}.SingleImage|x86.ActiveCfg = Debug|Any CPU
		{D9844A6F-9496-47FD-80D7-835C1523DE14}.CD_ROM|Any CPU.ActiveCfg = Release|Any CPU
		{D9844A6F-9496-47FD-80D7-835C1523DE14}.CD_ROM|Any CPU.Build.0 = Release|Any CPU
		{D9844A6F-9496-47FD-80D7-835C1523DE14}.CD_ROM|ARM.ActiveCfg = Debug|Any CPU
		{D9844A6F-9496-47FD-80D7-835C1523DE14}.CD_ROM|ARM.Build.0 = Debug|Any CPU
		{D9844A6F-9496-47FD-80D7-835C1523DE14}.CD_ROM|x64.ActiveCfg = Debug|Any CPU
		{D9844A6F-9496-47FD-80D7-835C1523DE14}.CD_ROM|x64.Build.0 = Debug|Any CPU
		{D9844A6F-9496-47FD-80D7-835C1523DE14}.CD_ROM|x86.ActiveCfg = Debug|Any CPU
		{D9844A6F-9496-47FD-80D7-835C1523DE14}.Debug|Any CPU.ActiveCfg = Debug|Any CPU
		{D9844A6F-9496-47FD-80D7-835C1523DE14}.Debug|Any CPU.Build.0 = Debug|Any CPU
		{D9844A6F-9496-47FD-80D7-835C1523DE14}.Debug|ARM.ActiveCfg = Debug|Any CPU
		{D9844A6F-9496-47FD-80D7-835C1523DE14}.Debug|ARM.Build.0 = Debug|Any CPU
		{D9844A6F-9496-47FD-80D7-835C1523DE14}.Debug|x64.ActiveCfg = Debug|Any CPU
		{D9844A6F-9496-47FD-80D7-835C1523DE14}.Debug|x64.Build.0 = Debug|Any CPU
		{D9844A6F-9496-47FD-80D7-835C1523DE14}.Debug|x86.ActiveCfg = Debug|Any CPU
		{D9844A6F-9496-47FD-80D7-835C1523DE14}.DVD-5|Any CPU.ActiveCfg = Debug|Any CPU
		{D9844A6F-9496-47FD-80D7-835C1523DE14}.DVD-5|Any CPU.Build.0 = Debug|Any CPU
		{D9844A6F-9496-47FD-80D7-835C1523DE14}.DVD-5|ARM.ActiveCfg = Debug|Any CPU
		{D9844A6F-9496-47FD-80D7-835C1523DE14}.DVD-5|ARM.Build.0 = Debug|Any CPU
		{D9844A6F-9496-47FD-80D7-835C1523DE14}.DVD-5|x64.ActiveCfg = Debug|Any CPU
		{D9844A6F-9496-47FD-80D7-835C1523DE14}.DVD-5|x64.Build.0 = Debug|Any CPU
		{D9844A6F-9496-47FD-80D7-835C1523DE14}.DVD-5|x86.ActiveCfg = Debug|Any CPU
		{D9844A6F-9496-47FD-80D7-835C1523DE14}.Release|Any CPU.ActiveCfg = Release|Any CPU
		{D9844A6F-9496-47FD-80D7-835C1523DE14}.Release|Any CPU.Build.0 = Release|Any CPU
		{D9844A6F-9496-47FD-80D7-835C1523DE14}.Release|ARM.ActiveCfg = Release|Any CPU
		{D9844A6F-9496-47FD-80D7-835C1523DE14}.Release|ARM.Build.0 = Release|Any CPU
		{D9844A6F-9496-47FD-80D7-835C1523DE14}.Release|x64.ActiveCfg = Release|Any CPU
		{D9844A6F-9496-47FD-80D7-835C1523DE14}.Release|x64.Build.0 = Release|Any CPU
		{D9844A6F-9496-47FD-80D7-835C1523DE14}.Release|x86.ActiveCfg = Release|Any CPU
		{D9844A6F-9496-47FD-80D7-835C1523DE14}.SingleImage|Any CPU.ActiveCfg = Release|Any CPU
		{D9844A6F-9496-47FD-80D7-835C1523DE14}.SingleImage|Any CPU.Build.0 = Release|Any CPU
		{D9844A6F-9496-47FD-80D7-835C1523DE14}.SingleImage|ARM.ActiveCfg = Debug|Any CPU
		{D9844A6F-9496-47FD-80D7-835C1523DE14}.SingleImage|ARM.Build.0 = Debug|Any CPU
		{D9844A6F-9496-47FD-80D7-835C1523DE14}.SingleImage|x64.ActiveCfg = Debug|Any CPU
		{D9844A6F-9496-47FD-80D7-835C1523DE14}.SingleImage|x64.Build.0 = Debug|Any CPU
		{D9844A6F-9496-47FD-80D7-835C1523DE14}.SingleImage|x86.ActiveCfg = Debug|Any CPU
		{94E82EF7-EEC2-48AF-9BFD-89EB27D48F6B}.CD_ROM|Any CPU.ActiveCfg = Release|Any CPU
		{94E82EF7-EEC2-48AF-9BFD-89EB27D48F6B}.CD_ROM|Any CPU.Build.0 = Release|Any CPU
		{94E82EF7-EEC2-48AF-9BFD-89EB27D48F6B}.CD_ROM|ARM.ActiveCfg = Debug|Any CPU
		{94E82EF7-EEC2-48AF-9BFD-89EB27D48F6B}.CD_ROM|ARM.Build.0 = Debug|Any CPU
		{94E82EF7-EEC2-48AF-9BFD-89EB27D48F6B}.CD_ROM|x64.ActiveCfg = Debug|Any CPU
		{94E82EF7-EEC2-48AF-9BFD-89EB27D48F6B}.CD_ROM|x64.Build.0 = Debug|Any CPU
		{94E82EF7-EEC2-48AF-9BFD-89EB27D48F6B}.CD_ROM|x86.ActiveCfg = Debug|Any CPU
		{94E82EF7-EEC2-48AF-9BFD-89EB27D48F6B}.Debug|Any CPU.ActiveCfg = Debug|Any CPU
		{94E82EF7-EEC2-48AF-9BFD-89EB27D48F6B}.Debug|Any CPU.Build.0 = Debug|Any CPU
		{94E82EF7-EEC2-48AF-9BFD-89EB27D48F6B}.Debug|ARM.ActiveCfg = Debug|Any CPU
		{94E82EF7-EEC2-48AF-9BFD-89EB27D48F6B}.Debug|ARM.Build.0 = Debug|Any CPU
		{94E82EF7-EEC2-48AF-9BFD-89EB27D48F6B}.Debug|x64.ActiveCfg = Debug|Any CPU
		{94E82EF7-EEC2-48AF-9BFD-89EB27D48F6B}.Debug|x64.Build.0 = Debug|Any CPU
		{94E82EF7-EEC2-48AF-9BFD-89EB27D48F6B}.Debug|x86.ActiveCfg = Debug|Any CPU
		{94E82EF7-EEC2-48AF-9BFD-89EB27D48F6B}.DVD-5|Any CPU.ActiveCfg = Debug|Any CPU
		{94E82EF7-EEC2-48AF-9BFD-89EB27D48F6B}.DVD-5|Any CPU.Build.0 = Debug|Any CPU
		{94E82EF7-EEC2-48AF-9BFD-89EB27D48F6B}.DVD-5|ARM.ActiveCfg = Debug|Any CPU
		{94E82EF7-EEC2-48AF-9BFD-89EB27D48F6B}.DVD-5|ARM.Build.0 = Debug|Any CPU
		{94E82EF7-EEC2-48AF-9BFD-89EB27D48F6B}.DVD-5|x64.ActiveCfg = Debug|Any CPU
		{94E82EF7-EEC2-48AF-9BFD-89EB27D48F6B}.DVD-5|x64.Build.0 = Debug|Any CPU
		{94E82EF7-EEC2-48AF-9BFD-89EB27D48F6B}.DVD-5|x86.ActiveCfg = Debug|Any CPU
		{94E82EF7-EEC2-48AF-9BFD-89EB27D48F6B}.Release|Any CPU.ActiveCfg = Release|Any CPU
		{94E82EF7-EEC2-48AF-9BFD-89EB27D48F6B}.Release|Any CPU.Build.0 = Release|Any CPU
		{94E82EF7-EEC2-48AF-9BFD-89EB27D48F6B}.Release|ARM.ActiveCfg = Release|Any CPU
		{94E82EF7-EEC2-48AF-9BFD-89EB27D48F6B}.Release|ARM.Build.0 = Release|Any CPU
		{94E82EF7-EEC2-48AF-9BFD-89EB27D48F6B}.Release|x64.ActiveCfg = Release|Any CPU
		{94E82EF7-EEC2-48AF-9BFD-89EB27D48F6B}.Release|x64.Build.0 = Release|Any CPU
		{94E82EF7-EEC2-48AF-9BFD-89EB27D48F6B}.Release|x86.ActiveCfg = Release|Any CPU
		{94E82EF7-EEC2-48AF-9BFD-89EB27D48F6B}.SingleImage|Any CPU.ActiveCfg = Release|Any CPU
		{94E82EF7-EEC2-48AF-9BFD-89EB27D48F6B}.SingleImage|Any CPU.Build.0 = Release|Any CPU
		{94E82EF7-EEC2-48AF-9BFD-89EB27D48F6B}.SingleImage|ARM.ActiveCfg = Debug|Any CPU
		{94E82EF7-EEC2-48AF-9BFD-89EB27D48F6B}.SingleImage|ARM.Build.0 = Debug|Any CPU
		{94E82EF7-EEC2-48AF-9BFD-89EB27D48F6B}.SingleImage|x64.ActiveCfg = Debug|Any CPU
		{94E82EF7-EEC2-48AF-9BFD-89EB27D48F6B}.SingleImage|x64.Build.0 = Debug|Any CPU
		{94E82EF7-EEC2-48AF-9BFD-89EB27D48F6B}.SingleImage|x86.ActiveCfg = Debug|Any CPU
		{9927DAFE-39BD-4E0C-B04F-0FA8660458DA}.CD_ROM|Any CPU.ActiveCfg = Release|Any CPU
		{9927DAFE-39BD-4E0C-B04F-0FA8660458DA}.CD_ROM|Any CPU.Build.0 = Release|Any CPU
		{9927DAFE-39BD-4E0C-B04F-0FA8660458DA}.CD_ROM|ARM.ActiveCfg = Debug|Any CPU
		{9927DAFE-39BD-4E0C-B04F-0FA8660458DA}.CD_ROM|ARM.Build.0 = Debug|Any CPU
		{9927DAFE-39BD-4E0C-B04F-0FA8660458DA}.CD_ROM|x64.ActiveCfg = Debug|Any CPU
		{9927DAFE-39BD-4E0C-B04F-0FA8660458DA}.CD_ROM|x64.Build.0 = Debug|Any CPU
		{9927DAFE-39BD-4E0C-B04F-0FA8660458DA}.CD_ROM|x86.ActiveCfg = Debug|Any CPU
		{9927DAFE-39BD-4E0C-B04F-0FA8660458DA}.Debug|Any CPU.ActiveCfg = Debug|Any CPU
		{9927DAFE-39BD-4E0C-B04F-0FA8660458DA}.Debug|Any CPU.Build.0 = Debug|Any CPU
		{9927DAFE-39BD-4E0C-B04F-0FA8660458DA}.Debug|ARM.ActiveCfg = Debug|Any CPU
		{9927DAFE-39BD-4E0C-B04F-0FA8660458DA}.Debug|ARM.Build.0 = Debug|Any CPU
		{9927DAFE-39BD-4E0C-B04F-0FA8660458DA}.Debug|x64.ActiveCfg = Debug|Any CPU
		{9927DAFE-39BD-4E0C-B04F-0FA8660458DA}.Debug|x64.Build.0 = Debug|Any CPU
		{9927DAFE-39BD-4E0C-B04F-0FA8660458DA}.Debug|x86.ActiveCfg = Debug|Any CPU
		{9927DAFE-39BD-4E0C-B04F-0FA8660458DA}.DVD-5|Any CPU.ActiveCfg = Debug|Any CPU
		{9927DAFE-39BD-4E0C-B04F-0FA8660458DA}.DVD-5|Any CPU.Build.0 = Debug|Any CPU
		{9927DAFE-39BD-4E0C-B04F-0FA8660458DA}.DVD-5|ARM.ActiveCfg = Debug|Any CPU
		{9927DAFE-39BD-4E0C-B04F-0FA8660458DA}.DVD-5|ARM.Build.0 = Debug|Any CPU
		{9927DAFE-39BD-4E0C-B04F-0FA8660458DA}.DVD-5|x64.ActiveCfg = Debug|Any CPU
		{9927DAFE-39BD-4E0C-B04F-0FA8660458DA}.DVD-5|x64.Build.0 = Debug|Any CPU
		{9927DAFE-39BD-4E0C-B04F-0FA8660458DA}.DVD-5|x86.ActiveCfg = Debug|Any CPU
		{9927DAFE-39BD-4E0C-B04F-0FA8660458DA}.Release|Any CPU.ActiveCfg = Release|Any CPU
		{9927DAFE-39BD-4E0C-B04F-0FA8660458DA}.Release|Any CPU.Build.0 = Release|Any CPU
		{9927DAFE-39BD-4E0C-B04F-0FA8660458DA}.Release|ARM.ActiveCfg = Release|Any CPU
		{9927DAFE-39BD-4E0C-B04F-0FA8660458DA}.Release|ARM.Build.0 = Release|Any CPU
		{9927DAFE-39BD-4E0C-B04F-0FA8660458DA}.Release|x64.ActiveCfg = Release|Any CPU
		{9927DAFE-39BD-4E0C-B04F-0FA8660458DA}.Release|x64.Build.0 = Release|Any CPU
		{9927DAFE-39BD-4E0C-B04F-0FA8660458DA}.Release|x86.ActiveCfg = Release|Any CPU
		{9927DAFE-39BD-4E0C-B04F-0FA8660458DA}.SingleImage|Any CPU.ActiveCfg = Release|Any CPU
		{9927DAFE-39BD-4E0C-B04F-0FA8660458DA}.SingleImage|Any CPU.Build.0 = Release|Any CPU
		{9927DAFE-39BD-4E0C-B04F-0FA8660458DA}.SingleImage|ARM.ActiveCfg = Debug|Any CPU
		{9927DAFE-39BD-4E0C-B04F-0FA8660458DA}.SingleImage|ARM.Build.0 = Debug|Any CPU
		{9927DAFE-39BD-4E0C-B04F-0FA8660458DA}.SingleImage|x64.ActiveCfg = Debug|Any CPU
		{9927DAFE-39BD-4E0C-B04F-0FA8660458DA}.SingleImage|x64.Build.0 = Debug|Any CPU
		{9927DAFE-39BD-4E0C-B04F-0FA8660458DA}.SingleImage|x86.ActiveCfg = Debug|Any CPU
		{A1F90F14-BC01-4EF8-9B3E-A7FE4B1B7F9F}.CD_ROM|Any CPU.ActiveCfg = Release|Any CPU
		{A1F90F14-BC01-4EF8-9B3E-A7FE4B1B7F9F}.CD_ROM|Any CPU.Build.0 = Release|Any CPU
		{A1F90F14-BC01-4EF8-9B3E-A7FE4B1B7F9F}.CD_ROM|ARM.ActiveCfg = Debug|Any CPU
		{A1F90F14-BC01-4EF8-9B3E-A7FE4B1B7F9F}.CD_ROM|ARM.Build.0 = Debug|Any CPU
		{A1F90F14-BC01-4EF8-9B3E-A7FE4B1B7F9F}.CD_ROM|x64.ActiveCfg = Debug|Any CPU
		{A1F90F14-BC01-4EF8-9B3E-A7FE4B1B7F9F}.CD_ROM|x64.Build.0 = Debug|Any CPU
		{A1F90F14-BC01-4EF8-9B3E-A7FE4B1B7F9F}.CD_ROM|x86.ActiveCfg = Debug|Any CPU
		{A1F90F14-BC01-4EF8-9B3E-A7FE4B1B7F9F}.Debug|Any CPU.ActiveCfg = Debug|Any CPU
		{A1F90F14-BC01-4EF8-9B3E-A7FE4B1B7F9F}.Debug|Any CPU.Build.0 = Debug|Any CPU
		{A1F90F14-BC01-4EF8-9B3E-A7FE4B1B7F9F}.Debug|ARM.ActiveCfg = Debug|Any CPU
		{A1F90F14-BC01-4EF8-9B3E-A7FE4B1B7F9F}.Debug|ARM.Build.0 = Debug|Any CPU
		{A1F90F14-BC01-4EF8-9B3E-A7FE4B1B7F9F}.Debug|x64.ActiveCfg = Debug|Any CPU
		{A1F90F14-BC01-4EF8-9B3E-A7FE4B1B7F9F}.Debug|x64.Build.0 = Debug|Any CPU
		{A1F90F14-BC01-4EF8-9B3E-A7FE4B1B7F9F}.Debug|x86.ActiveCfg = Debug|Any CPU
		{A1F90F14-BC01-4EF8-9B3E-A7FE4B1B7F9F}.DVD-5|Any CPU.ActiveCfg = Debug|Any CPU
		{A1F90F14-BC01-4EF8-9B3E-A7FE4B1B7F9F}.DVD-5|Any CPU.Build.0 = Debug|Any CPU
		{A1F90F14-BC01-4EF8-9B3E-A7FE4B1B7F9F}.DVD-5|ARM.ActiveCfg = Debug|Any CPU
		{A1F90F14-BC01-4EF8-9B3E-A7FE4B1B7F9F}.DVD-5|ARM.Build.0 = Debug|Any CPU
		{A1F90F14-BC01-4EF8-9B3E-A7FE4B1B7F9F}.DVD-5|x64.ActiveCfg = Debug|Any CPU
		{A1F90F14-BC01-4EF8-9B3E-A7FE4B1B7F9F}.DVD-5|x64.Build.0 = Debug|Any CPU
		{A1F90F14-BC01-4EF8-9B3E-A7FE4B1B7F9F}.DVD-5|x86.ActiveCfg = Debug|Any CPU
		{A1F90F14-BC01-4EF8-9B3E-A7FE4B1B7F9F}.Release|Any CPU.ActiveCfg = Release|Any CPU
		{A1F90F14-BC01-4EF8-9B3E-A7FE4B1B7F9F}.Release|Any CPU.Build.0 = Release|Any CPU
		{A1F90F14-BC01-4EF8-9B3E-A7FE4B1B7F9F}.Release|ARM.ActiveCfg = Release|Any CPU
		{A1F90F14-BC01-4EF8-9B3E-A7FE4B1B7F9F}.Release|ARM.Build.0 = Release|Any CPU
		{A1F90F14-BC01-4EF8-9B3E-A7FE4B1B7F9F}.Release|x64.ActiveCfg = Release|Any CPU
		{A1F90F14-BC01-4EF8-9B3E-A7FE4B1B7F9F}.Release|x64.Build.0 = Release|Any CPU
		{A1F90F14-BC01-4EF8-9B3E-A7FE4B1B7F9F}.Release|x86.ActiveCfg = Release|Any CPU
		{A1F90F14-BC01-4EF8-9B3E-A7FE4B1B7F9F}.SingleImage|Any CPU.ActiveCfg = Release|Any CPU
		{A1F90F14-BC01-4EF8-9B3E-A7FE4B1B7F9F}.SingleImage|Any CPU.Build.0 = Release|Any CPU
		{A1F90F14-BC01-4EF8-9B3E-A7FE4B1B7F9F}.SingleImage|ARM.ActiveCfg = Debug|Any CPU
		{A1F90F14-BC01-4EF8-9B3E-A7FE4B1B7F9F}.SingleImage|ARM.Build.0 = Debug|Any CPU
		{A1F90F14-BC01-4EF8-9B3E-A7FE4B1B7F9F}.SingleImage|x64.ActiveCfg = Debug|Any CPU
		{A1F90F14-BC01-4EF8-9B3E-A7FE4B1B7F9F}.SingleImage|x64.Build.0 = Debug|Any CPU
		{A1F90F14-BC01-4EF8-9B3E-A7FE4B1B7F9F}.SingleImage|x86.ActiveCfg = Debug|Any CPU
		{84A25D9A-4747-4B69-9C79-5C23210530D2}.CD_ROM|Any CPU.ActiveCfg = Release|Any CPU
		{84A25D9A-4747-4B69-9C79-5C23210530D2}.CD_ROM|Any CPU.Build.0 = Release|Any CPU
		{84A25D9A-4747-4B69-9C79-5C23210530D2}.CD_ROM|ARM.ActiveCfg = Debug|Any CPU
		{84A25D9A-4747-4B69-9C79-5C23210530D2}.CD_ROM|ARM.Build.0 = Debug|Any CPU
		{84A25D9A-4747-4B69-9C79-5C23210530D2}.CD_ROM|x64.ActiveCfg = Debug|Any CPU
		{84A25D9A-4747-4B69-9C79-5C23210530D2}.CD_ROM|x64.Build.0 = Debug|Any CPU
		{84A25D9A-4747-4B69-9C79-5C23210530D2}.CD_ROM|x86.ActiveCfg = Debug|Any CPU
		{84A25D9A-4747-4B69-9C79-5C23210530D2}.Debug|Any CPU.ActiveCfg = Debug|Any CPU
		{84A25D9A-4747-4B69-9C79-5C23210530D2}.Debug|Any CPU.Build.0 = Debug|Any CPU
		{84A25D9A-4747-4B69-9C79-5C23210530D2}.Debug|ARM.ActiveCfg = Debug|Any CPU
		{84A25D9A-4747-4B69-9C79-5C23210530D2}.Debug|ARM.Build.0 = Debug|Any CPU
		{84A25D9A-4747-4B69-9C79-5C23210530D2}.Debug|x64.ActiveCfg = Debug|Any CPU
		{84A25D9A-4747-4B69-9C79-5C23210530D2}.Debug|x64.Build.0 = Debug|Any CPU
		{84A25D9A-4747-4B69-9C79-5C23210530D2}.Debug|x86.ActiveCfg = Debug|Any CPU
		{84A25D9A-4747-4B69-9C79-5C23210530D2}.DVD-5|Any CPU.ActiveCfg = Debug|Any CPU
		{84A25D9A-4747-4B69-9C79-5C23210530D2}.DVD-5|Any CPU.Build.0 = Debug|Any CPU
		{84A25D9A-4747-4B69-9C79-5C23210530D2}.DVD-5|ARM.ActiveCfg = Debug|Any CPU
		{84A25D9A-4747-4B69-9C79-5C23210530D2}.DVD-5|ARM.Build.0 = Debug|Any CPU
		{84A25D9A-4747-4B69-9C79-5C23210530D2}.DVD-5|x64.ActiveCfg = Debug|Any CPU
		{84A25D9A-4747-4B69-9C79-5C23210530D2}.DVD-5|x64.Build.0 = Debug|Any CPU
		{84A25D9A-4747-4B69-9C79-5C23210530D2}.DVD-5|x86.ActiveCfg = Debug|Any CPU
		{84A25D9A-4747-4B69-9C79-5C23210530D2}.Release|Any CPU.ActiveCfg = Release|Any CPU
		{84A25D9A-4747-4B69-9C79-5C23210530D2}.Release|Any CPU.Build.0 = Release|Any CPU
		{84A25D9A-4747-4B69-9C79-5C23210530D2}.Release|ARM.ActiveCfg = Release|Any CPU
		{84A25D9A-4747-4B69-9C79-5C23210530D2}.Release|ARM.Build.0 = Release|Any CPU
		{84A25D9A-4747-4B69-9C79-5C23210530D2}.Release|x64.ActiveCfg = Release|Any CPU
		{84A25D9A-4747-4B69-9C79-5C23210530D2}.Release|x64.Build.0 = Release|Any CPU
		{84A25D9A-4747-4B69-9C79-5C23210530D2}.Release|x86.ActiveCfg = Release|Any CPU
		{84A25D9A-4747-4B69-9C79-5C23210530D2}.SingleImage|Any CPU.ActiveCfg = Release|Any CPU
		{84A25D9A-4747-4B69-9C79-5C23210530D2}.SingleImage|Any CPU.Build.0 = Release|Any CPU
		{84A25D9A-4747-4B69-9C79-5C23210530D2}.SingleImage|ARM.ActiveCfg = Debug|Any CPU
		{84A25D9A-4747-4B69-9C79-5C23210530D2}.SingleImage|ARM.Build.0 = Debug|Any CPU
		{84A25D9A-4747-4B69-9C79-5C23210530D2}.SingleImage|x64.ActiveCfg = Debug|Any CPU
		{84A25D9A-4747-4B69-9C79-5C23210530D2}.SingleImage|x64.Build.0 = Debug|Any CPU
		{84A25D9A-4747-4B69-9C79-5C23210530D2}.SingleImage|x86.ActiveCfg = Debug|Any CPU
		{82737D92-92C4-4B74-B9A8-94FBFBA1251E}.CD_ROM|Any CPU.ActiveCfg = Release|Any CPU
		{82737D92-92C4-4B74-B9A8-94FBFBA1251E}.CD_ROM|Any CPU.Build.0 = Release|Any CPU
		{82737D92-92C4-4B74-B9A8-94FBFBA1251E}.CD_ROM|ARM.ActiveCfg = Debug|Any CPU
		{82737D92-92C4-4B74-B9A8-94FBFBA1251E}.CD_ROM|ARM.Build.0 = Debug|Any CPU
		{82737D92-92C4-4B74-B9A8-94FBFBA1251E}.CD_ROM|x64.ActiveCfg = Debug|Any CPU
		{82737D92-92C4-4B74-B9A8-94FBFBA1251E}.CD_ROM|x64.Build.0 = Debug|Any CPU
		{82737D92-92C4-4B74-B9A8-94FBFBA1251E}.CD_ROM|x86.ActiveCfg = Debug|Any CPU
		{82737D92-92C4-4B74-B9A8-94FBFBA1251E}.Debug|Any CPU.ActiveCfg = Debug|Any CPU
		{82737D92-92C4-4B74-B9A8-94FBFBA1251E}.Debug|Any CPU.Build.0 = Debug|Any CPU
		{82737D92-92C4-4B74-B9A8-94FBFBA1251E}.Debug|ARM.ActiveCfg = Debug|Any CPU
		{82737D92-92C4-4B74-B9A8-94FBFBA1251E}.Debug|ARM.Build.0 = Debug|Any CPU
		{82737D92-92C4-4B74-B9A8-94FBFBA1251E}.Debug|x64.ActiveCfg = Debug|Any CPU
		{82737D92-92C4-4B74-B9A8-94FBFBA1251E}.Debug|x64.Build.0 = Debug|Any CPU
		{82737D92-92C4-4B74-B9A8-94FBFBA1251E}.Debug|x86.ActiveCfg = Debug|Any CPU
		{82737D92-92C4-4B74-B9A8-94FBFBA1251E}.DVD-5|Any CPU.ActiveCfg = Debug|Any CPU
		{82737D92-92C4-4B74-B9A8-94FBFBA1251E}.DVD-5|Any CPU.Build.0 = Debug|Any CPU
		{82737D92-92C4-4B74-B9A8-94FBFBA1251E}.DVD-5|ARM.ActiveCfg = Debug|Any CPU
		{82737D92-92C4-4B74-B9A8-94FBFBA1251E}.DVD-5|ARM.Build.0 = Debug|Any CPU
		{82737D92-92C4-4B74-B9A8-94FBFBA1251E}.DVD-5|x64.ActiveCfg = Debug|Any CPU
		{82737D92-92C4-4B74-B9A8-94FBFBA1251E}.DVD-5|x64.Build.0 = Debug|Any CPU
		{82737D92-92C4-4B74-B9A8-94FBFBA1251E}.DVD-5|x86.ActiveCfg = Debug|Any CPU
		{82737D92-92C4-4B74-B9A8-94FBFBA1251E}.Release|Any CPU.ActiveCfg = Release|Any CPU
		{82737D92-92C4-4B74-B9A8-94FBFBA1251E}.Release|Any CPU.Build.0 = Release|Any CPU
		{82737D92-92C4-4B74-B9A8-94FBFBA1251E}.Release|ARM.ActiveCfg = Release|Any CPU
		{82737D92-92C4-4B74-B9A8-94FBFBA1251E}.Release|ARM.Build.0 = Release|Any CPU
		{82737D92-92C4-4B74-B9A8-94FBFBA1251E}.Release|x64.ActiveCfg = Release|Any CPU
		{82737D92-92C4-4B74-B9A8-94FBFBA1251E}.Release|x64.Build.0 = Release|Any CPU
		{82737D92-92C4-4B74-B9A8-94FBFBA1251E}.Release|x86.ActiveCfg = Release|Any CPU
		{82737D92-92C4-4B74-B9A8-94FBFBA1251E}.SingleImage|Any CPU.ActiveCfg = Release|Any CPU
		{82737D92-92C4-4B74-B9A8-94FBFBA1251E}.SingleImage|Any CPU.Build.0 = Release|Any CPU
		{82737D92-92C4-4B74-B9A8-94FBFBA1251E}.SingleImage|ARM.ActiveCfg = Debug|Any CPU
		{82737D92-92C4-4B74-B9A8-94FBFBA1251E}.SingleImage|ARM.Build.0 = Debug|Any CPU
		{82737D92-92C4-4B74-B9A8-94FBFBA1251E}.SingleImage|x64.ActiveCfg = Debug|Any CPU
		{82737D92-92C4-4B74-B9A8-94FBFBA1251E}.SingleImage|x64.Build.0 = Debug|Any CPU
		{82737D92-92C4-4B74-B9A8-94FBFBA1251E}.SingleImage|x86.ActiveCfg = Debug|Any CPU
		{E84127D7-D75E-4D5F-801E-1732D27FA05D}.CD_ROM|Any CPU.ActiveCfg = Release|Any CPU
		{E84127D7-D75E-4D5F-801E-1732D27FA05D}.CD_ROM|Any CPU.Build.0 = Release|Any CPU
		{E84127D7-D75E-4D5F-801E-1732D27FA05D}.CD_ROM|ARM.ActiveCfg = Debug|Any CPU
		{E84127D7-D75E-4D5F-801E-1732D27FA05D}.CD_ROM|ARM.Build.0 = Debug|Any CPU
		{E84127D7-D75E-4D5F-801E-1732D27FA05D}.CD_ROM|x64.ActiveCfg = Debug|Any CPU
		{E84127D7-D75E-4D5F-801E-1732D27FA05D}.CD_ROM|x64.Build.0 = Debug|Any CPU
		{E84127D7-D75E-4D5F-801E-1732D27FA05D}.CD_ROM|x86.ActiveCfg = Debug|Any CPU
		{E84127D7-D75E-4D5F-801E-1732D27FA05D}.Debug|Any CPU.ActiveCfg = Debug|Any CPU
		{E84127D7-D75E-4D5F-801E-1732D27FA05D}.Debug|Any CPU.Build.0 = Debug|Any CPU
		{E84127D7-D75E-4D5F-801E-1732D27FA05D}.Debug|ARM.ActiveCfg = Debug|Any CPU
		{E84127D7-D75E-4D5F-801E-1732D27FA05D}.Debug|ARM.Build.0 = Debug|Any CPU
		{E84127D7-D75E-4D5F-801E-1732D27FA05D}.Debug|x64.ActiveCfg = Debug|Any CPU
		{E84127D7-D75E-4D5F-801E-1732D27FA05D}.Debug|x64.Build.0 = Debug|Any CPU
		{E84127D7-D75E-4D5F-801E-1732D27FA05D}.Debug|x86.ActiveCfg = Debug|Any CPU
		{E84127D7-D75E-4D5F-801E-1732D27FA05D}.DVD-5|Any CPU.ActiveCfg = Debug|Any CPU
		{E84127D7-D75E-4D5F-801E-1732D27FA05D}.DVD-5|Any CPU.Build.0 = Debug|Any CPU
		{E84127D7-D75E-4D5F-801E-1732D27FA05D}.DVD-5|ARM.ActiveCfg = Debug|Any CPU
		{E84127D7-D75E-4D5F-801E-1732D27FA05D}.DVD-5|ARM.Build.0 = Debug|Any CPU
		{E84127D7-D75E-4D5F-801E-1732D27FA05D}.DVD-5|x64.ActiveCfg = Debug|Any CPU
		{E84127D7-D75E-4D5F-801E-1732D27FA05D}.DVD-5|x64.Build.0 = Debug|Any CPU
		{E84127D7-D75E-4D5F-801E-1732D27FA05D}.DVD-5|x86.ActiveCfg = Debug|Any CPU
		{E84127D7-D75E-4D5F-801E-1732D27FA05D}.Release|Any CPU.ActiveCfg = Release|Any CPU
		{E84127D7-D75E-4D5F-801E-1732D27FA05D}.Release|Any CPU.Build.0 = Release|Any CPU
		{E84127D7-D75E-4D5F-801E-1732D27FA05D}.Release|ARM.ActiveCfg = Release|Any CPU
		{E84127D7-D75E-4D5F-801E-1732D27FA05D}.Release|ARM.Build.0 = Release|Any CPU
		{E84127D7-D75E-4D5F-801E-1732D27FA05D}.Release|x64.ActiveCfg = Release|Any CPU
		{E84127D7-D75E-4D5F-801E-1732D27FA05D}.Release|x64.Build.0 = Release|Any CPU
		{E84127D7-D75E-4D5F-801E-1732D27FA05D}.Release|x86.ActiveCfg = Release|Any CPU
		{E84127D7-D75E-4D5F-801E-1732D27FA05D}.SingleImage|Any CPU.ActiveCfg = Release|Any CPU
		{E84127D7-D75E-4D5F-801E-1732D27FA05D}.SingleImage|Any CPU.Build.0 = Release|Any CPU
		{E84127D7-D75E-4D5F-801E-1732D27FA05D}.SingleImage|ARM.ActiveCfg = Debug|Any CPU
		{E84127D7-D75E-4D5F-801E-1732D27FA05D}.SingleImage|ARM.Build.0 = Debug|Any CPU
		{E84127D7-D75E-4D5F-801E-1732D27FA05D}.SingleImage|x64.ActiveCfg = Debug|Any CPU
		{E84127D7-D75E-4D5F-801E-1732D27FA05D}.SingleImage|x64.Build.0 = Debug|Any CPU
		{E84127D7-D75E-4D5F-801E-1732D27FA05D}.SingleImage|x86.ActiveCfg = Debug|Any CPU
		{1CA213E0-D9D8-4823-8EEC-9BDC51F71F22}.CD_ROM|Any CPU.ActiveCfg = Release|Any CPU
		{1CA213E0-D9D8-4823-8EEC-9BDC51F71F22}.CD_ROM|Any CPU.Build.0 = Release|Any CPU
		{1CA213E0-D9D8-4823-8EEC-9BDC51F71F22}.CD_ROM|ARM.ActiveCfg = Debug|Any CPU
		{1CA213E0-D9D8-4823-8EEC-9BDC51F71F22}.CD_ROM|ARM.Build.0 = Debug|Any CPU
		{1CA213E0-D9D8-4823-8EEC-9BDC51F71F22}.CD_ROM|x64.ActiveCfg = Debug|Any CPU
		{1CA213E0-D9D8-4823-8EEC-9BDC51F71F22}.CD_ROM|x64.Build.0 = Debug|Any CPU
		{1CA213E0-D9D8-4823-8EEC-9BDC51F71F22}.CD_ROM|x86.ActiveCfg = Release|Any CPU
		{1CA213E0-D9D8-4823-8EEC-9BDC51F71F22}.CD_ROM|x86.Build.0 = Release|Any CPU
		{1CA213E0-D9D8-4823-8EEC-9BDC51F71F22}.Debug|Any CPU.ActiveCfg = Debug|Any CPU
		{1CA213E0-D9D8-4823-8EEC-9BDC51F71F22}.Debug|Any CPU.Build.0 = Debug|Any CPU
		{1CA213E0-D9D8-4823-8EEC-9BDC51F71F22}.Debug|ARM.ActiveCfg = Debug|Any CPU
		{1CA213E0-D9D8-4823-8EEC-9BDC51F71F22}.Debug|ARM.Build.0 = Debug|Any CPU
		{1CA213E0-D9D8-4823-8EEC-9BDC51F71F22}.Debug|x64.ActiveCfg = Debug|Any CPU
		{1CA213E0-D9D8-4823-8EEC-9BDC51F71F22}.Debug|x64.Build.0 = Debug|Any CPU
		{1CA213E0-D9D8-4823-8EEC-9BDC51F71F22}.Debug|x86.ActiveCfg = Debug|Any CPU
		{1CA213E0-D9D8-4823-8EEC-9BDC51F71F22}.Debug|x86.Build.0 = Debug|Any CPU
		{1CA213E0-D9D8-4823-8EEC-9BDC51F71F22}.DVD-5|Any CPU.ActiveCfg = Debug|Any CPU
		{1CA213E0-D9D8-4823-8EEC-9BDC51F71F22}.DVD-5|Any CPU.Build.0 = Debug|Any CPU
		{1CA213E0-D9D8-4823-8EEC-9BDC51F71F22}.DVD-5|ARM.ActiveCfg = Debug|Any CPU
		{1CA213E0-D9D8-4823-8EEC-9BDC51F71F22}.DVD-5|ARM.Build.0 = Debug|Any CPU
		{1CA213E0-D9D8-4823-8EEC-9BDC51F71F22}.DVD-5|x64.ActiveCfg = Debug|Any CPU
		{1CA213E0-D9D8-4823-8EEC-9BDC51F71F22}.DVD-5|x64.Build.0 = Debug|Any CPU
		{1CA213E0-D9D8-4823-8EEC-9BDC51F71F22}.DVD-5|x86.ActiveCfg = Debug|Any CPU
		{1CA213E0-D9D8-4823-8EEC-9BDC51F71F22}.DVD-5|x86.Build.0 = Debug|Any CPU
		{1CA213E0-D9D8-4823-8EEC-9BDC51F71F22}.Release|Any CPU.ActiveCfg = Release|Any CPU
		{1CA213E0-D9D8-4823-8EEC-9BDC51F71F22}.Release|Any CPU.Build.0 = Release|Any CPU
		{1CA213E0-D9D8-4823-8EEC-9BDC51F71F22}.Release|ARM.ActiveCfg = Release|Any CPU
		{1CA213E0-D9D8-4823-8EEC-9BDC51F71F22}.Release|ARM.Build.0 = Release|Any CPU
		{1CA213E0-D9D8-4823-8EEC-9BDC51F71F22}.Release|x64.ActiveCfg = Release|Any CPU
		{1CA213E0-D9D8-4823-8EEC-9BDC51F71F22}.Release|x64.Build.0 = Release|Any CPU
		{1CA213E0-D9D8-4823-8EEC-9BDC51F71F22}.Release|x86.ActiveCfg = Release|Any CPU
		{1CA213E0-D9D8-4823-8EEC-9BDC51F71F22}.Release|x86.Build.0 = Release|Any CPU
		{1CA213E0-D9D8-4823-8EEC-9BDC51F71F22}.SingleImage|Any CPU.ActiveCfg = Release|Any CPU
		{1CA213E0-D9D8-4823-8EEC-9BDC51F71F22}.SingleImage|Any CPU.Build.0 = Release|Any CPU
		{1CA213E0-D9D8-4823-8EEC-9BDC51F71F22}.SingleImage|ARM.ActiveCfg = Debug|Any CPU
		{1CA213E0-D9D8-4823-8EEC-9BDC51F71F22}.SingleImage|ARM.Build.0 = Debug|Any CPU
		{1CA213E0-D9D8-4823-8EEC-9BDC51F71F22}.SingleImage|x64.ActiveCfg = Debug|Any CPU
		{1CA213E0-D9D8-4823-8EEC-9BDC51F71F22}.SingleImage|x64.Build.0 = Debug|Any CPU
		{1CA213E0-D9D8-4823-8EEC-9BDC51F71F22}.SingleImage|x86.ActiveCfg = Release|Any CPU
		{1CA213E0-D9D8-4823-8EEC-9BDC51F71F22}.SingleImage|x86.Build.0 = Release|Any CPU
		{B774C858-867E-4171-9EB3-22073E5FBC21}.CD_ROM|Any CPU.ActiveCfg = Release|Any CPU
		{B774C858-867E-4171-9EB3-22073E5FBC21}.CD_ROM|Any CPU.Build.0 = Release|Any CPU
		{B774C858-867E-4171-9EB3-22073E5FBC21}.CD_ROM|ARM.ActiveCfg = Debug|Any CPU
		{B774C858-867E-4171-9EB3-22073E5FBC21}.CD_ROM|ARM.Build.0 = Debug|Any CPU
		{B774C858-867E-4171-9EB3-22073E5FBC21}.CD_ROM|x64.ActiveCfg = Debug|Any CPU
		{B774C858-867E-4171-9EB3-22073E5FBC21}.CD_ROM|x64.Build.0 = Debug|Any CPU
		{B774C858-867E-4171-9EB3-22073E5FBC21}.CD_ROM|x86.ActiveCfg = Release|Any CPU
		{B774C858-867E-4171-9EB3-22073E5FBC21}.CD_ROM|x86.Build.0 = Release|Any CPU
		{B774C858-867E-4171-9EB3-22073E5FBC21}.Debug|Any CPU.ActiveCfg = Debug|Any CPU
		{B774C858-867E-4171-9EB3-22073E5FBC21}.Debug|Any CPU.Build.0 = Debug|Any CPU
		{B774C858-867E-4171-9EB3-22073E5FBC21}.Debug|ARM.ActiveCfg = Debug|Any CPU
		{B774C858-867E-4171-9EB3-22073E5FBC21}.Debug|ARM.Build.0 = Debug|Any CPU
		{B774C858-867E-4171-9EB3-22073E5FBC21}.Debug|x64.ActiveCfg = Debug|Any CPU
		{B774C858-867E-4171-9EB3-22073E5FBC21}.Debug|x64.Build.0 = Debug|Any CPU
		{B774C858-867E-4171-9EB3-22073E5FBC21}.Debug|x86.ActiveCfg = Debug|Any CPU
		{B774C858-867E-4171-9EB3-22073E5FBC21}.Debug|x86.Build.0 = Debug|Any CPU
		{B774C858-867E-4171-9EB3-22073E5FBC21}.DVD-5|Any CPU.ActiveCfg = Debug|Any CPU
		{B774C858-867E-4171-9EB3-22073E5FBC21}.DVD-5|Any CPU.Build.0 = Debug|Any CPU
		{B774C858-867E-4171-9EB3-22073E5FBC21}.DVD-5|ARM.ActiveCfg = Debug|Any CPU
		{B774C858-867E-4171-9EB3-22073E5FBC21}.DVD-5|ARM.Build.0 = Debug|Any CPU
		{B774C858-867E-4171-9EB3-22073E5FBC21}.DVD-5|x64.ActiveCfg = Debug|Any CPU
		{B774C858-867E-4171-9EB3-22073E5FBC21}.DVD-5|x64.Build.0 = Debug|Any CPU
		{B774C858-867E-4171-9EB3-22073E5FBC21}.DVD-5|x86.ActiveCfg = Debug|Any CPU
		{B774C858-867E-4171-9EB3-22073E5FBC21}.DVD-5|x86.Build.0 = Debug|Any CPU
		{B774C858-867E-4171-9EB3-22073E5FBC21}.Release|Any CPU.ActiveCfg = Release|Any CPU
		{B774C858-867E-4171-9EB3-22073E5FBC21}.Release|Any CPU.Build.0 = Release|Any CPU
		{B774C858-867E-4171-9EB3-22073E5FBC21}.Release|ARM.ActiveCfg = Release|Any CPU
		{B774C858-867E-4171-9EB3-22073E5FBC21}.Release|ARM.Build.0 = Release|Any CPU
		{B774C858-867E-4171-9EB3-22073E5FBC21}.Release|x64.ActiveCfg = Release|Any CPU
		{B774C858-867E-4171-9EB3-22073E5FBC21}.Release|x64.Build.0 = Release|Any CPU
		{B774C858-867E-4171-9EB3-22073E5FBC21}.Release|x86.ActiveCfg = Release|Any CPU
		{B774C858-867E-4171-9EB3-22073E5FBC21}.Release|x86.Build.0 = Release|Any CPU
		{B774C858-867E-4171-9EB3-22073E5FBC21}.SingleImage|Any CPU.ActiveCfg = Release|Any CPU
		{B774C858-867E-4171-9EB3-22073E5FBC21}.SingleImage|Any CPU.Build.0 = Release|Any CPU
		{B774C858-867E-4171-9EB3-22073E5FBC21}.SingleImage|ARM.ActiveCfg = Debug|Any CPU
		{B774C858-867E-4171-9EB3-22073E5FBC21}.SingleImage|ARM.Build.0 = Debug|Any CPU
		{B774C858-867E-4171-9EB3-22073E5FBC21}.SingleImage|x64.ActiveCfg = Debug|Any CPU
		{B774C858-867E-4171-9EB3-22073E5FBC21}.SingleImage|x64.Build.0 = Debug|Any CPU
		{B774C858-867E-4171-9EB3-22073E5FBC21}.SingleImage|x86.ActiveCfg = Release|Any CPU
		{B774C858-867E-4171-9EB3-22073E5FBC21}.SingleImage|x86.Build.0 = Release|Any CPU
		{8B0E0633-3BE9-470C-8C3C-EA2960650194}.CD_ROM|Any CPU.ActiveCfg = Release|Any CPU
		{8B0E0633-3BE9-470C-8C3C-EA2960650194}.CD_ROM|Any CPU.Build.0 = Release|Any CPU
		{8B0E0633-3BE9-470C-8C3C-EA2960650194}.CD_ROM|ARM.ActiveCfg = Debug|Any CPU
		{8B0E0633-3BE9-470C-8C3C-EA2960650194}.CD_ROM|ARM.Build.0 = Debug|Any CPU
		{8B0E0633-3BE9-470C-8C3C-EA2960650194}.CD_ROM|x64.ActiveCfg = Debug|Any CPU
		{8B0E0633-3BE9-470C-8C3C-EA2960650194}.CD_ROM|x64.Build.0 = Debug|Any CPU
		{8B0E0633-3BE9-470C-8C3C-EA2960650194}.CD_ROM|x86.ActiveCfg = Release|Any CPU
		{8B0E0633-3BE9-470C-8C3C-EA2960650194}.CD_ROM|x86.Build.0 = Release|Any CPU
		{8B0E0633-3BE9-470C-8C3C-EA2960650194}.Debug|Any CPU.ActiveCfg = Debug|Any CPU
		{8B0E0633-3BE9-470C-8C3C-EA2960650194}.Debug|Any CPU.Build.0 = Debug|Any CPU
		{8B0E0633-3BE9-470C-8C3C-EA2960650194}.Debug|ARM.ActiveCfg = Debug|Any CPU
		{8B0E0633-3BE9-470C-8C3C-EA2960650194}.Debug|ARM.Build.0 = Debug|Any CPU
		{8B0E0633-3BE9-470C-8C3C-EA2960650194}.Debug|x64.ActiveCfg = Debug|Any CPU
		{8B0E0633-3BE9-470C-8C3C-EA2960650194}.Debug|x64.Build.0 = Debug|Any CPU
		{8B0E0633-3BE9-470C-8C3C-EA2960650194}.Debug|x86.ActiveCfg = Debug|Any CPU
		{8B0E0633-3BE9-470C-8C3C-EA2960650194}.Debug|x86.Build.0 = Debug|Any CPU
		{8B0E0633-3BE9-470C-8C3C-EA2960650194}.DVD-5|Any CPU.ActiveCfg = Debug|Any CPU
		{8B0E0633-3BE9-470C-8C3C-EA2960650194}.DVD-5|Any CPU.Build.0 = Debug|Any CPU
		{8B0E0633-3BE9-470C-8C3C-EA2960650194}.DVD-5|ARM.ActiveCfg = Debug|Any CPU
		{8B0E0633-3BE9-470C-8C3C-EA2960650194}.DVD-5|ARM.Build.0 = Debug|Any CPU
		{8B0E0633-3BE9-470C-8C3C-EA2960650194}.DVD-5|x64.ActiveCfg = Debug|Any CPU
		{8B0E0633-3BE9-470C-8C3C-EA2960650194}.DVD-5|x64.Build.0 = Debug|Any CPU
		{8B0E0633-3BE9-470C-8C3C-EA2960650194}.DVD-5|x86.ActiveCfg = Debug|Any CPU
		{8B0E0633-3BE9-470C-8C3C-EA2960650194}.DVD-5|x86.Build.0 = Debug|Any CPU
		{8B0E0633-3BE9-470C-8C3C-EA2960650194}.Release|Any CPU.ActiveCfg = Release|Any CPU
		{8B0E0633-3BE9-470C-8C3C-EA2960650194}.Release|Any CPU.Build.0 = Release|Any CPU
		{8B0E0633-3BE9-470C-8C3C-EA2960650194}.Release|ARM.ActiveCfg = Release|Any CPU
		{8B0E0633-3BE9-470C-8C3C-EA2960650194}.Release|ARM.Build.0 = Release|Any CPU
		{8B0E0633-3BE9-470C-8C3C-EA2960650194}.Release|x64.ActiveCfg = Release|Any CPU
		{8B0E0633-3BE9-470C-8C3C-EA2960650194}.Release|x64.Build.0 = Release|Any CPU
		{8B0E0633-3BE9-470C-8C3C-EA2960650194}.Release|x86.ActiveCfg = Release|Any CPU
		{8B0E0633-3BE9-470C-8C3C-EA2960650194}.Release|x86.Build.0 = Release|Any CPU
		{8B0E0633-3BE9-470C-8C3C-EA2960650194}.SingleImage|Any CPU.ActiveCfg = Release|Any CPU
		{8B0E0633-3BE9-470C-8C3C-EA2960650194}.SingleImage|Any CPU.Build.0 = Release|Any CPU
		{8B0E0633-3BE9-470C-8C3C-EA2960650194}.SingleImage|ARM.ActiveCfg = Debug|Any CPU
		{8B0E0633-3BE9-470C-8C3C-EA2960650194}.SingleImage|ARM.Build.0 = Debug|Any CPU
		{8B0E0633-3BE9-470C-8C3C-EA2960650194}.SingleImage|x64.ActiveCfg = Debug|Any CPU
		{8B0E0633-3BE9-470C-8C3C-EA2960650194}.SingleImage|x64.Build.0 = Debug|Any CPU
		{8B0E0633-3BE9-470C-8C3C-EA2960650194}.SingleImage|x86.ActiveCfg = Release|Any CPU
		{8B0E0633-3BE9-470C-8C3C-EA2960650194}.SingleImage|x86.Build.0 = Release|Any CPU
		{6F0A1AEF-997E-4355-BB38-A4ACF6710EDF}.CD_ROM|Any CPU.ActiveCfg = Release|Any CPU
		{6F0A1AEF-997E-4355-BB38-A4ACF6710EDF}.CD_ROM|Any CPU.Build.0 = Release|Any CPU
		{6F0A1AEF-997E-4355-BB38-A4ACF6710EDF}.CD_ROM|ARM.ActiveCfg = Debug|Any CPU
		{6F0A1AEF-997E-4355-BB38-A4ACF6710EDF}.CD_ROM|ARM.Build.0 = Debug|Any CPU
		{6F0A1AEF-997E-4355-BB38-A4ACF6710EDF}.CD_ROM|x64.ActiveCfg = Debug|Any CPU
		{6F0A1AEF-997E-4355-BB38-A4ACF6710EDF}.CD_ROM|x64.Build.0 = Debug|Any CPU
		{6F0A1AEF-997E-4355-BB38-A4ACF6710EDF}.CD_ROM|x86.ActiveCfg = Release|Any CPU
		{6F0A1AEF-997E-4355-BB38-A4ACF6710EDF}.CD_ROM|x86.Build.0 = Release|Any CPU
		{6F0A1AEF-997E-4355-BB38-A4ACF6710EDF}.Debug|Any CPU.ActiveCfg = Debug|Any CPU
		{6F0A1AEF-997E-4355-BB38-A4ACF6710EDF}.Debug|Any CPU.Build.0 = Debug|Any CPU
		{6F0A1AEF-997E-4355-BB38-A4ACF6710EDF}.Debug|ARM.ActiveCfg = Debug|Any CPU
		{6F0A1AEF-997E-4355-BB38-A4ACF6710EDF}.Debug|ARM.Build.0 = Debug|Any CPU
		{6F0A1AEF-997E-4355-BB38-A4ACF6710EDF}.Debug|x64.ActiveCfg = Debug|Any CPU
		{6F0A1AEF-997E-4355-BB38-A4ACF6710EDF}.Debug|x64.Build.0 = Debug|Any CPU
		{6F0A1AEF-997E-4355-BB38-A4ACF6710EDF}.Debug|x86.ActiveCfg = Debug|Any CPU
		{6F0A1AEF-997E-4355-BB38-A4ACF6710EDF}.Debug|x86.Build.0 = Debug|Any CPU
		{6F0A1AEF-997E-4355-BB38-A4ACF6710EDF}.DVD-5|Any CPU.ActiveCfg = Debug|Any CPU
		{6F0A1AEF-997E-4355-BB38-A4ACF6710EDF}.DVD-5|Any CPU.Build.0 = Debug|Any CPU
		{6F0A1AEF-997E-4355-BB38-A4ACF6710EDF}.DVD-5|ARM.ActiveCfg = Debug|Any CPU
		{6F0A1AEF-997E-4355-BB38-A4ACF6710EDF}.DVD-5|ARM.Build.0 = Debug|Any CPU
		{6F0A1AEF-997E-4355-BB38-A4ACF6710EDF}.DVD-5|x64.ActiveCfg = Debug|Any CPU
		{6F0A1AEF-997E-4355-BB38-A4ACF6710EDF}.DVD-5|x64.Build.0 = Debug|Any CPU
		{6F0A1AEF-997E-4355-BB38-A4ACF6710EDF}.DVD-5|x86.ActiveCfg = Debug|Any CPU
		{6F0A1AEF-997E-4355-BB38-A4ACF6710EDF}.DVD-5|x86.Build.0 = Debug|Any CPU
		{6F0A1AEF-997E-4355-BB38-A4ACF6710EDF}.Release|Any CPU.ActiveCfg = Release|Any CPU
		{6F0A1AEF-997E-4355-BB38-A4ACF6710EDF}.Release|Any CPU.Build.0 = Release|Any CPU
		{6F0A1AEF-997E-4355-BB38-A4ACF6710EDF}.Release|ARM.ActiveCfg = Release|Any CPU
		{6F0A1AEF-997E-4355-BB38-A4ACF6710EDF}.Release|ARM.Build.0 = Release|Any CPU
		{6F0A1AEF-997E-4355-BB38-A4ACF6710EDF}.Release|x64.ActiveCfg = Release|Any CPU
		{6F0A1AEF-997E-4355-BB38-A4ACF6710EDF}.Release|x64.Build.0 = Release|Any CPU
		{6F0A1AEF-997E-4355-BB38-A4ACF6710EDF}.Release|x86.ActiveCfg = Release|Any CPU
		{6F0A1AEF-997E-4355-BB38-A4ACF6710EDF}.Release|x86.Build.0 = Release|Any CPU
		{6F0A1AEF-997E-4355-BB38-A4ACF6710EDF}.SingleImage|Any CPU.ActiveCfg = Release|Any CPU
		{6F0A1AEF-997E-4355-BB38-A4ACF6710EDF}.SingleImage|Any CPU.Build.0 = Release|Any CPU
		{6F0A1AEF-997E-4355-BB38-A4ACF6710EDF}.SingleImage|ARM.ActiveCfg = Debug|Any CPU
		{6F0A1AEF-997E-4355-BB38-A4ACF6710EDF}.SingleImage|ARM.Build.0 = Debug|Any CPU
		{6F0A1AEF-997E-4355-BB38-A4ACF6710EDF}.SingleImage|x64.ActiveCfg = Debug|Any CPU
		{6F0A1AEF-997E-4355-BB38-A4ACF6710EDF}.SingleImage|x64.Build.0 = Debug|Any CPU
		{6F0A1AEF-997E-4355-BB38-A4ACF6710EDF}.SingleImage|x86.ActiveCfg = Release|Any CPU
		{6F0A1AEF-997E-4355-BB38-A4ACF6710EDF}.SingleImage|x86.Build.0 = Release|Any CPU
		{97CA2119-5977-4DE5-9C91-A64D97CB9035}.CD_ROM|Any CPU.ActiveCfg = Release|Any CPU
		{97CA2119-5977-4DE5-9C91-A64D97CB9035}.CD_ROM|Any CPU.Build.0 = Release|Any CPU
		{97CA2119-5977-4DE5-9C91-A64D97CB9035}.CD_ROM|ARM.ActiveCfg = Debug|Any CPU
		{97CA2119-5977-4DE5-9C91-A64D97CB9035}.CD_ROM|ARM.Build.0 = Debug|Any CPU
		{97CA2119-5977-4DE5-9C91-A64D97CB9035}.CD_ROM|x64.ActiveCfg = Debug|Any CPU
		{97CA2119-5977-4DE5-9C91-A64D97CB9035}.CD_ROM|x64.Build.0 = Debug|Any CPU
		{97CA2119-5977-4DE5-9C91-A64D97CB9035}.CD_ROM|x86.ActiveCfg = Release|Any CPU
		{97CA2119-5977-4DE5-9C91-A64D97CB9035}.CD_ROM|x86.Build.0 = Release|Any CPU
		{97CA2119-5977-4DE5-9C91-A64D97CB9035}.Debug|Any CPU.ActiveCfg = Debug|Any CPU
		{97CA2119-5977-4DE5-9C91-A64D97CB9035}.Debug|Any CPU.Build.0 = Debug|Any CPU
		{97CA2119-5977-4DE5-9C91-A64D97CB9035}.Debug|ARM.ActiveCfg = Debug|Any CPU
		{97CA2119-5977-4DE5-9C91-A64D97CB9035}.Debug|ARM.Build.0 = Debug|Any CPU
		{97CA2119-5977-4DE5-9C91-A64D97CB9035}.Debug|x64.ActiveCfg = Debug|Any CPU
		{97CA2119-5977-4DE5-9C91-A64D97CB9035}.Debug|x64.Build.0 = Debug|Any CPU
		{97CA2119-5977-4DE5-9C91-A64D97CB9035}.Debug|x86.ActiveCfg = Debug|Any CPU
		{97CA2119-5977-4DE5-9C91-A64D97CB9035}.Debug|x86.Build.0 = Debug|Any CPU
		{97CA2119-5977-4DE5-9C91-A64D97CB9035}.DVD-5|Any CPU.ActiveCfg = Debug|Any CPU
		{97CA2119-5977-4DE5-9C91-A64D97CB9035}.DVD-5|Any CPU.Build.0 = Debug|Any CPU
		{97CA2119-5977-4DE5-9C91-A64D97CB9035}.DVD-5|ARM.ActiveCfg = Debug|Any CPU
		{97CA2119-5977-4DE5-9C91-A64D97CB9035}.DVD-5|ARM.Build.0 = Debug|Any CPU
		{97CA2119-5977-4DE5-9C91-A64D97CB9035}.DVD-5|x64.ActiveCfg = Debug|Any CPU
		{97CA2119-5977-4DE5-9C91-A64D97CB9035}.DVD-5|x64.Build.0 = Debug|Any CPU
		{97CA2119-5977-4DE5-9C91-A64D97CB9035}.DVD-5|x86.ActiveCfg = Debug|Any CPU
		{97CA2119-5977-4DE5-9C91-A64D97CB9035}.DVD-5|x86.Build.0 = Debug|Any CPU
		{97CA2119-5977-4DE5-9C91-A64D97CB9035}.Release|Any CPU.ActiveCfg = Release|Any CPU
		{97CA2119-5977-4DE5-9C91-A64D97CB9035}.Release|Any CPU.Build.0 = Release|Any CPU
		{97CA2119-5977-4DE5-9C91-A64D97CB9035}.Release|ARM.ActiveCfg = Release|Any CPU
		{97CA2119-5977-4DE5-9C91-A64D97CB9035}.Release|ARM.Build.0 = Release|Any CPU
		{97CA2119-5977-4DE5-9C91-A64D97CB9035}.Release|x64.ActiveCfg = Release|Any CPU
		{97CA2119-5977-4DE5-9C91-A64D97CB9035}.Release|x64.Build.0 = Release|Any CPU
		{97CA2119-5977-4DE5-9C91-A64D97CB9035}.Release|x86.ActiveCfg = Release|Any CPU
		{97CA2119-5977-4DE5-9C91-A64D97CB9035}.Release|x86.Build.0 = Release|Any CPU
		{97CA2119-5977-4DE5-9C91-A64D97CB9035}.SingleImage|Any CPU.ActiveCfg = Release|Any CPU
		{97CA2119-5977-4DE5-9C91-A64D97CB9035}.SingleImage|Any CPU.Build.0 = Release|Any CPU
		{97CA2119-5977-4DE5-9C91-A64D97CB9035}.SingleImage|ARM.ActiveCfg = Debug|Any CPU
		{97CA2119-5977-4DE5-9C91-A64D97CB9035}.SingleImage|ARM.Build.0 = Debug|Any CPU
		{97CA2119-5977-4DE5-9C91-A64D97CB9035}.SingleImage|x64.ActiveCfg = Debug|Any CPU
		{97CA2119-5977-4DE5-9C91-A64D97CB9035}.SingleImage|x64.Build.0 = Debug|Any CPU
		{97CA2119-5977-4DE5-9C91-A64D97CB9035}.SingleImage|x86.ActiveCfg = Release|Any CPU
		{97CA2119-5977-4DE5-9C91-A64D97CB9035}.SingleImage|x86.Build.0 = Release|Any CPU
		{B5DC518F-F074-4634-8321-AE8CC1D337F4}.CD_ROM|Any CPU.ActiveCfg = Release|Any CPU
		{B5DC518F-F074-4634-8321-AE8CC1D337F4}.CD_ROM|Any CPU.Build.0 = Release|Any CPU
		{B5DC518F-F074-4634-8321-AE8CC1D337F4}.CD_ROM|ARM.ActiveCfg = Debug|Any CPU
		{B5DC518F-F074-4634-8321-AE8CC1D337F4}.CD_ROM|ARM.Build.0 = Debug|Any CPU
		{B5DC518F-F074-4634-8321-AE8CC1D337F4}.CD_ROM|x64.ActiveCfg = Debug|Any CPU
		{B5DC518F-F074-4634-8321-AE8CC1D337F4}.CD_ROM|x64.Build.0 = Debug|Any CPU
		{B5DC518F-F074-4634-8321-AE8CC1D337F4}.CD_ROM|x86.ActiveCfg = Release|Any CPU
		{B5DC518F-F074-4634-8321-AE8CC1D337F4}.CD_ROM|x86.Build.0 = Release|Any CPU
		{B5DC518F-F074-4634-8321-AE8CC1D337F4}.Debug|Any CPU.ActiveCfg = Debug|Any CPU
		{B5DC518F-F074-4634-8321-AE8CC1D337F4}.Debug|Any CPU.Build.0 = Debug|Any CPU
		{B5DC518F-F074-4634-8321-AE8CC1D337F4}.Debug|ARM.ActiveCfg = Debug|Any CPU
		{B5DC518F-F074-4634-8321-AE8CC1D337F4}.Debug|ARM.Build.0 = Debug|Any CPU
		{B5DC518F-F074-4634-8321-AE8CC1D337F4}.Debug|x64.ActiveCfg = Debug|Any CPU
		{B5DC518F-F074-4634-8321-AE8CC1D337F4}.Debug|x64.Build.0 = Debug|Any CPU
		{B5DC518F-F074-4634-8321-AE8CC1D337F4}.Debug|x86.ActiveCfg = Debug|Any CPU
		{B5DC518F-F074-4634-8321-AE8CC1D337F4}.Debug|x86.Build.0 = Debug|Any CPU
		{B5DC518F-F074-4634-8321-AE8CC1D337F4}.DVD-5|Any CPU.ActiveCfg = Debug|Any CPU
		{B5DC518F-F074-4634-8321-AE8CC1D337F4}.DVD-5|Any CPU.Build.0 = Debug|Any CPU
		{B5DC518F-F074-4634-8321-AE8CC1D337F4}.DVD-5|ARM.ActiveCfg = Debug|Any CPU
		{B5DC518F-F074-4634-8321-AE8CC1D337F4}.DVD-5|ARM.Build.0 = Debug|Any CPU
		{B5DC518F-F074-4634-8321-AE8CC1D337F4}.DVD-5|x64.ActiveCfg = Debug|Any CPU
		{B5DC518F-F074-4634-8321-AE8CC1D337F4}.DVD-5|x64.Build.0 = Debug|Any CPU
		{B5DC518F-F074-4634-8321-AE8CC1D337F4}.DVD-5|x86.ActiveCfg = Debug|Any CPU
		{B5DC518F-F074-4634-8321-AE8CC1D337F4}.DVD-5|x86.Build.0 = Debug|Any CPU
		{B5DC518F-F074-4634-8321-AE8CC1D337F4}.Release|Any CPU.ActiveCfg = Release|Any CPU
		{B5DC518F-F074-4634-8321-AE8CC1D337F4}.Release|Any CPU.Build.0 = Release|Any CPU
		{B5DC518F-F074-4634-8321-AE8CC1D337F4}.Release|ARM.ActiveCfg = Release|Any CPU
		{B5DC518F-F074-4634-8321-AE8CC1D337F4}.Release|ARM.Build.0 = Release|Any CPU
		{B5DC518F-F074-4634-8321-AE8CC1D337F4}.Release|x64.ActiveCfg = Release|Any CPU
		{B5DC518F-F074-4634-8321-AE8CC1D337F4}.Release|x64.Build.0 = Release|Any CPU
		{B5DC518F-F074-4634-8321-AE8CC1D337F4}.Release|x86.ActiveCfg = Release|Any CPU
		{B5DC518F-F074-4634-8321-AE8CC1D337F4}.Release|x86.Build.0 = Release|Any CPU
		{B5DC518F-F074-4634-8321-AE8CC1D337F4}.SingleImage|Any CPU.ActiveCfg = Release|Any CPU
		{B5DC518F-F074-4634-8321-AE8CC1D337F4}.SingleImage|Any CPU.Build.0 = Release|Any CPU
		{B5DC518F-F074-4634-8321-AE8CC1D337F4}.SingleImage|ARM.ActiveCfg = Debug|Any CPU
		{B5DC518F-F074-4634-8321-AE8CC1D337F4}.SingleImage|ARM.Build.0 = Debug|Any CPU
		{B5DC518F-F074-4634-8321-AE8CC1D337F4}.SingleImage|x64.ActiveCfg = Debug|Any CPU
		{B5DC518F-F074-4634-8321-AE8CC1D337F4}.SingleImage|x64.Build.0 = Debug|Any CPU
		{B5DC518F-F074-4634-8321-AE8CC1D337F4}.SingleImage|x86.ActiveCfg = Release|Any CPU
		{B5DC518F-F074-4634-8321-AE8CC1D337F4}.SingleImage|x86.Build.0 = Release|Any CPU
		{3CB12AF2-7655-46F6-9969-990730F73964}.CD_ROM|Any CPU.ActiveCfg = Release|Any CPU
		{3CB12AF2-7655-46F6-9969-990730F73964}.CD_ROM|Any CPU.Build.0 = Release|Any CPU
		{3CB12AF2-7655-46F6-9969-990730F73964}.CD_ROM|ARM.ActiveCfg = Debug|Any CPU
		{3CB12AF2-7655-46F6-9969-990730F73964}.CD_ROM|ARM.Build.0 = Debug|Any CPU
		{3CB12AF2-7655-46F6-9969-990730F73964}.CD_ROM|x64.ActiveCfg = Debug|Any CPU
		{3CB12AF2-7655-46F6-9969-990730F73964}.CD_ROM|x64.Build.0 = Debug|Any CPU
		{3CB12AF2-7655-46F6-9969-990730F73964}.CD_ROM|x86.ActiveCfg = Release|Any CPU
		{3CB12AF2-7655-46F6-9969-990730F73964}.CD_ROM|x86.Build.0 = Release|Any CPU
		{3CB12AF2-7655-46F6-9969-990730F73964}.Debug|Any CPU.ActiveCfg = Debug|Any CPU
		{3CB12AF2-7655-46F6-9969-990730F73964}.Debug|Any CPU.Build.0 = Debug|Any CPU
		{3CB12AF2-7655-46F6-9969-990730F73964}.Debug|ARM.ActiveCfg = Debug|Any CPU
		{3CB12AF2-7655-46F6-9969-990730F73964}.Debug|ARM.Build.0 = Debug|Any CPU
		{3CB12AF2-7655-46F6-9969-990730F73964}.Debug|x64.ActiveCfg = Debug|Any CPU
		{3CB12AF2-7655-46F6-9969-990730F73964}.Debug|x64.Build.0 = Debug|Any CPU
		{3CB12AF2-7655-46F6-9969-990730F73964}.Debug|x86.ActiveCfg = Debug|Any CPU
		{3CB12AF2-7655-46F6-9969-990730F73964}.Debug|x86.Build.0 = Debug|Any CPU
		{3CB12AF2-7655-46F6-9969-990730F73964}.DVD-5|Any CPU.ActiveCfg = Debug|Any CPU
		{3CB12AF2-7655-46F6-9969-990730F73964}.DVD-5|Any CPU.Build.0 = Debug|Any CPU
		{3CB12AF2-7655-46F6-9969-990730F73964}.DVD-5|ARM.ActiveCfg = Debug|Any CPU
		{3CB12AF2-7655-46F6-9969-990730F73964}.DVD-5|ARM.Build.0 = Debug|Any CPU
		{3CB12AF2-7655-46F6-9969-990730F73964}.DVD-5|x64.ActiveCfg = Debug|Any CPU
		{3CB12AF2-7655-46F6-9969-990730F73964}.DVD-5|x64.Build.0 = Debug|Any CPU
		{3CB12AF2-7655-46F6-9969-990730F73964}.DVD-5|x86.ActiveCfg = Debug|Any CPU
		{3CB12AF2-7655-46F6-9969-990730F73964}.DVD-5|x86.Build.0 = Debug|Any CPU
		{3CB12AF2-7655-46F6-9969-990730F73964}.Release|Any CPU.ActiveCfg = Release|Any CPU
		{3CB12AF2-7655-46F6-9969-990730F73964}.Release|Any CPU.Build.0 = Release|Any CPU
		{3CB12AF2-7655-46F6-9969-990730F73964}.Release|ARM.ActiveCfg = Release|Any CPU
		{3CB12AF2-7655-46F6-9969-990730F73964}.Release|ARM.Build.0 = Release|Any CPU
		{3CB12AF2-7655-46F6-9969-990730F73964}.Release|x64.ActiveCfg = Release|Any CPU
		{3CB12AF2-7655-46F6-9969-990730F73964}.Release|x64.Build.0 = Release|Any CPU
		{3CB12AF2-7655-46F6-9969-990730F73964}.Release|x86.ActiveCfg = Release|Any CPU
		{3CB12AF2-7655-46F6-9969-990730F73964}.Release|x86.Build.0 = Release|Any CPU
		{3CB12AF2-7655-46F6-9969-990730F73964}.SingleImage|Any CPU.ActiveCfg = Release|Any CPU
		{3CB12AF2-7655-46F6-9969-990730F73964}.SingleImage|Any CPU.Build.0 = Release|Any CPU
		{3CB12AF2-7655-46F6-9969-990730F73964}.SingleImage|ARM.ActiveCfg = Debug|Any CPU
		{3CB12AF2-7655-46F6-9969-990730F73964}.SingleImage|ARM.Build.0 = Debug|Any CPU
		{3CB12AF2-7655-46F6-9969-990730F73964}.SingleImage|x64.ActiveCfg = Debug|Any CPU
		{3CB12AF2-7655-46F6-9969-990730F73964}.SingleImage|x64.Build.0 = Debug|Any CPU
		{3CB12AF2-7655-46F6-9969-990730F73964}.SingleImage|x86.ActiveCfg = Release|Any CPU
		{3CB12AF2-7655-46F6-9969-990730F73964}.SingleImage|x86.Build.0 = Release|Any CPU
		{9EE958DD-C9A6-4239-9586-88C2CB0F22A8}.CD_ROM|Any CPU.ActiveCfg = Release|Any CPU
		{9EE958DD-C9A6-4239-9586-88C2CB0F22A8}.CD_ROM|Any CPU.Build.0 = Release|Any CPU
		{9EE958DD-C9A6-4239-9586-88C2CB0F22A8}.CD_ROM|ARM.ActiveCfg = Debug|Any CPU
		{9EE958DD-C9A6-4239-9586-88C2CB0F22A8}.CD_ROM|ARM.Build.0 = Debug|Any CPU
		{9EE958DD-C9A6-4239-9586-88C2CB0F22A8}.CD_ROM|x64.ActiveCfg = Debug|Any CPU
		{9EE958DD-C9A6-4239-9586-88C2CB0F22A8}.CD_ROM|x64.Build.0 = Debug|Any CPU
		{9EE958DD-C9A6-4239-9586-88C2CB0F22A8}.CD_ROM|x86.ActiveCfg = Release|Any CPU
		{9EE958DD-C9A6-4239-9586-88C2CB0F22A8}.CD_ROM|x86.Build.0 = Release|Any CPU
		{9EE958DD-C9A6-4239-9586-88C2CB0F22A8}.Debug|Any CPU.ActiveCfg = Debug|Any CPU
		{9EE958DD-C9A6-4239-9586-88C2CB0F22A8}.Debug|Any CPU.Build.0 = Debug|Any CPU
		{9EE958DD-C9A6-4239-9586-88C2CB0F22A8}.Debug|ARM.ActiveCfg = Debug|Any CPU
		{9EE958DD-C9A6-4239-9586-88C2CB0F22A8}.Debug|ARM.Build.0 = Debug|Any CPU
		{9EE958DD-C9A6-4239-9586-88C2CB0F22A8}.Debug|x64.ActiveCfg = Debug|Any CPU
		{9EE958DD-C9A6-4239-9586-88C2CB0F22A8}.Debug|x64.Build.0 = Debug|Any CPU
		{9EE958DD-C9A6-4239-9586-88C2CB0F22A8}.Debug|x86.ActiveCfg = Debug|Any CPU
		{9EE958DD-C9A6-4239-9586-88C2CB0F22A8}.Debug|x86.Build.0 = Debug|Any CPU
		{9EE958DD-C9A6-4239-9586-88C2CB0F22A8}.DVD-5|Any CPU.ActiveCfg = Debug|Any CPU
		{9EE958DD-C9A6-4239-9586-88C2CB0F22A8}.DVD-5|Any CPU.Build.0 = Debug|Any CPU
		{9EE958DD-C9A6-4239-9586-88C2CB0F22A8}.DVD-5|ARM.ActiveCfg = Debug|Any CPU
		{9EE958DD-C9A6-4239-9586-88C2CB0F22A8}.DVD-5|ARM.Build.0 = Debug|Any CPU
		{9EE958DD-C9A6-4239-9586-88C2CB0F22A8}.DVD-5|x64.ActiveCfg = Debug|Any CPU
		{9EE958DD-C9A6-4239-9586-88C2CB0F22A8}.DVD-5|x64.Build.0 = Debug|Any CPU
		{9EE958DD-C9A6-4239-9586-88C2CB0F22A8}.DVD-5|x86.ActiveCfg = Debug|Any CPU
		{9EE958DD-C9A6-4239-9586-88C2CB0F22A8}.DVD-5|x86.Build.0 = Debug|Any CPU
		{9EE958DD-C9A6-4239-9586-88C2CB0F22A8}.Release|Any CPU.ActiveCfg = Release|Any CPU
		{9EE958DD-C9A6-4239-9586-88C2CB0F22A8}.Release|Any CPU.Build.0 = Release|Any CPU
		{9EE958DD-C9A6-4239-9586-88C2CB0F22A8}.Release|ARM.ActiveCfg = Release|Any CPU
		{9EE958DD-C9A6-4239-9586-88C2CB0F22A8}.Release|ARM.Build.0 = Release|Any CPU
		{9EE958DD-C9A6-4239-9586-88C2CB0F22A8}.Release|x64.ActiveCfg = Release|Any CPU
		{9EE958DD-C9A6-4239-9586-88C2CB0F22A8}.Release|x64.Build.0 = Release|Any CPU
		{9EE958DD-C9A6-4239-9586-88C2CB0F22A8}.Release|x86.ActiveCfg = Release|Any CPU
		{9EE958DD-C9A6-4239-9586-88C2CB0F22A8}.Release|x86.Build.0 = Release|Any CPU
		{9EE958DD-C9A6-4239-9586-88C2CB0F22A8}.SingleImage|Any CPU.ActiveCfg = Release|Any CPU
		{9EE958DD-C9A6-4239-9586-88C2CB0F22A8}.SingleImage|Any CPU.Build.0 = Release|Any CPU
		{9EE958DD-C9A6-4239-9586-88C2CB0F22A8}.SingleImage|ARM.ActiveCfg = Debug|Any CPU
		{9EE958DD-C9A6-4239-9586-88C2CB0F22A8}.SingleImage|ARM.Build.0 = Debug|Any CPU
		{9EE958DD-C9A6-4239-9586-88C2CB0F22A8}.SingleImage|x64.ActiveCfg = Debug|Any CPU
		{9EE958DD-C9A6-4239-9586-88C2CB0F22A8}.SingleImage|x64.Build.0 = Debug|Any CPU
		{9EE958DD-C9A6-4239-9586-88C2CB0F22A8}.SingleImage|x86.ActiveCfg = Release|Any CPU
		{9EE958DD-C9A6-4239-9586-88C2CB0F22A8}.SingleImage|x86.Build.0 = Release|Any CPU
		{C95B4D0D-9958-4DE7-A5E6-5B8A0014770B}.CD_ROM|Any CPU.ActiveCfg = Release|Any CPU
		{C95B4D0D-9958-4DE7-A5E6-5B8A0014770B}.CD_ROM|Any CPU.Build.0 = Release|Any CPU
		{C95B4D0D-9958-4DE7-A5E6-5B8A0014770B}.CD_ROM|ARM.ActiveCfg = Debug|Any CPU
		{C95B4D0D-9958-4DE7-A5E6-5B8A0014770B}.CD_ROM|ARM.Build.0 = Debug|Any CPU
		{C95B4D0D-9958-4DE7-A5E6-5B8A0014770B}.CD_ROM|x64.ActiveCfg = Debug|Any CPU
		{C95B4D0D-9958-4DE7-A5E6-5B8A0014770B}.CD_ROM|x64.Build.0 = Debug|Any CPU
		{C95B4D0D-9958-4DE7-A5E6-5B8A0014770B}.CD_ROM|x86.ActiveCfg = Release|Any CPU
		{C95B4D0D-9958-4DE7-A5E6-5B8A0014770B}.CD_ROM|x86.Build.0 = Release|Any CPU
		{C95B4D0D-9958-4DE7-A5E6-5B8A0014770B}.Debug|Any CPU.ActiveCfg = Debug|Any CPU
		{C95B4D0D-9958-4DE7-A5E6-5B8A0014770B}.Debug|Any CPU.Build.0 = Debug|Any CPU
		{C95B4D0D-9958-4DE7-A5E6-5B8A0014770B}.Debug|ARM.ActiveCfg = Debug|Any CPU
		{C95B4D0D-9958-4DE7-A5E6-5B8A0014770B}.Debug|ARM.Build.0 = Debug|Any CPU
		{C95B4D0D-9958-4DE7-A5E6-5B8A0014770B}.Debug|x64.ActiveCfg = Debug|Any CPU
		{C95B4D0D-9958-4DE7-A5E6-5B8A0014770B}.Debug|x64.Build.0 = Debug|Any CPU
		{C95B4D0D-9958-4DE7-A5E6-5B8A0014770B}.Debug|x86.ActiveCfg = Debug|Any CPU
		{C95B4D0D-9958-4DE7-A5E6-5B8A0014770B}.Debug|x86.Build.0 = Debug|Any CPU
		{C95B4D0D-9958-4DE7-A5E6-5B8A0014770B}.DVD-5|Any CPU.ActiveCfg = Debug|Any CPU
		{C95B4D0D-9958-4DE7-A5E6-5B8A0014770B}.DVD-5|Any CPU.Build.0 = Debug|Any CPU
		{C95B4D0D-9958-4DE7-A5E6-5B8A0014770B}.DVD-5|ARM.ActiveCfg = Debug|Any CPU
		{C95B4D0D-9958-4DE7-A5E6-5B8A0014770B}.DVD-5|ARM.Build.0 = Debug|Any CPU
		{C95B4D0D-9958-4DE7-A5E6-5B8A0014770B}.DVD-5|x64.ActiveCfg = Debug|Any CPU
		{C95B4D0D-9958-4DE7-A5E6-5B8A0014770B}.DVD-5|x64.Build.0 = Debug|Any CPU
		{C95B4D0D-9958-4DE7-A5E6-5B8A0014770B}.DVD-5|x86.ActiveCfg = Debug|Any CPU
		{C95B4D0D-9958-4DE7-A5E6-5B8A0014770B}.DVD-5|x86.Build.0 = Debug|Any CPU
		{C95B4D0D-9958-4DE7-A5E6-5B8A0014770B}.Release|Any CPU.ActiveCfg = Release|Any CPU
		{C95B4D0D-9958-4DE7-A5E6-5B8A0014770B}.Release|Any CPU.Build.0 = Release|Any CPU
		{C95B4D0D-9958-4DE7-A5E6-5B8A0014770B}.Release|ARM.ActiveCfg = Release|Any CPU
		{C95B4D0D-9958-4DE7-A5E6-5B8A0014770B}.Release|ARM.Build.0 = Release|Any CPU
		{C95B4D0D-9958-4DE7-A5E6-5B8A0014770B}.Release|x64.ActiveCfg = Release|Any CPU
		{C95B4D0D-9958-4DE7-A5E6-5B8A0014770B}.Release|x64.Build.0 = Release|Any CPU
		{C95B4D0D-9958-4DE7-A5E6-5B8A0014770B}.Release|x86.ActiveCfg = Release|Any CPU
		{C95B4D0D-9958-4DE7-A5E6-5B8A0014770B}.Release|x86.Build.0 = Release|Any CPU
		{C95B4D0D-9958-4DE7-A5E6-5B8A0014770B}.SingleImage|Any CPU.ActiveCfg = Release|Any CPU
		{C95B4D0D-9958-4DE7-A5E6-5B8A0014770B}.SingleImage|Any CPU.Build.0 = Release|Any CPU
		{C95B4D0D-9958-4DE7-A5E6-5B8A0014770B}.SingleImage|ARM.ActiveCfg = Debug|Any CPU
		{C95B4D0D-9958-4DE7-A5E6-5B8A0014770B}.SingleImage|ARM.Build.0 = Debug|Any CPU
		{C95B4D0D-9958-4DE7-A5E6-5B8A0014770B}.SingleImage|x64.ActiveCfg = Debug|Any CPU
		{C95B4D0D-9958-4DE7-A5E6-5B8A0014770B}.SingleImage|x64.Build.0 = Debug|Any CPU
		{C95B4D0D-9958-4DE7-A5E6-5B8A0014770B}.SingleImage|x86.ActiveCfg = Release|Any CPU
		{C95B4D0D-9958-4DE7-A5E6-5B8A0014770B}.SingleImage|x86.Build.0 = Release|Any CPU
		{96322255-AA50-47C9-B83B-1EFF8FA67A17}.CD_ROM|Any CPU.ActiveCfg = Release|Any CPU
		{96322255-AA50-47C9-B83B-1EFF8FA67A17}.CD_ROM|Any CPU.Build.0 = Release|Any CPU
		{96322255-AA50-47C9-B83B-1EFF8FA67A17}.CD_ROM|ARM.ActiveCfg = Debug|Any CPU
		{96322255-AA50-47C9-B83B-1EFF8FA67A17}.CD_ROM|ARM.Build.0 = Debug|Any CPU
		{96322255-AA50-47C9-B83B-1EFF8FA67A17}.CD_ROM|x64.ActiveCfg = Debug|Any CPU
		{96322255-AA50-47C9-B83B-1EFF8FA67A17}.CD_ROM|x64.Build.0 = Debug|Any CPU
		{96322255-AA50-47C9-B83B-1EFF8FA67A17}.CD_ROM|x86.ActiveCfg = Release|Any CPU
		{96322255-AA50-47C9-B83B-1EFF8FA67A17}.CD_ROM|x86.Build.0 = Release|Any CPU
		{96322255-AA50-47C9-B83B-1EFF8FA67A17}.Debug|Any CPU.ActiveCfg = Debug|Any CPU
		{96322255-AA50-47C9-B83B-1EFF8FA67A17}.Debug|Any CPU.Build.0 = Debug|Any CPU
		{96322255-AA50-47C9-B83B-1EFF8FA67A17}.Debug|ARM.ActiveCfg = Debug|Any CPU
		{96322255-AA50-47C9-B83B-1EFF8FA67A17}.Debug|ARM.Build.0 = Debug|Any CPU
		{96322255-AA50-47C9-B83B-1EFF8FA67A17}.Debug|x64.ActiveCfg = Debug|Any CPU
		{96322255-AA50-47C9-B83B-1EFF8FA67A17}.Debug|x64.Build.0 = Debug|Any CPU
		{96322255-AA50-47C9-B83B-1EFF8FA67A17}.Debug|x86.ActiveCfg = Debug|Any CPU
		{96322255-AA50-47C9-B83B-1EFF8FA67A17}.Debug|x86.Build.0 = Debug|Any CPU
		{96322255-AA50-47C9-B83B-1EFF8FA67A17}.DVD-5|Any CPU.ActiveCfg = Debug|Any CPU
		{96322255-AA50-47C9-B83B-1EFF8FA67A17}.DVD-5|Any CPU.Build.0 = Debug|Any CPU
		{96322255-AA50-47C9-B83B-1EFF8FA67A17}.DVD-5|ARM.ActiveCfg = Debug|Any CPU
		{96322255-AA50-47C9-B83B-1EFF8FA67A17}.DVD-5|ARM.Build.0 = Debug|Any CPU
		{96322255-AA50-47C9-B83B-1EFF8FA67A17}.DVD-5|x64.ActiveCfg = Debug|Any CPU
		{96322255-AA50-47C9-B83B-1EFF8FA67A17}.DVD-5|x64.Build.0 = Debug|Any CPU
		{96322255-AA50-47C9-B83B-1EFF8FA67A17}.DVD-5|x86.ActiveCfg = Debug|Any CPU
		{96322255-AA50-47C9-B83B-1EFF8FA67A17}.DVD-5|x86.Build.0 = Debug|Any CPU
		{96322255-AA50-47C9-B83B-1EFF8FA67A17}.Release|Any CPU.ActiveCfg = Release|Any CPU
		{96322255-AA50-47C9-B83B-1EFF8FA67A17}.Release|Any CPU.Build.0 = Release|Any CPU
		{96322255-AA50-47C9-B83B-1EFF8FA67A17}.Release|ARM.ActiveCfg = Release|Any CPU
		{96322255-AA50-47C9-B83B-1EFF8FA67A17}.Release|ARM.Build.0 = Release|Any CPU
		{96322255-AA50-47C9-B83B-1EFF8FA67A17}.Release|x64.ActiveCfg = Release|Any CPU
		{96322255-AA50-47C9-B83B-1EFF8FA67A17}.Release|x64.Build.0 = Release|Any CPU
		{96322255-AA50-47C9-B83B-1EFF8FA67A17}.Release|x86.ActiveCfg = Release|Any CPU
		{96322255-AA50-47C9-B83B-1EFF8FA67A17}.Release|x86.Build.0 = Release|Any CPU
		{96322255-AA50-47C9-B83B-1EFF8FA67A17}.SingleImage|Any CPU.ActiveCfg = Release|Any CPU
		{96322255-AA50-47C9-B83B-1EFF8FA67A17}.SingleImage|Any CPU.Build.0 = Release|Any CPU
		{96322255-AA50-47C9-B83B-1EFF8FA67A17}.SingleImage|ARM.ActiveCfg = Debug|Any CPU
		{96322255-AA50-47C9-B83B-1EFF8FA67A17}.SingleImage|ARM.Build.0 = Debug|Any CPU
		{96322255-AA50-47C9-B83B-1EFF8FA67A17}.SingleImage|x64.ActiveCfg = Debug|Any CPU
		{96322255-AA50-47C9-B83B-1EFF8FA67A17}.SingleImage|x64.Build.0 = Debug|Any CPU
		{96322255-AA50-47C9-B83B-1EFF8FA67A17}.SingleImage|x86.ActiveCfg = Release|Any CPU
		{96322255-AA50-47C9-B83B-1EFF8FA67A17}.SingleImage|x86.Build.0 = Release|Any CPU
	EndGlobalSection
	GlobalSection(SolutionProperties) = preSolution
		HideSolutionNode = FALSE
	EndGlobalSection
	GlobalSection(NestedProjects) = preSolution
		{B68B64DA-0945-4963-A12F-3D2017AE442E} = {C59705EF-9138-4B22-85D7-C53F8A0349B6}
		{8B2310C0-F9CE-48B3-A194-4150EE59F8B3} = {2D971E59-2668-4923-93FF-4603E81EDF25}
		{CDD47213-A6B9-4775-970E-94DA0EB82A1C} = {2D971E59-2668-4923-93FF-4603E81EDF25}
		{3AC95208-1C93-4C6E-9930-9269AB37CAFC} = {C59705EF-9138-4B22-85D7-C53F8A0349B6}
		{EAF7B543-C296-4A5D-B788-CF0103F0E071} = {85C6C535-605F-49CA-8110-D82694C7C365}
		{DAA088AD-0B58-4C46-BB93-4F99DC34787A} = {85C6C535-605F-49CA-8110-D82694C7C365}
		{D9844A6F-9496-47FD-80D7-835C1523DE14} = {8B7B62AB-1972-4F4F-BDBE-A4BFD766D7A7}
		{94E82EF7-EEC2-48AF-9BFD-89EB27D48F6B} = {8B7B62AB-1972-4F4F-BDBE-A4BFD766D7A7}
		{9927DAFE-39BD-4E0C-B04F-0FA8660458DA} = {8B7B62AB-1972-4F4F-BDBE-A4BFD766D7A7}
		{A1F90F14-BC01-4EF8-9B3E-A7FE4B1B7F9F} = {C43E8698-A496-410B-853A-36389E42A025}
		{84A25D9A-4747-4B69-9C79-5C23210530D2} = {BCD47783-6762-4B9D-965C-8E0C677E76C3}
		{82737D92-92C4-4B74-B9A8-94FBFBA1251E} = {8B7B62AB-1972-4F4F-BDBE-A4BFD766D7A7}
		{E84127D7-D75E-4D5F-801E-1732D27FA05D} = {85C6C535-605F-49CA-8110-D82694C7C365}
		{1CA213E0-D9D8-4823-8EEC-9BDC51F71F22} = {85C6C535-605F-49CA-8110-D82694C7C365}
		{B774C858-867E-4171-9EB3-22073E5FBC21} = {9350B422-7BC9-490D-8CDB-ED2473917269}
		{8B0E0633-3BE9-470C-8C3C-EA2960650194} = {9350B422-7BC9-490D-8CDB-ED2473917269}
		{6F0A1AEF-997E-4355-BB38-A4ACF6710EDF} = {BCD47783-6762-4B9D-965C-8E0C677E76C3}
		{97CA2119-5977-4DE5-9C91-A64D97CB9035} = {BCD47783-6762-4B9D-965C-8E0C677E76C3}
		{B5DC518F-F074-4634-8321-AE8CC1D337F4} = {18A17A42-AECF-4D5D-AA23-B7F2BE9297DC}
		{3CB12AF2-7655-46F6-9969-990730F73964} = {BCD47783-6762-4B9D-965C-8E0C677E76C3}
		{9EE958DD-C9A6-4239-9586-88C2CB0F22A8} = {C43E8698-A496-410B-853A-36389E42A025}
		{C95B4D0D-9958-4DE7-A5E6-5B8A0014770B} = {8B7B62AB-1972-4F4F-BDBE-A4BFD766D7A7}
		{96322255-AA50-47C9-B83B-1EFF8FA67A17} = {8B7B62AB-1972-4F4F-BDBE-A4BFD766D7A7}
	EndGlobalSection
EndGlobal
